
Microsoft Visual Studio Solution File, Format Version 12.00
# Visual Studio Version 16
VisualStudioVersion = 16.0.31220.234
MinimumVisualStudioVersion = 10.0.40219.1
Project("{F184B08F-C81C-45F6-A57F-5ABD9991F28F}") = "Massbank", "Massbank.vbproj", "{A686BDF5-077F-47F5-A8DD-C73E6E88363C}"
EndProject
Project("{F184B08F-C81C-45F6-A57F-5ABD9991F28F}") = "Chemoinformatics", "..\Chemoinformatics\Chemoinformatics.vbproj", "{C3FAF972-2D6D-4FCB-8E1F-A66FE130D485}"
EndProject
Global
	GlobalSection(SolutionConfigurationPlatforms) = preSolution
		BioDeep_database|Any CPU = BioDeep_database|Any CPU
		BioDeep_database|x64 = BioDeep_database|x64
		BioDeep_database|x86 = BioDeep_database|x86
		Biodeep_UNIX_x64|Any CPU = Biodeep_UNIX_x64|Any CPU
		Biodeep_UNIX_x64|x64 = Biodeep_UNIX_x64|x64
		Biodeep_UNIX_x64|x86 = Biodeep_UNIX_x64|x86
		Biodeep|Any CPU = Biodeep|Any CPU
		Biodeep|x64 = Biodeep|x64
		Biodeep|x86 = Biodeep|x86
		Biostack|Any CPU = Biostack|Any CPU
		Biostack|x64 = Biostack|x64
		Biostack|x86 = Biostack|x86
		Debug|Any CPU = Debug|Any CPU
		Debug|x64 = Debug|x64
		Debug|x86 = Debug|x86
		LipidSearch|Any CPU = LipidSearch|Any CPU
		LipidSearch|x64 = LipidSearch|x64
		LipidSearch|x86 = LipidSearch|x86
		MetaCardio|Any CPU = MetaCardio|Any CPU
		MetaCardio|x64 = MetaCardio|x64
		MetaCardio|x86 = MetaCardio|x86
		mzkit_UnixDocker|Any CPU = mzkit_UnixDocker|Any CPU
		mzkit_UnixDocker|x64 = mzkit_UnixDocker|x64
		mzkit_UnixDocker|x86 = mzkit_UnixDocker|x86
		mzkit|Any CPU = mzkit|Any CPU
		mzkit|x64 = mzkit|x64
		mzkit|x86 = mzkit|x86
		Publish|Any CPU = Publish|Any CPU
		Publish|x64 = Publish|x64
		Publish|x86 = Publish|x86
		Release|Any CPU = Release|Any CPU
		Release|x64 = Release|x64
		Release|x86 = Release|x86
		Rsharp_app_release|Any CPU = Rsharp_app_release|Any CPU
		Rsharp_app_release|x64 = Rsharp_app_release|x64
		Rsharp_app_release|x86 = Rsharp_app_release|x86
	EndGlobalSection
	GlobalSection(ProjectConfigurationPlatforms) = postSolution
		{A686BDF5-077F-47F5-A8DD-C73E6E88363C}.BioDeep_database|Any CPU.ActiveCfg = BioDeep_database|Any CPU
		{A686BDF5-077F-47F5-A8DD-C73E6E88363C}.BioDeep_database|Any CPU.Build.0 = BioDeep_database|Any CPU
		{A686BDF5-077F-47F5-A8DD-C73E6E88363C}.BioDeep_database|x64.ActiveCfg = BioDeep_database|x64
		{A686BDF5-077F-47F5-A8DD-C73E6E88363C}.BioDeep_database|x64.Build.0 = BioDeep_database|x64
		{A686BDF5-077F-47F5-A8DD-C73E6E88363C}.BioDeep_database|x86.ActiveCfg = BioDeep_database|x86
		{A686BDF5-077F-47F5-A8DD-C73E6E88363C}.BioDeep_database|x86.Build.0 = BioDeep_database|x86
		{A686BDF5-077F-47F5-A8DD-C73E6E88363C}.Biodeep_UNIX_x64|Any CPU.ActiveCfg = Biodeep_UNIX_x64|Any CPU
		{A686BDF5-077F-47F5-A8DD-C73E6E88363C}.Biodeep_UNIX_x64|Any CPU.Build.0 = Biodeep_UNIX_x64|Any CPU
		{A686BDF5-077F-47F5-A8DD-C73E6E88363C}.Biodeep_UNIX_x64|x64.ActiveCfg = Biodeep_UNIX_x64|x64
		{A686BDF5-077F-47F5-A8DD-C73E6E88363C}.Biodeep_UNIX_x64|x64.Build.0 = Biodeep_UNIX_x64|x64
		{A686BDF5-077F-47F5-A8DD-C73E6E88363C}.Biodeep_UNIX_x64|x86.ActiveCfg = Biodeep_UNIX_x64|x86
		{A686BDF5-077F-47F5-A8DD-C73E6E88363C}.Biodeep_UNIX_x64|x86.Build.0 = Biodeep_UNIX_x64|x86
		{A686BDF5-077F-47F5-A8DD-C73E6E88363C}.Biodeep|Any CPU.ActiveCfg = Biodeep|Any CPU
		{A686BDF5-077F-47F5-A8DD-C73E6E88363C}.Biodeep|Any CPU.Build.0 = Biodeep|Any CPU
		{A686BDF5-077F-47F5-A8DD-C73E6E88363C}.Biodeep|x64.ActiveCfg = Biodeep|x64
		{A686BDF5-077F-47F5-A8DD-C73E6E88363C}.Biodeep|x64.Build.0 = Biodeep|x64
		{A686BDF5-077F-47F5-A8DD-C73E6E88363C}.Biodeep|x86.ActiveCfg = Biodeep|x86
		{A686BDF5-077F-47F5-A8DD-C73E6E88363C}.Biodeep|x86.Build.0 = Biodeep|x86
		{A686BDF5-077F-47F5-A8DD-C73E6E88363C}.Biostack|Any CPU.ActiveCfg = Biostack|Any CPU
		{A686BDF5-077F-47F5-A8DD-C73E6E88363C}.Biostack|Any CPU.Build.0 = Biostack|Any CPU
		{A686BDF5-077F-47F5-A8DD-C73E6E88363C}.Biostack|x64.ActiveCfg = Biostack|x64
		{A686BDF5-077F-47F5-A8DD-C73E6E88363C}.Biostack|x64.Build.0 = Biostack|x64
		{A686BDF5-077F-47F5-A8DD-C73E6E88363C}.Biostack|x86.ActiveCfg = Biostack|x86
		{A686BDF5-077F-47F5-A8DD-C73E6E88363C}.Biostack|x86.Build.0 = Biostack|x86
		{A686BDF5-077F-47F5-A8DD-C73E6E88363C}.Debug|Any CPU.ActiveCfg = Debug|Any CPU
		{A686BDF5-077F-47F5-A8DD-C73E6E88363C}.Debug|Any CPU.Build.0 = Debug|Any CPU
		{A686BDF5-077F-47F5-A8DD-C73E6E88363C}.Debug|x64.ActiveCfg = Debug|x64
		{A686BDF5-077F-47F5-A8DD-C73E6E88363C}.Debug|x64.Build.0 = Debug|x64
		{A686BDF5-077F-47F5-A8DD-C73E6E88363C}.Debug|x86.ActiveCfg = Debug|x86
		{A686BDF5-077F-47F5-A8DD-C73E6E88363C}.Debug|x86.Build.0 = Debug|x86
		{A686BDF5-077F-47F5-A8DD-C73E6E88363C}.LipidSearch|Any CPU.ActiveCfg = LipidSearch|Any CPU
		{A686BDF5-077F-47F5-A8DD-C73E6E88363C}.LipidSearch|Any CPU.Build.0 = LipidSearch|Any CPU
		{A686BDF5-077F-47F5-A8DD-C73E6E88363C}.LipidSearch|x64.ActiveCfg = LipidSearch|x64
		{A686BDF5-077F-47F5-A8DD-C73E6E88363C}.LipidSearch|x64.Build.0 = LipidSearch|x64
		{A686BDF5-077F-47F5-A8DD-C73E6E88363C}.LipidSearch|x86.ActiveCfg = LipidSearch|x86
		{A686BDF5-077F-47F5-A8DD-C73E6E88363C}.LipidSearch|x86.Build.0 = LipidSearch|x86
		{A686BDF5-077F-47F5-A8DD-C73E6E88363C}.MetaCardio|Any CPU.ActiveCfg = MetaCardio|Any CPU
		{A686BDF5-077F-47F5-A8DD-C73E6E88363C}.MetaCardio|Any CPU.Build.0 = MetaCardio|Any CPU
		{A686BDF5-077F-47F5-A8DD-C73E6E88363C}.MetaCardio|x64.ActiveCfg = MetaCardio|x64
		{A686BDF5-077F-47F5-A8DD-C73E6E88363C}.MetaCardio|x64.Build.0 = MetaCardio|x64
		{A686BDF5-077F-47F5-A8DD-C73E6E88363C}.MetaCardio|x86.ActiveCfg = MetaCardio|x86
		{A686BDF5-077F-47F5-A8DD-C73E6E88363C}.MetaCardio|x86.Build.0 = MetaCardio|x86
		{A686BDF5-077F-47F5-A8DD-C73E6E88363C}.mzkit_UnixDocker|Any CPU.ActiveCfg = mzkit_UnixDocker|Any CPU
		{A686BDF5-077F-47F5-A8DD-C73E6E88363C}.mzkit_UnixDocker|Any CPU.Build.0 = mzkit_UnixDocker|Any CPU
		{A686BDF5-077F-47F5-A8DD-C73E6E88363C}.mzkit_UnixDocker|x64.ActiveCfg = mzkit_UnixDocker|x64
		{A686BDF5-077F-47F5-A8DD-C73E6E88363C}.mzkit_UnixDocker|x64.Build.0 = mzkit_UnixDocker|x64
		{A686BDF5-077F-47F5-A8DD-C73E6E88363C}.mzkit_UnixDocker|x86.ActiveCfg = mzkit_UnixDocker|x86
		{A686BDF5-077F-47F5-A8DD-C73E6E88363C}.mzkit_UnixDocker|x86.Build.0 = mzkit_UnixDocker|x86
		{A686BDF5-077F-47F5-A8DD-C73E6E88363C}.mzkit|Any CPU.ActiveCfg = mzkit|Any CPU
		{A686BDF5-077F-47F5-A8DD-C73E6E88363C}.mzkit|Any CPU.Build.0 = mzkit|Any CPU
		{A686BDF5-077F-47F5-A8DD-C73E6E88363C}.mzkit|x64.ActiveCfg = mzkit|x64
		{A686BDF5-077F-47F5-A8DD-C73E6E88363C}.mzkit|x64.Build.0 = mzkit|x64
		{A686BDF5-077F-47F5-A8DD-C73E6E88363C}.mzkit|x86.ActiveCfg = mzkit|x86
		{A686BDF5-077F-47F5-A8DD-C73E6E88363C}.mzkit|x86.Build.0 = mzkit|x86
		{A686BDF5-077F-47F5-A8DD-C73E6E88363C}.Publish|Any CPU.ActiveCfg = Publish|Any CPU
		{A686BDF5-077F-47F5-A8DD-C73E6E88363C}.Publish|Any CPU.Build.0 = Publish|Any CPU
		{A686BDF5-077F-47F5-A8DD-C73E6E88363C}.Publish|x64.ActiveCfg = Publish|x64
		{A686BDF5-077F-47F5-A8DD-C73E6E88363C}.Publish|x64.Build.0 = Publish|x64
		{A686BDF5-077F-47F5-A8DD-C73E6E88363C}.Publish|x86.ActiveCfg = Publish|x86
		{A686BDF5-077F-47F5-A8DD-C73E6E88363C}.Publish|x86.Build.0 = Publish|x86
		{A686BDF5-077F-47F5-A8DD-C73E6E88363C}.Release|Any CPU.ActiveCfg = Release|Any CPU
		{A686BDF5-077F-47F5-A8DD-C73E6E88363C}.Release|Any CPU.Build.0 = Release|Any CPU
		{A686BDF5-077F-47F5-A8DD-C73E6E88363C}.Release|x64.ActiveCfg = Release|x64
		{A686BDF5-077F-47F5-A8DD-C73E6E88363C}.Release|x64.Build.0 = Release|x64
		{A686BDF5-077F-47F5-A8DD-C73E6E88363C}.Release|x86.ActiveCfg = Release|x86
		{A686BDF5-077F-47F5-A8DD-C73E6E88363C}.Release|x86.Build.0 = Release|x86
		{A686BDF5-077F-47F5-A8DD-C73E6E88363C}.Rsharp_app_release|Any CPU.ActiveCfg = Rsharp_app_release|Any CPU
		{A686BDF5-077F-47F5-A8DD-C73E6E88363C}.Rsharp_app_release|Any CPU.Build.0 = Rsharp_app_release|Any CPU
		{A686BDF5-077F-47F5-A8DD-C73E6E88363C}.Rsharp_app_release|x64.ActiveCfg = Rsharp_app_release|x64
		{A686BDF5-077F-47F5-A8DD-C73E6E88363C}.Rsharp_app_release|x64.Build.0 = Rsharp_app_release|x64
		{A686BDF5-077F-47F5-A8DD-C73E6E88363C}.Rsharp_app_release|x86.ActiveCfg = Rsharp_app_release|x86
		{A686BDF5-077F-47F5-A8DD-C73E6E88363C}.Rsharp_app_release|x86.Build.0 = Rsharp_app_release|x86
		{C3FAF972-2D6D-4FCB-8E1F-A66FE130D485}.BioDeep_database|Any CPU.ActiveCfg = BioDeep_database|Any CPU
		{C3FAF972-2D6D-4FCB-8E1F-A66FE130D485}.BioDeep_database|Any CPU.Build.0 = BioDeep_database|Any CPU
		{C3FAF972-2D6D-4FCB-8E1F-A66FE130D485}.BioDeep_database|x64.ActiveCfg = BioDeep_database|x64
		{C3FAF972-2D6D-4FCB-8E1F-A66FE130D485}.BioDeep_database|x64.Build.0 = BioDeep_database|x64
		{C3FAF972-2D6D-4FCB-8E1F-A66FE130D485}.BioDeep_database|x86.ActiveCfg = BioDeep_database|x86
		{C3FAF972-2D6D-4FCB-8E1F-A66FE130D485}.BioDeep_database|x86.Build.0 = BioDeep_database|x86
		{C3FAF972-2D6D-4FCB-8E1F-A66FE130D485}.Biodeep_UNIX_x64|Any CPU.ActiveCfg = Biodeep_UNIX_x64|Any CPU
		{C3FAF972-2D6D-4FCB-8E1F-A66FE130D485}.Biodeep_UNIX_x64|Any CPU.Build.0 = Biodeep_UNIX_x64|Any CPU
		{C3FAF972-2D6D-4FCB-8E1F-A66FE130D485}.Biodeep_UNIX_x64|x64.ActiveCfg = Biodeep_UNIX_x64|x64
		{C3FAF972-2D6D-4FCB-8E1F-A66FE130D485}.Biodeep_UNIX_x64|x64.Build.0 = Biodeep_UNIX_x64|x64
		{C3FAF972-2D6D-4FCB-8E1F-A66FE130D485}.Biodeep_UNIX_x64|x86.ActiveCfg = Biodeep_UNIX_x64|x86
		{C3FAF972-2D6D-4FCB-8E1F-A66FE130D485}.Biodeep_UNIX_x64|x86.Build.0 = Biodeep_UNIX_x64|x86
		{C3FAF972-2D6D-4FCB-8E1F-A66FE130D485}.Biodeep|Any CPU.ActiveCfg = Biodeep|Any CPU
		{C3FAF972-2D6D-4FCB-8E1F-A66FE130D485}.Biodeep|Any CPU.Build.0 = Biodeep|Any CPU
		{C3FAF972-2D6D-4FCB-8E1F-A66FE130D485}.Biodeep|x64.ActiveCfg = Biodeep|x64
		{C3FAF972-2D6D-4FCB-8E1F-A66FE130D485}.Biodeep|x64.Build.0 = Biodeep|x64
		{C3FAF972-2D6D-4FCB-8E1F-A66FE130D485}.Biodeep|x86.ActiveCfg = Biodeep|x86
		{C3FAF972-2D6D-4FCB-8E1F-A66FE130D485}.Biodeep|x86.Build.0 = Biodeep|x86
		{C3FAF972-2D6D-4FCB-8E1F-A66FE130D485}.Biostack|Any CPU.ActiveCfg = Biostack|Any CPU
		{C3FAF972-2D6D-4FCB-8E1F-A66FE130D485}.Biostack|Any CPU.Build.0 = Biostack|Any CPU
		{C3FAF972-2D6D-4FCB-8E1F-A66FE130D485}.Biostack|x64.ActiveCfg = Biostack|x64
		{C3FAF972-2D6D-4FCB-8E1F-A66FE130D485}.Biostack|x64.Build.0 = Biostack|x64
		{C3FAF972-2D6D-4FCB-8E1F-A66FE130D485}.Biostack|x86.ActiveCfg = Biostack|x86
		{C3FAF972-2D6D-4FCB-8E1F-A66FE130D485}.Biostack|x86.Build.0 = Biostack|x86
		{C3FAF972-2D6D-4FCB-8E1F-A66FE130D485}.Debug|Any CPU.ActiveCfg = Debug|Any CPU
		{C3FAF972-2D6D-4FCB-8E1F-A66FE130D485}.Debug|Any CPU.Build.0 = Debug|Any CPU
		{C3FAF972-2D6D-4FCB-8E1F-A66FE130D485}.Debug|x64.ActiveCfg = Debug|x64
		{C3FAF972-2D6D-4FCB-8E1F-A66FE130D485}.Debug|x64.Build.0 = Debug|x64
		{C3FAF972-2D6D-4FCB-8E1F-A66FE130D485}.Debug|x86.ActiveCfg = Debug|x86
		{C3FAF972-2D6D-4FCB-8E1F-A66FE130D485}.Debug|x86.Build.0 = Debug|x86
		{C3FAF972-2D6D-4FCB-8E1F-A66FE130D485}.LipidSearch|Any CPU.ActiveCfg = LipidSearch|Any CPU
		{C3FAF972-2D6D-4FCB-8E1F-A66FE130D485}.LipidSearch|Any CPU.Build.0 = LipidSearch|Any CPU
		{C3FAF972-2D6D-4FCB-8E1F-A66FE130D485}.LipidSearch|x64.ActiveCfg = LipidSearch|x64
		{C3FAF972-2D6D-4FCB-8E1F-A66FE130D485}.LipidSearch|x64.Build.0 = LipidSearch|x64
		{C3FAF972-2D6D-4FCB-8E1F-A66FE130D485}.LipidSearch|x86.ActiveCfg = LipidSearch|x86
		{C3FAF972-2D6D-4FCB-8E1F-A66FE130D485}.LipidSearch|x86.Build.0 = LipidSearch|x86
		{C3FAF972-2D6D-4FCB-8E1F-A66FE130D485}.MetaCardio|Any CPU.ActiveCfg = MetaCardio|Any CPU
		{C3FAF972-2D6D-4FCB-8E1F-A66FE130D485}.MetaCardio|Any CPU.Build.0 = MetaCardio|Any CPU
		{C3FAF972-2D6D-4FCB-8E1F-A66FE130D485}.MetaCardio|x64.ActiveCfg = MetaCardio|x64
		{C3FAF972-2D6D-4FCB-8E1F-A66FE130D485}.MetaCardio|x64.Build.0 = MetaCardio|x64
		{C3FAF972-2D6D-4FCB-8E1F-A66FE130D485}.MetaCardio|x86.ActiveCfg = MetaCardio|x86
		{C3FAF972-2D6D-4FCB-8E1F-A66FE130D485}.MetaCardio|x86.Build.0 = MetaCardio|x86
		{C3FAF972-2D6D-4FCB-8E1F-A66FE130D485}.mzkit_UnixDocker|Any CPU.ActiveCfg = mzkit_UnixDocker|Any CPU
		{C3FAF972-2D6D-4FCB-8E1F-A66FE130D485}.mzkit_UnixDocker|Any CPU.Build.0 = mzkit_UnixDocker|Any CPU
		{C3FAF972-2D6D-4FCB-8E1F-A66FE130D485}.mzkit_UnixDocker|x64.ActiveCfg = mzkit_UnixDocker|x64
		{C3FAF972-2D6D-4FCB-8E1F-A66FE130D485}.mzkit_UnixDocker|x64.Build.0 = mzkit_UnixDocker|x64
		{C3FAF972-2D6D-4FCB-8E1F-A66FE130D485}.mzkit_UnixDocker|x86.ActiveCfg = mzkit_UnixDocker|x86
		{C3FAF972-2D6D-4FCB-8E1F-A66FE130D485}.mzkit_UnixDocker|x86.Build.0 = mzkit_UnixDocker|x86
		{C3FAF972-2D6D-4FCB-8E1F-A66FE130D485}.mzkit|Any CPU.ActiveCfg = mzkit|Any CPU
		{C3FAF972-2D6D-4FCB-8E1F-A66FE130D485}.mzkit|Any CPU.Build.0 = mzkit|Any CPU
		{C3FAF972-2D6D-4FCB-8E1F-A66FE130D485}.mzkit|x64.ActiveCfg = mzkit|x64
		{C3FAF972-2D6D-4FCB-8E1F-A66FE130D485}.mzkit|x64.Build.0 = mzkit|x64
		{C3FAF972-2D6D-4FCB-8E1F-A66FE130D485}.mzkit|x86.ActiveCfg = mzkit|x86
		{C3FAF972-2D6D-4FCB-8E1F-A66FE130D485}.mzkit|x86.Build.0 = mzkit|x86
		{C3FAF972-2D6D-4FCB-8E1F-A66FE130D485}.Publish|Any CPU.ActiveCfg = Publish|Any CPU
		{C3FAF972-2D6D-4FCB-8E1F-A66FE130D485}.Publish|Any CPU.Build.0 = Publish|Any CPU
		{C3FAF972-2D6D-4FCB-8E1F-A66FE130D485}.Publish|x64.ActiveCfg = Publish|x64
		{C3FAF972-2D6D-4FCB-8E1F-A66FE130D485}.Publish|x64.Build.0 = Publish|x64
		{C3FAF972-2D6D-4FCB-8E1F-A66FE130D485}.Publish|x86.ActiveCfg = Publish|x86
		{C3FAF972-2D6D-4FCB-8E1F-A66FE130D485}.Publish|x86.Build.0 = Publish|x86
		{C3FAF972-2D6D-4FCB-8E1F-A66FE130D485}.Release|Any CPU.ActiveCfg = Release|Any CPU
		{C3FAF972-2D6D-4FCB-8E1F-A66FE130D485}.Release|Any CPU.Build.0 = Release|Any CPU
		{C3FAF972-2D6D-4FCB-8E1F-A66FE130D485}.Release|x64.ActiveCfg = Release|x64
		{C3FAF972-2D6D-4FCB-8E1F-A66FE130D485}.Release|x64.Build.0 = Release|x64
		{C3FAF972-2D6D-4FCB-8E1F-A66FE130D485}.Release|x86.ActiveCfg = Release|x86
		{C3FAF972-2D6D-4FCB-8E1F-A66FE130D485}.Release|x86.Build.0 = Release|x86
		{C3FAF972-2D6D-4FCB-8E1F-A66FE130D485}.Rsharp_app_release|Any CPU.ActiveCfg = Rsharp_app_release|Any CPU
		{C3FAF972-2D6D-4FCB-8E1F-A66FE130D485}.Rsharp_app_release|Any CPU.Build.0 = Rsharp_app_release|Any CPU
		{C3FAF972-2D6D-4FCB-8E1F-A66FE130D485}.Rsharp_app_release|x64.ActiveCfg = Rsharp_app_release|x64
		{C3FAF972-2D6D-4FCB-8E1F-A66FE130D485}.Rsharp_app_release|x64.Build.0 = Rsharp_app_release|x64
		{C3FAF972-2D6D-4FCB-8E1F-A66FE130D485}.Rsharp_app_release|x86.ActiveCfg = Rsharp_app_release|x86
		{C3FAF972-2D6D-4FCB-8E1F-A66FE130D485}.Rsharp_app_release|x86.Build.0 = Rsharp_app_release|x86
	EndGlobalSection
	GlobalSection(SolutionProperties) = preSolution
		HideSolutionNode = FALSE
	EndGlobalSection
	GlobalSection(ExtensibilityGlobals) = postSolution
		SolutionGuid = {24758FCE-4B66-4A6E-9A3B-609B0002C0C3}
	EndGlobalSection
EndGlobal
