
Microsoft Visual Studio Solution File, Format Version 12.00
# Visual Studio 15
VisualStudioVersion = 15.0.27004.2006
MinimumVisualStudioVersion = 10.0.40219.1
Project("{F184B08F-C81C-45F6-A57F-5ABD9991F28F}") = "+Microsoft.VisualBasic.Architecture.Framework", "..\..\GCModeller\src\runtime\sciBASIC#\Microsoft.VisualBasic.Architecture.Framework\+Microsoft.VisualBasic.Architecture.Framework.vbproj", "{FECCE1FD-E1D4-49E3-A668-60BB5E7AED99}"
EndProject
Project("{2150E333-8FDC-42A3-9474-1A3956D46DE8}") = "runtime", "runtime", "{8411BC65-D873-4A4B-A364-75E6A73F8205}"
EndProject
Project("{F184B08F-C81C-45F6-A57F-5ABD9991F28F}") = "zlibnet", "..\zlibnet\src\zlibnet.vbproj", "{075E1DA3-54AC-4D7C-9D4E-E34AA13910A8}"
EndProject
Project("{F184B08F-C81C-45F6-A57F-5ABD9991F28F}") = "assembly", "assembly\assembly.vbproj", "{95F7D65E-9DB1-4605-9FD3-25433277AF88}"
EndProject
Project("{F184B08F-C81C-45F6-A57F-5ABD9991F28F}") = "application.netCDF", "..\..\GCModeller\src\runtime\sciBASIC#\mime\application%netcdf\application.netCDF.vbproj", "{6FF317FF-1A81-4272-A894-BFBFFB202B41}"
EndProject
Project("{F184B08F-C81C-45F6-A57F-5ABD9991F28F}") = "test", "test\test\test.vbproj", "{EE77E974-0120-4D75-BCA5-953B4F56D6E3}"
EndProject
Project("{F184B08F-C81C-45F6-A57F-5ABD9991F28F}") = "+VB_DataFrame", "..\..\GCModeller\src\runtime\sciBASIC#\Data\DataFrame\+VB_DataFrame.vbproj", "{7283C179-F852-4EAD-8D8F-B82EF2CBD7DB}"
EndProject
Global
	GlobalSection(SolutionConfigurationPlatforms) = preSolution
		Biodeep|Any CPU = Biodeep|Any CPU
		Biodeep|x64 = Biodeep|x64
		Biodeep|x86 = Biodeep|x86
		Debug|Any CPU = Debug|Any CPU
		Debug|x64 = Debug|x64
		Debug|x86 = Debug|x86
		DEMO|Any CPU = DEMO|Any CPU
		DEMO|x64 = DEMO|x64
		DEMO|x86 = DEMO|x86
		docs|Any CPU = docs|Any CPU
		docs|x64 = docs|x64
		docs|x86 = docs|x86
		GCModeller(Release_X64)|Any CPU = GCModeller(Release_X64)|Any CPU
		GCModeller(Release_X64)|x64 = GCModeller(Release_X64)|x64
		GCModeller(Release_X64)|x86 = GCModeller(Release_X64)|x86
		installer_x64|Any CPU = installer_x64|Any CPU
		installer_x64|x64 = installer_x64|x64
		installer_x64|x86 = installer_x64|x86
		mysqli_X64_release|Any CPU = mysqli_X64_release|Any CPU
		mysqli_X64_release|x64 = mysqli_X64_release|x64
		mysqli_X64_release|x86 = mysqli_X64_release|x86
		Publish|Any CPU = Publish|Any CPU
		Publish|x64 = Publish|x64
		Publish|x86 = Publish|x86
		Release|Any CPU = Release|Any CPU
		Release|x64 = Release|x64
		Release|x86 = Release|x86
		Release2|Any CPU = Release2|Any CPU
		Release2|x64 = Release2|x64
		Release2|x86 = Release2|x86
		sciBASIC.NET-test-release|Any CPU = sciBASIC.NET-test-release|Any CPU
		sciBASIC.NET-test-release|x64 = sciBASIC.NET-test-release|x64
		sciBASIC.NET-test-release|x86 = sciBASIC.NET-test-release|x86
	EndGlobalSection
	GlobalSection(ProjectConfigurationPlatforms) = postSolution
		{FECCE1FD-E1D4-49E3-A668-60BB5E7AED99}.Biodeep|Any CPU.ActiveCfg = Biodeep|Any CPU
		{FECCE1FD-E1D4-49E3-A668-60BB5E7AED99}.Biodeep|Any CPU.Build.0 = Biodeep|Any CPU
		{FECCE1FD-E1D4-49E3-A668-60BB5E7AED99}.Biodeep|x64.ActiveCfg = Biodeep|x64
		{FECCE1FD-E1D4-49E3-A668-60BB5E7AED99}.Biodeep|x64.Build.0 = Biodeep|x64
		{FECCE1FD-E1D4-49E3-A668-60BB5E7AED99}.Biodeep|x86.ActiveCfg = Biodeep|x86
		{FECCE1FD-E1D4-49E3-A668-60BB5E7AED99}.Biodeep|x86.Build.0 = Biodeep|x86
		{FECCE1FD-E1D4-49E3-A668-60BB5E7AED99}.Debug|Any CPU.ActiveCfg = Debug|Any CPU
		{FECCE1FD-E1D4-49E3-A668-60BB5E7AED99}.Debug|Any CPU.Build.0 = Debug|Any CPU
		{FECCE1FD-E1D4-49E3-A668-60BB5E7AED99}.Debug|x64.ActiveCfg = Debug|x64
		{FECCE1FD-E1D4-49E3-A668-60BB5E7AED99}.Debug|x64.Build.0 = Debug|x64
		{FECCE1FD-E1D4-49E3-A668-60BB5E7AED99}.Debug|x86.ActiveCfg = Debug|x86
		{FECCE1FD-E1D4-49E3-A668-60BB5E7AED99}.Debug|x86.Build.0 = Debug|x86
		{FECCE1FD-E1D4-49E3-A668-60BB5E7AED99}.DEMO|Any CPU.ActiveCfg = DEMO|Any CPU
		{FECCE1FD-E1D4-49E3-A668-60BB5E7AED99}.DEMO|Any CPU.Build.0 = DEMO|Any CPU
		{FECCE1FD-E1D4-49E3-A668-60BB5E7AED99}.DEMO|x64.ActiveCfg = DEMO|x64
		{FECCE1FD-E1D4-49E3-A668-60BB5E7AED99}.DEMO|x64.Build.0 = DEMO|x64
		{FECCE1FD-E1D4-49E3-A668-60BB5E7AED99}.DEMO|x86.ActiveCfg = DEMO|x86
		{FECCE1FD-E1D4-49E3-A668-60BB5E7AED99}.DEMO|x86.Build.0 = DEMO|x86
		{FECCE1FD-E1D4-49E3-A668-60BB5E7AED99}.docs|Any CPU.ActiveCfg = docs|Any CPU
		{FECCE1FD-E1D4-49E3-A668-60BB5E7AED99}.docs|Any CPU.Build.0 = docs|Any CPU
		{FECCE1FD-E1D4-49E3-A668-60BB5E7AED99}.docs|x64.ActiveCfg = docs|x64
		{FECCE1FD-E1D4-49E3-A668-60BB5E7AED99}.docs|x64.Build.0 = docs|x64
		{FECCE1FD-E1D4-49E3-A668-60BB5E7AED99}.docs|x86.ActiveCfg = docs|x86
		{FECCE1FD-E1D4-49E3-A668-60BB5E7AED99}.docs|x86.Build.0 = docs|x86
		{FECCE1FD-E1D4-49E3-A668-60BB5E7AED99}.GCModeller(Release_X64)|Any CPU.ActiveCfg = GCModeller(Release_X64)|Any CPU
		{FECCE1FD-E1D4-49E3-A668-60BB5E7AED99}.GCModeller(Release_X64)|Any CPU.Build.0 = GCModeller(Release_X64)|Any CPU
		{FECCE1FD-E1D4-49E3-A668-60BB5E7AED99}.GCModeller(Release_X64)|x64.ActiveCfg = GCModeller(Release_X64)|x64
		{FECCE1FD-E1D4-49E3-A668-60BB5E7AED99}.GCModeller(Release_X64)|x64.Build.0 = GCModeller(Release_X64)|x64
		{FECCE1FD-E1D4-49E3-A668-60BB5E7AED99}.GCModeller(Release_X64)|x86.ActiveCfg = GCModeller(Release_X64)|x86
		{FECCE1FD-E1D4-49E3-A668-60BB5E7AED99}.GCModeller(Release_X64)|x86.Build.0 = GCModeller(Release_X64)|x86
		{FECCE1FD-E1D4-49E3-A668-60BB5E7AED99}.installer_x64|Any CPU.ActiveCfg = installer_x64|Any CPU
		{FECCE1FD-E1D4-49E3-A668-60BB5E7AED99}.installer_x64|Any CPU.Build.0 = installer_x64|Any CPU
		{FECCE1FD-E1D4-49E3-A668-60BB5E7AED99}.installer_x64|x64.ActiveCfg = installer_x64|x64
		{FECCE1FD-E1D4-49E3-A668-60BB5E7AED99}.installer_x64|x64.Build.0 = installer_x64|x64
		{FECCE1FD-E1D4-49E3-A668-60BB5E7AED99}.installer_x64|x86.ActiveCfg = installer_x64|x86
		{FECCE1FD-E1D4-49E3-A668-60BB5E7AED99}.installer_x64|x86.Build.0 = installer_x64|x86
		{FECCE1FD-E1D4-49E3-A668-60BB5E7AED99}.mysqli_X64_release|Any CPU.ActiveCfg = mysqli_X64_release|Any CPU
		{FECCE1FD-E1D4-49E3-A668-60BB5E7AED99}.mysqli_X64_release|Any CPU.Build.0 = mysqli_X64_release|Any CPU
		{FECCE1FD-E1D4-49E3-A668-60BB5E7AED99}.mysqli_X64_release|x64.ActiveCfg = mysqli_X64_release|x64
		{FECCE1FD-E1D4-49E3-A668-60BB5E7AED99}.mysqli_X64_release|x64.Build.0 = mysqli_X64_release|x64
		{FECCE1FD-E1D4-49E3-A668-60BB5E7AED99}.mysqli_X64_release|x86.ActiveCfg = mysqli_X64_release|x86
		{FECCE1FD-E1D4-49E3-A668-60BB5E7AED99}.mysqli_X64_release|x86.Build.0 = mysqli_X64_release|x86
		{FECCE1FD-E1D4-49E3-A668-60BB5E7AED99}.Publish|Any CPU.ActiveCfg = Publish|Any CPU
		{FECCE1FD-E1D4-49E3-A668-60BB5E7AED99}.Publish|Any CPU.Build.0 = Publish|Any CPU
		{FECCE1FD-E1D4-49E3-A668-60BB5E7AED99}.Publish|x64.ActiveCfg = Publish|x64
		{FECCE1FD-E1D4-49E3-A668-60BB5E7AED99}.Publish|x64.Build.0 = Publish|x64
		{FECCE1FD-E1D4-49E3-A668-60BB5E7AED99}.Publish|x86.ActiveCfg = Publish|x86
		{FECCE1FD-E1D4-49E3-A668-60BB5E7AED99}.Publish|x86.Build.0 = Publish|x86
		{FECCE1FD-E1D4-49E3-A668-60BB5E7AED99}.Release|Any CPU.ActiveCfg = Release|Any CPU
		{FECCE1FD-E1D4-49E3-A668-60BB5E7AED99}.Release|Any CPU.Build.0 = Release|Any CPU
		{FECCE1FD-E1D4-49E3-A668-60BB5E7AED99}.Release|x64.ActiveCfg = Release|x64
		{FECCE1FD-E1D4-49E3-A668-60BB5E7AED99}.Release|x64.Build.0 = Release|x64
		{FECCE1FD-E1D4-49E3-A668-60BB5E7AED99}.Release|x86.ActiveCfg = Release|x86
		{FECCE1FD-E1D4-49E3-A668-60BB5E7AED99}.Release|x86.Build.0 = Release|x86
		{FECCE1FD-E1D4-49E3-A668-60BB5E7AED99}.Release2|Any CPU.ActiveCfg = Release2|Any CPU
		{FECCE1FD-E1D4-49E3-A668-60BB5E7AED99}.Release2|Any CPU.Build.0 = Release2|Any CPU
		{FECCE1FD-E1D4-49E3-A668-60BB5E7AED99}.Release2|x64.ActiveCfg = Release2|x64
		{FECCE1FD-E1D4-49E3-A668-60BB5E7AED99}.Release2|x64.Build.0 = Release2|x64
		{FECCE1FD-E1D4-49E3-A668-60BB5E7AED99}.Release2|x86.ActiveCfg = Release2|x86
		{FECCE1FD-E1D4-49E3-A668-60BB5E7AED99}.Release2|x86.Build.0 = Release2|x86
		{FECCE1FD-E1D4-49E3-A668-60BB5E7AED99}.sciBASIC.NET-test-release|Any CPU.ActiveCfg = sciBASIC.NET-test-release|Any CPU
		{FECCE1FD-E1D4-49E3-A668-60BB5E7AED99}.sciBASIC.NET-test-release|Any CPU.Build.0 = sciBASIC.NET-test-release|Any CPU
		{FECCE1FD-E1D4-49E3-A668-60BB5E7AED99}.sciBASIC.NET-test-release|x64.ActiveCfg = sciBASIC.NET-test-release|x64
		{FECCE1FD-E1D4-49E3-A668-60BB5E7AED99}.sciBASIC.NET-test-release|x64.Build.0 = sciBASIC.NET-test-release|x64
		{FECCE1FD-E1D4-49E3-A668-60BB5E7AED99}.sciBASIC.NET-test-release|x86.ActiveCfg = sciBASIC.NET-test-release|x86
		{FECCE1FD-E1D4-49E3-A668-60BB5E7AED99}.sciBASIC.NET-test-release|x86.Build.0 = sciBASIC.NET-test-release|x86
		{075E1DA3-54AC-4D7C-9D4E-E34AA13910A8}.Biodeep|Any CPU.ActiveCfg = Biodeep|Any CPU
		{075E1DA3-54AC-4D7C-9D4E-E34AA13910A8}.Biodeep|Any CPU.Build.0 = Biodeep|Any CPU
		{075E1DA3-54AC-4D7C-9D4E-E34AA13910A8}.Biodeep|x64.ActiveCfg = Biodeep|x64
		{075E1DA3-54AC-4D7C-9D4E-E34AA13910A8}.Biodeep|x64.Build.0 = Biodeep|x64
		{075E1DA3-54AC-4D7C-9D4E-E34AA13910A8}.Biodeep|x86.ActiveCfg = Biodeep|x86
		{075E1DA3-54AC-4D7C-9D4E-E34AA13910A8}.Biodeep|x86.Build.0 = Biodeep|x86
		{075E1DA3-54AC-4D7C-9D4E-E34AA13910A8}.Debug|Any CPU.ActiveCfg = Debug|Any CPU
		{075E1DA3-54AC-4D7C-9D4E-E34AA13910A8}.Debug|Any CPU.Build.0 = Debug|Any CPU
		{075E1DA3-54AC-4D7C-9D4E-E34AA13910A8}.Debug|x64.ActiveCfg = Debug|x64
		{075E1DA3-54AC-4D7C-9D4E-E34AA13910A8}.Debug|x64.Build.0 = Debug|x64
		{075E1DA3-54AC-4D7C-9D4E-E34AA13910A8}.Debug|x86.ActiveCfg = Debug|Any CPU
		{075E1DA3-54AC-4D7C-9D4E-E34AA13910A8}.Debug|x86.Build.0 = Debug|Any CPU
		{075E1DA3-54AC-4D7C-9D4E-E34AA13910A8}.DEMO|Any CPU.ActiveCfg = Debug|Any CPU
		{075E1DA3-54AC-4D7C-9D4E-E34AA13910A8}.DEMO|Any CPU.Build.0 = Debug|Any CPU
		{075E1DA3-54AC-4D7C-9D4E-E34AA13910A8}.DEMO|x64.ActiveCfg = Debug|x64
		{075E1DA3-54AC-4D7C-9D4E-E34AA13910A8}.DEMO|x64.Build.0 = Debug|x64
		{075E1DA3-54AC-4D7C-9D4E-E34AA13910A8}.DEMO|x86.ActiveCfg = Debug|Any CPU
		{075E1DA3-54AC-4D7C-9D4E-E34AA13910A8}.DEMO|x86.Build.0 = Debug|Any CPU
		{075E1DA3-54AC-4D7C-9D4E-E34AA13910A8}.docs|Any CPU.ActiveCfg = Debug|Any CPU
		{075E1DA3-54AC-4D7C-9D4E-E34AA13910A8}.docs|Any CPU.Build.0 = Debug|Any CPU
		{075E1DA3-54AC-4D7C-9D4E-E34AA13910A8}.docs|x64.ActiveCfg = Debug|x64
		{075E1DA3-54AC-4D7C-9D4E-E34AA13910A8}.docs|x64.Build.0 = Debug|x64
		{075E1DA3-54AC-4D7C-9D4E-E34AA13910A8}.docs|x86.ActiveCfg = Debug|Any CPU
		{075E1DA3-54AC-4D7C-9D4E-E34AA13910A8}.docs|x86.Build.0 = Debug|Any CPU
		{075E1DA3-54AC-4D7C-9D4E-E34AA13910A8}.GCModeller(Release_X64)|Any CPU.ActiveCfg = Release|Any CPU
		{075E1DA3-54AC-4D7C-9D4E-E34AA13910A8}.GCModeller(Release_X64)|Any CPU.Build.0 = Release|Any CPU
		{075E1DA3-54AC-4D7C-9D4E-E34AA13910A8}.GCModeller(Release_X64)|x64.ActiveCfg = Release|x64
		{075E1DA3-54AC-4D7C-9D4E-E34AA13910A8}.GCModeller(Release_X64)|x64.Build.0 = Release|x64
		{075E1DA3-54AC-4D7C-9D4E-E34AA13910A8}.GCModeller(Release_X64)|x86.ActiveCfg = Release|x86
		{075E1DA3-54AC-4D7C-9D4E-E34AA13910A8}.GCModeller(Release_X64)|x86.Build.0 = Release|x86
		{075E1DA3-54AC-4D7C-9D4E-E34AA13910A8}.installer_x64|Any CPU.ActiveCfg = Biodeep|Any CPU
		{075E1DA3-54AC-4D7C-9D4E-E34AA13910A8}.installer_x64|Any CPU.Build.0 = Biodeep|Any CPU
		{075E1DA3-54AC-4D7C-9D4E-E34AA13910A8}.installer_x64|x64.ActiveCfg = Biodeep|x64
		{075E1DA3-54AC-4D7C-9D4E-E34AA13910A8}.installer_x64|x64.Build.0 = Biodeep|x64
		{075E1DA3-54AC-4D7C-9D4E-E34AA13910A8}.installer_x64|x86.ActiveCfg = Biodeep|x86
		{075E1DA3-54AC-4D7C-9D4E-E34AA13910A8}.installer_x64|x86.Build.0 = Biodeep|x86
		{075E1DA3-54AC-4D7C-9D4E-E34AA13910A8}.mysqli_X64_release|Any CPU.ActiveCfg = Biodeep|Any CPU
		{075E1DA3-54AC-4D7C-9D4E-E34AA13910A8}.mysqli_X64_release|Any CPU.Build.0 = Biodeep|Any CPU
		{075E1DA3-54AC-4D7C-9D4E-E34AA13910A8}.mysqli_X64_release|x64.ActiveCfg = Biodeep|x64
		{075E1DA3-54AC-4D7C-9D4E-E34AA13910A8}.mysqli_X64_release|x64.Build.0 = Biodeep|x64
		{075E1DA3-54AC-4D7C-9D4E-E34AA13910A8}.mysqli_X64_release|x86.ActiveCfg = Biodeep|x86
		{075E1DA3-54AC-4D7C-9D4E-E34AA13910A8}.mysqli_X64_release|x86.Build.0 = Biodeep|x86
		{075E1DA3-54AC-4D7C-9D4E-E34AA13910A8}.Publish|Any CPU.ActiveCfg = Release|Any CPU
		{075E1DA3-54AC-4D7C-9D4E-E34AA13910A8}.Publish|Any CPU.Build.0 = Release|Any CPU
		{075E1DA3-54AC-4D7C-9D4E-E34AA13910A8}.Publish|x64.ActiveCfg = Release|x64
		{075E1DA3-54AC-4D7C-9D4E-E34AA13910A8}.Publish|x64.Build.0 = Release|x64
		{075E1DA3-54AC-4D7C-9D4E-E34AA13910A8}.Publish|x86.ActiveCfg = Release|Any CPU
		{075E1DA3-54AC-4D7C-9D4E-E34AA13910A8}.Publish|x86.Build.0 = Release|Any CPU
		{075E1DA3-54AC-4D7C-9D4E-E34AA13910A8}.Release|Any CPU.ActiveCfg = Release|Any CPU
		{075E1DA3-54AC-4D7C-9D4E-E34AA13910A8}.Release|Any CPU.Build.0 = Release|Any CPU
		{075E1DA3-54AC-4D7C-9D4E-E34AA13910A8}.Release|x64.ActiveCfg = Release|x64
		{075E1DA3-54AC-4D7C-9D4E-E34AA13910A8}.Release|x64.Build.0 = Release|x64
		{075E1DA3-54AC-4D7C-9D4E-E34AA13910A8}.Release|x86.ActiveCfg = Release|Any CPU
		{075E1DA3-54AC-4D7C-9D4E-E34AA13910A8}.Release|x86.Build.0 = Release|Any CPU
		{075E1DA3-54AC-4D7C-9D4E-E34AA13910A8}.Release2|Any CPU.ActiveCfg = Release|Any CPU
		{075E1DA3-54AC-4D7C-9D4E-E34AA13910A8}.Release2|Any CPU.Build.0 = Release|Any CPU
		{075E1DA3-54AC-4D7C-9D4E-E34AA13910A8}.Release2|x64.ActiveCfg = Release|x64
		{075E1DA3-54AC-4D7C-9D4E-E34AA13910A8}.Release2|x64.Build.0 = Release|x64
		{075E1DA3-54AC-4D7C-9D4E-E34AA13910A8}.Release2|x86.ActiveCfg = Release|Any CPU
		{075E1DA3-54AC-4D7C-9D4E-E34AA13910A8}.Release2|x86.Build.0 = Release|Any CPU
		{075E1DA3-54AC-4D7C-9D4E-E34AA13910A8}.sciBASIC.NET-test-release|Any CPU.ActiveCfg = Release|Any CPU
		{075E1DA3-54AC-4D7C-9D4E-E34AA13910A8}.sciBASIC.NET-test-release|Any CPU.Build.0 = Release|Any CPU
		{075E1DA3-54AC-4D7C-9D4E-E34AA13910A8}.sciBASIC.NET-test-release|x64.ActiveCfg = Release|x64
		{075E1DA3-54AC-4D7C-9D4E-E34AA13910A8}.sciBASIC.NET-test-release|x64.Build.0 = Release|x64
		{075E1DA3-54AC-4D7C-9D4E-E34AA13910A8}.sciBASIC.NET-test-release|x86.ActiveCfg = Debug|x86
		{075E1DA3-54AC-4D7C-9D4E-E34AA13910A8}.sciBASIC.NET-test-release|x86.Build.0 = Debug|x86
		{95F7D65E-9DB1-4605-9FD3-25433277AF88}.Biodeep|Any CPU.ActiveCfg = Biodeep|Any CPU
		{95F7D65E-9DB1-4605-9FD3-25433277AF88}.Biodeep|Any CPU.Build.0 = Biodeep|Any CPU
		{95F7D65E-9DB1-4605-9FD3-25433277AF88}.Biodeep|x64.ActiveCfg = Biodeep|x64
		{95F7D65E-9DB1-4605-9FD3-25433277AF88}.Biodeep|x64.Build.0 = Biodeep|x64
		{95F7D65E-9DB1-4605-9FD3-25433277AF88}.Biodeep|x86.ActiveCfg = Biodeep|x86
		{95F7D65E-9DB1-4605-9FD3-25433277AF88}.Biodeep|x86.Build.0 = Biodeep|x86
		{95F7D65E-9DB1-4605-9FD3-25433277AF88}.Debug|Any CPU.ActiveCfg = Debug|Any CPU
		{95F7D65E-9DB1-4605-9FD3-25433277AF88}.Debug|Any CPU.Build.0 = Debug|Any CPU
		{95F7D65E-9DB1-4605-9FD3-25433277AF88}.Debug|x64.ActiveCfg = Debug|x64
		{95F7D65E-9DB1-4605-9FD3-25433277AF88}.Debug|x64.Build.0 = Debug|x64
		{95F7D65E-9DB1-4605-9FD3-25433277AF88}.Debug|x86.ActiveCfg = Debug|Any CPU
		{95F7D65E-9DB1-4605-9FD3-25433277AF88}.Debug|x86.Build.0 = Debug|Any CPU
		{95F7D65E-9DB1-4605-9FD3-25433277AF88}.DEMO|Any CPU.ActiveCfg = Debug|Any CPU
		{95F7D65E-9DB1-4605-9FD3-25433277AF88}.DEMO|Any CPU.Build.0 = Debug|Any CPU
		{95F7D65E-9DB1-4605-9FD3-25433277AF88}.DEMO|x64.ActiveCfg = Debug|x64
		{95F7D65E-9DB1-4605-9FD3-25433277AF88}.DEMO|x64.Build.0 = Debug|x64
		{95F7D65E-9DB1-4605-9FD3-25433277AF88}.DEMO|x86.ActiveCfg = Debug|Any CPU
		{95F7D65E-9DB1-4605-9FD3-25433277AF88}.DEMO|x86.Build.0 = Debug|Any CPU
		{95F7D65E-9DB1-4605-9FD3-25433277AF88}.docs|Any CPU.ActiveCfg = Debug|Any CPU
		{95F7D65E-9DB1-4605-9FD3-25433277AF88}.docs|Any CPU.Build.0 = Debug|Any CPU
		{95F7D65E-9DB1-4605-9FD3-25433277AF88}.docs|x64.ActiveCfg = Debug|x64
		{95F7D65E-9DB1-4605-9FD3-25433277AF88}.docs|x64.Build.0 = Debug|x64
		{95F7D65E-9DB1-4605-9FD3-25433277AF88}.docs|x86.ActiveCfg = Debug|Any CPU
		{95F7D65E-9DB1-4605-9FD3-25433277AF88}.docs|x86.Build.0 = Debug|Any CPU
		{95F7D65E-9DB1-4605-9FD3-25433277AF88}.GCModeller(Release_X64)|Any CPU.ActiveCfg = Release|Any CPU
		{95F7D65E-9DB1-4605-9FD3-25433277AF88}.GCModeller(Release_X64)|Any CPU.Build.0 = Release|Any CPU
		{95F7D65E-9DB1-4605-9FD3-25433277AF88}.GCModeller(Release_X64)|x64.ActiveCfg = Release|x64
		{95F7D65E-9DB1-4605-9FD3-25433277AF88}.GCModeller(Release_X64)|x64.Build.0 = Release|x64
		{95F7D65E-9DB1-4605-9FD3-25433277AF88}.GCModeller(Release_X64)|x86.ActiveCfg = Release|x86
		{95F7D65E-9DB1-4605-9FD3-25433277AF88}.GCModeller(Release_X64)|x86.Build.0 = Release|x86
		{95F7D65E-9DB1-4605-9FD3-25433277AF88}.installer_x64|Any CPU.ActiveCfg = Biodeep|Any CPU
		{95F7D65E-9DB1-4605-9FD3-25433277AF88}.installer_x64|Any CPU.Build.0 = Biodeep|Any CPU
		{95F7D65E-9DB1-4605-9FD3-25433277AF88}.installer_x64|x64.ActiveCfg = Biodeep|x64
		{95F7D65E-9DB1-4605-9FD3-25433277AF88}.installer_x64|x64.Build.0 = Biodeep|x64
		{95F7D65E-9DB1-4605-9FD3-25433277AF88}.installer_x64|x86.ActiveCfg = Biodeep|x86
		{95F7D65E-9DB1-4605-9FD3-25433277AF88}.installer_x64|x86.Build.0 = Biodeep|x86
		{95F7D65E-9DB1-4605-9FD3-25433277AF88}.mysqli_X64_release|Any CPU.ActiveCfg = Biodeep|Any CPU
		{95F7D65E-9DB1-4605-9FD3-25433277AF88}.mysqli_X64_release|Any CPU.Build.0 = Biodeep|Any CPU
		{95F7D65E-9DB1-4605-9FD3-25433277AF88}.mysqli_X64_release|x64.ActiveCfg = Biodeep|x64
		{95F7D65E-9DB1-4605-9FD3-25433277AF88}.mysqli_X64_release|x64.Build.0 = Biodeep|x64
		{95F7D65E-9DB1-4605-9FD3-25433277AF88}.mysqli_X64_release|x86.ActiveCfg = Biodeep|x86
		{95F7D65E-9DB1-4605-9FD3-25433277AF88}.mysqli_X64_release|x86.Build.0 = Biodeep|x86
		{95F7D65E-9DB1-4605-9FD3-25433277AF88}.Publish|Any CPU.ActiveCfg = Release|Any CPU
		{95F7D65E-9DB1-4605-9FD3-25433277AF88}.Publish|Any CPU.Build.0 = Release|Any CPU
		{95F7D65E-9DB1-4605-9FD3-25433277AF88}.Publish|x64.ActiveCfg = Release|x64
		{95F7D65E-9DB1-4605-9FD3-25433277AF88}.Publish|x64.Build.0 = Release|x64
		{95F7D65E-9DB1-4605-9FD3-25433277AF88}.Publish|x86.ActiveCfg = Release|Any CPU
		{95F7D65E-9DB1-4605-9FD3-25433277AF88}.Publish|x86.Build.0 = Release|Any CPU
		{95F7D65E-9DB1-4605-9FD3-25433277AF88}.Release|Any CPU.ActiveCfg = Release|Any CPU
		{95F7D65E-9DB1-4605-9FD3-25433277AF88}.Release|Any CPU.Build.0 = Release|Any CPU
		{95F7D65E-9DB1-4605-9FD3-25433277AF88}.Release|x64.ActiveCfg = Release|x64
		{95F7D65E-9DB1-4605-9FD3-25433277AF88}.Release|x64.Build.0 = Release|x64
		{95F7D65E-9DB1-4605-9FD3-25433277AF88}.Release|x86.ActiveCfg = Release|Any CPU
		{95F7D65E-9DB1-4605-9FD3-25433277AF88}.Release|x86.Build.0 = Release|Any CPU
		{95F7D65E-9DB1-4605-9FD3-25433277AF88}.Release2|Any CPU.ActiveCfg = Release|Any CPU
		{95F7D65E-9DB1-4605-9FD3-25433277AF88}.Release2|Any CPU.Build.0 = Release|Any CPU
		{95F7D65E-9DB1-4605-9FD3-25433277AF88}.Release2|x64.ActiveCfg = Release|x64
		{95F7D65E-9DB1-4605-9FD3-25433277AF88}.Release2|x64.Build.0 = Release|x64
		{95F7D65E-9DB1-4605-9FD3-25433277AF88}.Release2|x86.ActiveCfg = Release|Any CPU
		{95F7D65E-9DB1-4605-9FD3-25433277AF88}.Release2|x86.Build.0 = Release|Any CPU
		{95F7D65E-9DB1-4605-9FD3-25433277AF88}.sciBASIC.NET-test-release|Any CPU.ActiveCfg = Release|Any CPU
		{95F7D65E-9DB1-4605-9FD3-25433277AF88}.sciBASIC.NET-test-release|Any CPU.Build.0 = Release|Any CPU
		{95F7D65E-9DB1-4605-9FD3-25433277AF88}.sciBASIC.NET-test-release|x64.ActiveCfg = Release|x64
		{95F7D65E-9DB1-4605-9FD3-25433277AF88}.sciBASIC.NET-test-release|x64.Build.0 = Release|x64
		{95F7D65E-9DB1-4605-9FD3-25433277AF88}.sciBASIC.NET-test-release|x86.ActiveCfg = Debug|x86
		{95F7D65E-9DB1-4605-9FD3-25433277AF88}.sciBASIC.NET-test-release|x86.Build.0 = Debug|x86
		{6FF317FF-1A81-4272-A894-BFBFFB202B41}.Biodeep|Any CPU.ActiveCfg = Release|Any CPU
		{6FF317FF-1A81-4272-A894-BFBFFB202B41}.Biodeep|Any CPU.Build.0 = Release|Any CPU
		{6FF317FF-1A81-4272-A894-BFBFFB202B41}.Biodeep|x64.ActiveCfg = Release|Any CPU
		{6FF317FF-1A81-4272-A894-BFBFFB202B41}.Biodeep|x64.Build.0 = Release|Any CPU
		{6FF317FF-1A81-4272-A894-BFBFFB202B41}.Biodeep|x86.ActiveCfg = Release|Any CPU
		{6FF317FF-1A81-4272-A894-BFBFFB202B41}.Biodeep|x86.Build.0 = Release|Any CPU
		{6FF317FF-1A81-4272-A894-BFBFFB202B41}.Debug|Any CPU.ActiveCfg = Debug|Any CPU
		{6FF317FF-1A81-4272-A894-BFBFFB202B41}.Debug|Any CPU.Build.0 = Debug|Any CPU
		{6FF317FF-1A81-4272-A894-BFBFFB202B41}.Debug|x64.ActiveCfg = Debug|Any CPU
		{6FF317FF-1A81-4272-A894-BFBFFB202B41}.Debug|x64.Build.0 = Debug|Any CPU
		{6FF317FF-1A81-4272-A894-BFBFFB202B41}.Debug|x86.ActiveCfg = Debug|Any CPU
		{6FF317FF-1A81-4272-A894-BFBFFB202B41}.Debug|x86.Build.0 = Debug|Any CPU
		{6FF317FF-1A81-4272-A894-BFBFFB202B41}.DEMO|Any CPU.ActiveCfg = Debug|Any CPU
		{6FF317FF-1A81-4272-A894-BFBFFB202B41}.DEMO|Any CPU.Build.0 = Debug|Any CPU
		{6FF317FF-1A81-4272-A894-BFBFFB202B41}.DEMO|x64.ActiveCfg = Debug|Any CPU
		{6FF317FF-1A81-4272-A894-BFBFFB202B41}.DEMO|x64.Build.0 = Debug|Any CPU
		{6FF317FF-1A81-4272-A894-BFBFFB202B41}.DEMO|x86.ActiveCfg = Debug|Any CPU
		{6FF317FF-1A81-4272-A894-BFBFFB202B41}.DEMO|x86.Build.0 = Debug|Any CPU
		{6FF317FF-1A81-4272-A894-BFBFFB202B41}.docs|Any CPU.ActiveCfg = Debug|Any CPU
		{6FF317FF-1A81-4272-A894-BFBFFB202B41}.docs|Any CPU.Build.0 = Debug|Any CPU
		{6FF317FF-1A81-4272-A894-BFBFFB202B41}.docs|x64.ActiveCfg = Debug|Any CPU
		{6FF317FF-1A81-4272-A894-BFBFFB202B41}.docs|x64.Build.0 = Debug|Any CPU
		{6FF317FF-1A81-4272-A894-BFBFFB202B41}.docs|x86.ActiveCfg = Debug|Any CPU
		{6FF317FF-1A81-4272-A894-BFBFFB202B41}.docs|x86.Build.0 = Debug|Any CPU
		{6FF317FF-1A81-4272-A894-BFBFFB202B41}.GCModeller(Release_X64)|Any CPU.ActiveCfg = Release|Any CPU
		{6FF317FF-1A81-4272-A894-BFBFFB202B41}.GCModeller(Release_X64)|Any CPU.Build.0 = Release|Any CPU
		{6FF317FF-1A81-4272-A894-BFBFFB202B41}.GCModeller(Release_X64)|x64.ActiveCfg = Release|Any CPU
		{6FF317FF-1A81-4272-A894-BFBFFB202B41}.GCModeller(Release_X64)|x64.Build.0 = Release|Any CPU
		{6FF317FF-1A81-4272-A894-BFBFFB202B41}.GCModeller(Release_X64)|x86.ActiveCfg = Release|Any CPU
		{6FF317FF-1A81-4272-A894-BFBFFB202B41}.GCModeller(Release_X64)|x86.Build.0 = Release|Any CPU
		{6FF317FF-1A81-4272-A894-BFBFFB202B41}.installer_x64|Any CPU.ActiveCfg = Release|Any CPU
		{6FF317FF-1A81-4272-A894-BFBFFB202B41}.installer_x64|Any CPU.Build.0 = Release|Any CPU
		{6FF317FF-1A81-4272-A894-BFBFFB202B41}.installer_x64|x64.ActiveCfg = Release|Any CPU
		{6FF317FF-1A81-4272-A894-BFBFFB202B41}.installer_x64|x64.Build.0 = Release|Any CPU
		{6FF317FF-1A81-4272-A894-BFBFFB202B41}.installer_x64|x86.ActiveCfg = Release|Any CPU
		{6FF317FF-1A81-4272-A894-BFBFFB202B41}.installer_x64|x86.Build.0 = Release|Any CPU
		{6FF317FF-1A81-4272-A894-BFBFFB202B41}.mysqli_X64_release|Any CPU.ActiveCfg = Release|Any CPU
		{6FF317FF-1A81-4272-A894-BFBFFB202B41}.mysqli_X64_release|Any CPU.Build.0 = Release|Any CPU
		{6FF317FF-1A81-4272-A894-BFBFFB202B41}.mysqli_X64_release|x64.ActiveCfg = Release|Any CPU
		{6FF317FF-1A81-4272-A894-BFBFFB202B41}.mysqli_X64_release|x64.Build.0 = Release|Any CPU
		{6FF317FF-1A81-4272-A894-BFBFFB202B41}.mysqli_X64_release|x86.ActiveCfg = Release|Any CPU
		{6FF317FF-1A81-4272-A894-BFBFFB202B41}.mysqli_X64_release|x86.Build.0 = Release|Any CPU
		{6FF317FF-1A81-4272-A894-BFBFFB202B41}.Publish|Any CPU.ActiveCfg = Release|Any CPU
		{6FF317FF-1A81-4272-A894-BFBFFB202B41}.Publish|Any CPU.Build.0 = Release|Any CPU
		{6FF317FF-1A81-4272-A894-BFBFFB202B41}.Publish|x64.ActiveCfg = Release|Any CPU
		{6FF317FF-1A81-4272-A894-BFBFFB202B41}.Publish|x64.Build.0 = Release|Any CPU
		{6FF317FF-1A81-4272-A894-BFBFFB202B41}.Publish|x86.ActiveCfg = Release|Any CPU
		{6FF317FF-1A81-4272-A894-BFBFFB202B41}.Publish|x86.Build.0 = Release|Any CPU
		{6FF317FF-1A81-4272-A894-BFBFFB202B41}.Release|Any CPU.ActiveCfg = Release|Any CPU
		{6FF317FF-1A81-4272-A894-BFBFFB202B41}.Release|Any CPU.Build.0 = Release|Any CPU
		{6FF317FF-1A81-4272-A894-BFBFFB202B41}.Release|x64.ActiveCfg = Release|Any CPU
		{6FF317FF-1A81-4272-A894-BFBFFB202B41}.Release|x64.Build.0 = Release|Any CPU
		{6FF317FF-1A81-4272-A894-BFBFFB202B41}.Release|x86.ActiveCfg = Release|Any CPU
		{6FF317FF-1A81-4272-A894-BFBFFB202B41}.Release|x86.Build.0 = Release|Any CPU
		{6FF317FF-1A81-4272-A894-BFBFFB202B41}.Release2|Any CPU.ActiveCfg = Release|Any CPU
		{6FF317FF-1A81-4272-A894-BFBFFB202B41}.Release2|Any CPU.Build.0 = Release|Any CPU
		{6FF317FF-1A81-4272-A894-BFBFFB202B41}.Release2|x64.ActiveCfg = Release|Any CPU
		{6FF317FF-1A81-4272-A894-BFBFFB202B41}.Release2|x64.Build.0 = Release|Any CPU
		{6FF317FF-1A81-4272-A894-BFBFFB202B41}.Release2|x86.ActiveCfg = Release|Any CPU
		{6FF317FF-1A81-4272-A894-BFBFFB202B41}.Release2|x86.Build.0 = Release|Any CPU
		{6FF317FF-1A81-4272-A894-BFBFFB202B41}.sciBASIC.NET-test-release|Any CPU.ActiveCfg = Release|Any CPU
		{6FF317FF-1A81-4272-A894-BFBFFB202B41}.sciBASIC.NET-test-release|Any CPU.Build.0 = Release|Any CPU
		{6FF317FF-1A81-4272-A894-BFBFFB202B41}.sciBASIC.NET-test-release|x64.ActiveCfg = Release|Any CPU
		{6FF317FF-1A81-4272-A894-BFBFFB202B41}.sciBASIC.NET-test-release|x64.Build.0 = Release|Any CPU
		{6FF317FF-1A81-4272-A894-BFBFFB202B41}.sciBASIC.NET-test-release|x86.ActiveCfg = Release|Any CPU
		{6FF317FF-1A81-4272-A894-BFBFFB202B41}.sciBASIC.NET-test-release|x86.Build.0 = Release|Any CPU
		{EE77E974-0120-4D75-BCA5-953B4F56D6E3}.Biodeep|Any CPU.ActiveCfg = Release|Any CPU
		{EE77E974-0120-4D75-BCA5-953B4F56D6E3}.Biodeep|Any CPU.Build.0 = Release|Any CPU
		{EE77E974-0120-4D75-BCA5-953B4F56D6E3}.Biodeep|x64.ActiveCfg = Release|Any CPU
		{EE77E974-0120-4D75-BCA5-953B4F56D6E3}.Biodeep|x64.Build.0 = Release|Any CPU
		{EE77E974-0120-4D75-BCA5-953B4F56D6E3}.Biodeep|x86.ActiveCfg = Release|Any CPU
		{EE77E974-0120-4D75-BCA5-953B4F56D6E3}.Biodeep|x86.Build.0 = Release|Any CPU
		{EE77E974-0120-4D75-BCA5-953B4F56D6E3}.Debug|Any CPU.ActiveCfg = Debug|Any CPU
		{EE77E974-0120-4D75-BCA5-953B4F56D6E3}.Debug|Any CPU.Build.0 = Debug|Any CPU
		{EE77E974-0120-4D75-BCA5-953B4F56D6E3}.Debug|x64.ActiveCfg = Debug|Any CPU
		{EE77E974-0120-4D75-BCA5-953B4F56D6E3}.Debug|x64.Build.0 = Debug|Any CPU
		{EE77E974-0120-4D75-BCA5-953B4F56D6E3}.Debug|x86.ActiveCfg = Debug|Any CPU
		{EE77E974-0120-4D75-BCA5-953B4F56D6E3}.Debug|x86.Build.0 = Debug|Any CPU
		{EE77E974-0120-4D75-BCA5-953B4F56D6E3}.DEMO|Any CPU.ActiveCfg = Debug|Any CPU
		{EE77E974-0120-4D75-BCA5-953B4F56D6E3}.DEMO|Any CPU.Build.0 = Debug|Any CPU
		{EE77E974-0120-4D75-BCA5-953B4F56D6E3}.DEMO|x64.ActiveCfg = Debug|Any CPU
		{EE77E974-0120-4D75-BCA5-953B4F56D6E3}.DEMO|x64.Build.0 = Debug|Any CPU
		{EE77E974-0120-4D75-BCA5-953B4F56D6E3}.DEMO|x86.ActiveCfg = Debug|Any CPU
		{EE77E974-0120-4D75-BCA5-953B4F56D6E3}.DEMO|x86.Build.0 = Debug|Any CPU
		{EE77E974-0120-4D75-BCA5-953B4F56D6E3}.docs|Any CPU.ActiveCfg = Debug|Any CPU
		{EE77E974-0120-4D75-BCA5-953B4F56D6E3}.docs|Any CPU.Build.0 = Debug|Any CPU
		{EE77E974-0120-4D75-BCA5-953B4F56D6E3}.docs|x64.ActiveCfg = Debug|Any CPU
		{EE77E974-0120-4D75-BCA5-953B4F56D6E3}.docs|x64.Build.0 = Debug|Any CPU
		{EE77E974-0120-4D75-BCA5-953B4F56D6E3}.docs|x86.ActiveCfg = Debug|Any CPU
		{EE77E974-0120-4D75-BCA5-953B4F56D6E3}.docs|x86.Build.0 = Debug|Any CPU
		{EE77E974-0120-4D75-BCA5-953B4F56D6E3}.GCModeller(Release_X64)|Any CPU.ActiveCfg = Release|Any CPU
		{EE77E974-0120-4D75-BCA5-953B4F56D6E3}.GCModeller(Release_X64)|Any CPU.Build.0 = Release|Any CPU
		{EE77E974-0120-4D75-BCA5-953B4F56D6E3}.GCModeller(Release_X64)|x64.ActiveCfg = Release|Any CPU
		{EE77E974-0120-4D75-BCA5-953B4F56D6E3}.GCModeller(Release_X64)|x64.Build.0 = Release|Any CPU
		{EE77E974-0120-4D75-BCA5-953B4F56D6E3}.GCModeller(Release_X64)|x86.ActiveCfg = Release|Any CPU
		{EE77E974-0120-4D75-BCA5-953B4F56D6E3}.GCModeller(Release_X64)|x86.Build.0 = Release|Any CPU
		{EE77E974-0120-4D75-BCA5-953B4F56D6E3}.installer_x64|Any CPU.ActiveCfg = Release|Any CPU
		{EE77E974-0120-4D75-BCA5-953B4F56D6E3}.installer_x64|Any CPU.Build.0 = Release|Any CPU
		{EE77E974-0120-4D75-BCA5-953B4F56D6E3}.installer_x64|x64.ActiveCfg = Release|Any CPU
		{EE77E974-0120-4D75-BCA5-953B4F56D6E3}.installer_x64|x64.Build.0 = Release|Any CPU
		{EE77E974-0120-4D75-BCA5-953B4F56D6E3}.installer_x64|x86.ActiveCfg = Release|Any CPU
		{EE77E974-0120-4D75-BCA5-953B4F56D6E3}.installer_x64|x86.Build.0 = Release|Any CPU
		{EE77E974-0120-4D75-BCA5-953B4F56D6E3}.mysqli_X64_release|Any CPU.ActiveCfg = Release|Any CPU
		{EE77E974-0120-4D75-BCA5-953B4F56D6E3}.mysqli_X64_release|Any CPU.Build.0 = Release|Any CPU
		{EE77E974-0120-4D75-BCA5-953B4F56D6E3}.mysqli_X64_release|x64.ActiveCfg = Release|Any CPU
		{EE77E974-0120-4D75-BCA5-953B4F56D6E3}.mysqli_X64_release|x64.Build.0 = Release|Any CPU
		{EE77E974-0120-4D75-BCA5-953B4F56D6E3}.mysqli_X64_release|x86.ActiveCfg = Release|Any CPU
		{EE77E974-0120-4D75-BCA5-953B4F56D6E3}.mysqli_X64_release|x86.Build.0 = Release|Any CPU
		{EE77E974-0120-4D75-BCA5-953B4F56D6E3}.Publish|Any CPU.ActiveCfg = Release|Any CPU
		{EE77E974-0120-4D75-BCA5-953B4F56D6E3}.Publish|Any CPU.Build.0 = Release|Any CPU
		{EE77E974-0120-4D75-BCA5-953B4F56D6E3}.Publish|x64.ActiveCfg = Release|Any CPU
		{EE77E974-0120-4D75-BCA5-953B4F56D6E3}.Publish|x64.Build.0 = Release|Any CPU
		{EE77E974-0120-4D75-BCA5-953B4F56D6E3}.Publish|x86.ActiveCfg = Release|Any CPU
		{EE77E974-0120-4D75-BCA5-953B4F56D6E3}.Publish|x86.Build.0 = Release|Any CPU
		{EE77E974-0120-4D75-BCA5-953B4F56D6E3}.Release|Any CPU.ActiveCfg = Release|Any CPU
		{EE77E974-0120-4D75-BCA5-953B4F56D6E3}.Release|Any CPU.Build.0 = Release|Any CPU
		{EE77E974-0120-4D75-BCA5-953B4F56D6E3}.Release|x64.ActiveCfg = Release|Any CPU
		{EE77E974-0120-4D75-BCA5-953B4F56D6E3}.Release|x64.Build.0 = Release|Any CPU
		{EE77E974-0120-4D75-BCA5-953B4F56D6E3}.Release|x86.ActiveCfg = Release|Any CPU
		{EE77E974-0120-4D75-BCA5-953B4F56D6E3}.Release|x86.Build.0 = Release|Any CPU
		{EE77E974-0120-4D75-BCA5-953B4F56D6E3}.Release2|Any CPU.ActiveCfg = Release|Any CPU
		{EE77E974-0120-4D75-BCA5-953B4F56D6E3}.Release2|Any CPU.Build.0 = Release|Any CPU
		{EE77E974-0120-4D75-BCA5-953B4F56D6E3}.Release2|x64.ActiveCfg = Release|Any CPU
		{EE77E974-0120-4D75-BCA5-953B4F56D6E3}.Release2|x64.Build.0 = Release|Any CPU
		{EE77E974-0120-4D75-BCA5-953B4F56D6E3}.Release2|x86.ActiveCfg = Release|Any CPU
		{EE77E974-0120-4D75-BCA5-953B4F56D6E3}.Release2|x86.Build.0 = Release|Any CPU
		{EE77E974-0120-4D75-BCA5-953B4F56D6E3}.sciBASIC.NET-test-release|Any CPU.ActiveCfg = Release|Any CPU
		{EE77E974-0120-4D75-BCA5-953B4F56D6E3}.sciBASIC.NET-test-release|Any CPU.Build.0 = Release|Any CPU
		{EE77E974-0120-4D75-BCA5-953B4F56D6E3}.sciBASIC.NET-test-release|x64.ActiveCfg = Release|Any CPU
		{EE77E974-0120-4D75-BCA5-953B4F56D6E3}.sciBASIC.NET-test-release|x64.Build.0 = Release|Any CPU
		{EE77E974-0120-4D75-BCA5-953B4F56D6E3}.sciBASIC.NET-test-release|x86.ActiveCfg = Release|Any CPU
		{EE77E974-0120-4D75-BCA5-953B4F56D6E3}.sciBASIC.NET-test-release|x86.Build.0 = Release|Any CPU
		{7283C179-F852-4EAD-8D8F-B82EF2CBD7DB}.Biodeep|Any CPU.ActiveCfg = Biodeep|Any CPU
		{7283C179-F852-4EAD-8D8F-B82EF2CBD7DB}.Biodeep|Any CPU.Build.0 = Biodeep|Any CPU
		{7283C179-F852-4EAD-8D8F-B82EF2CBD7DB}.Biodeep|x64.ActiveCfg = Biodeep|x64
		{7283C179-F852-4EAD-8D8F-B82EF2CBD7DB}.Biodeep|x64.Build.0 = Biodeep|x64
		{7283C179-F852-4EAD-8D8F-B82EF2CBD7DB}.Biodeep|x86.ActiveCfg = Biodeep|x86
		{7283C179-F852-4EAD-8D8F-B82EF2CBD7DB}.Biodeep|x86.Build.0 = Biodeep|x86
		{7283C179-F852-4EAD-8D8F-B82EF2CBD7DB}.Debug|Any CPU.ActiveCfg = Debug|Any CPU
		{7283C179-F852-4EAD-8D8F-B82EF2CBD7DB}.Debug|Any CPU.Build.0 = Debug|Any CPU
		{7283C179-F852-4EAD-8D8F-B82EF2CBD7DB}.Debug|x64.ActiveCfg = Debug|x64
		{7283C179-F852-4EAD-8D8F-B82EF2CBD7DB}.Debug|x64.Build.0 = Debug|x64
		{7283C179-F852-4EAD-8D8F-B82EF2CBD7DB}.Debug|x86.ActiveCfg = Debug|x86
		{7283C179-F852-4EAD-8D8F-B82EF2CBD7DB}.Debug|x86.Build.0 = Debug|x86
		{7283C179-F852-4EAD-8D8F-B82EF2CBD7DB}.DEMO|Any CPU.ActiveCfg = Debug|Any CPU
		{7283C179-F852-4EAD-8D8F-B82EF2CBD7DB}.DEMO|Any CPU.Build.0 = Debug|Any CPU
		{7283C179-F852-4EAD-8D8F-B82EF2CBD7DB}.DEMO|x64.ActiveCfg = Debug|x64
		{7283C179-F852-4EAD-8D8F-B82EF2CBD7DB}.DEMO|x64.Build.0 = Debug|x64
		{7283C179-F852-4EAD-8D8F-B82EF2CBD7DB}.DEMO|x86.ActiveCfg = Debug|x86
		{7283C179-F852-4EAD-8D8F-B82EF2CBD7DB}.DEMO|x86.Build.0 = Debug|x86
		{7283C179-F852-4EAD-8D8F-B82EF2CBD7DB}.docs|Any CPU.ActiveCfg = docs|Any CPU
		{7283C179-F852-4EAD-8D8F-B82EF2CBD7DB}.docs|Any CPU.Build.0 = docs|Any CPU
		{7283C179-F852-4EAD-8D8F-B82EF2CBD7DB}.docs|x64.ActiveCfg = docs|x64
		{7283C179-F852-4EAD-8D8F-B82EF2CBD7DB}.docs|x64.Build.0 = docs|x64
		{7283C179-F852-4EAD-8D8F-B82EF2CBD7DB}.docs|x86.ActiveCfg = docs|x86
		{7283C179-F852-4EAD-8D8F-B82EF2CBD7DB}.docs|x86.Build.0 = docs|x86
		{7283C179-F852-4EAD-8D8F-B82EF2CBD7DB}.GCModeller(Release_X64)|Any CPU.ActiveCfg = GCModeller(Release_X64)|Any CPU
		{7283C179-F852-4EAD-8D8F-B82EF2CBD7DB}.GCModeller(Release_X64)|Any CPU.Build.0 = GCModeller(Release_X64)|Any CPU
		{7283C179-F852-4EAD-8D8F-B82EF2CBD7DB}.GCModeller(Release_X64)|x64.ActiveCfg = GCModeller(Release_X64)|x64
		{7283C179-F852-4EAD-8D8F-B82EF2CBD7DB}.GCModeller(Release_X64)|x64.Build.0 = GCModeller(Release_X64)|x64
		{7283C179-F852-4EAD-8D8F-B82EF2CBD7DB}.GCModeller(Release_X64)|x86.ActiveCfg = GCModeller(Release_X64)|x86
		{7283C179-F852-4EAD-8D8F-B82EF2CBD7DB}.GCModeller(Release_X64)|x86.Build.0 = GCModeller(Release_X64)|x86
		{7283C179-F852-4EAD-8D8F-B82EF2CBD7DB}.installer_x64|Any CPU.ActiveCfg = installer_x64|Any CPU
		{7283C179-F852-4EAD-8D8F-B82EF2CBD7DB}.installer_x64|Any CPU.Build.0 = installer_x64|Any CPU
		{7283C179-F852-4EAD-8D8F-B82EF2CBD7DB}.installer_x64|x64.ActiveCfg = installer_x64|x64
		{7283C179-F852-4EAD-8D8F-B82EF2CBD7DB}.installer_x64|x64.Build.0 = installer_x64|x64
		{7283C179-F852-4EAD-8D8F-B82EF2CBD7DB}.installer_x64|x86.ActiveCfg = installer_x64|x86
		{7283C179-F852-4EAD-8D8F-B82EF2CBD7DB}.installer_x64|x86.Build.0 = installer_x64|x86
		{7283C179-F852-4EAD-8D8F-B82EF2CBD7DB}.mysqli_X64_release|Any CPU.ActiveCfg = installer_x64|Any CPU
		{7283C179-F852-4EAD-8D8F-B82EF2CBD7DB}.mysqli_X64_release|Any CPU.Build.0 = installer_x64|Any CPU
		{7283C179-F852-4EAD-8D8F-B82EF2CBD7DB}.mysqli_X64_release|x64.ActiveCfg = installer_x64|x64
		{7283C179-F852-4EAD-8D8F-B82EF2CBD7DB}.mysqli_X64_release|x64.Build.0 = installer_x64|x64
		{7283C179-F852-4EAD-8D8F-B82EF2CBD7DB}.mysqli_X64_release|x86.ActiveCfg = installer_x64|x86
		{7283C179-F852-4EAD-8D8F-B82EF2CBD7DB}.mysqli_X64_release|x86.Build.0 = installer_x64|x86
		{7283C179-F852-4EAD-8D8F-B82EF2CBD7DB}.Publish|Any CPU.ActiveCfg = Publish|Any CPU
		{7283C179-F852-4EAD-8D8F-B82EF2CBD7DB}.Publish|Any CPU.Build.0 = Publish|Any CPU
		{7283C179-F852-4EAD-8D8F-B82EF2CBD7DB}.Publish|x64.ActiveCfg = Publish|x64
		{7283C179-F852-4EAD-8D8F-B82EF2CBD7DB}.Publish|x64.Build.0 = Publish|x64
		{7283C179-F852-4EAD-8D8F-B82EF2CBD7DB}.Publish|x86.ActiveCfg = Publish|x86
		{7283C179-F852-4EAD-8D8F-B82EF2CBD7DB}.Publish|x86.Build.0 = Publish|x86
		{7283C179-F852-4EAD-8D8F-B82EF2CBD7DB}.Release|Any CPU.ActiveCfg = Release|Any CPU
		{7283C179-F852-4EAD-8D8F-B82EF2CBD7DB}.Release|Any CPU.Build.0 = Release|Any CPU
		{7283C179-F852-4EAD-8D8F-B82EF2CBD7DB}.Release|x64.ActiveCfg = Release|x64
		{7283C179-F852-4EAD-8D8F-B82EF2CBD7DB}.Release|x64.Build.0 = Release|x64
		{7283C179-F852-4EAD-8D8F-B82EF2CBD7DB}.Release|x86.ActiveCfg = Release|x86
		{7283C179-F852-4EAD-8D8F-B82EF2CBD7DB}.Release|x86.Build.0 = Release|x86
		{7283C179-F852-4EAD-8D8F-B82EF2CBD7DB}.Release2|Any CPU.ActiveCfg = Release2|Any CPU
		{7283C179-F852-4EAD-8D8F-B82EF2CBD7DB}.Release2|Any CPU.Build.0 = Release2|Any CPU
		{7283C179-F852-4EAD-8D8F-B82EF2CBD7DB}.Release2|x64.ActiveCfg = Release2|x64
		{7283C179-F852-4EAD-8D8F-B82EF2CBD7DB}.Release2|x64.Build.0 = Release2|x64
		{7283C179-F852-4EAD-8D8F-B82EF2CBD7DB}.Release2|x86.ActiveCfg = Release2|x86
		{7283C179-F852-4EAD-8D8F-B82EF2CBD7DB}.Release2|x86.Build.0 = Release2|x86
		{7283C179-F852-4EAD-8D8F-B82EF2CBD7DB}.sciBASIC.NET-test-release|Any CPU.ActiveCfg = installer_x64|Any CPU
		{7283C179-F852-4EAD-8D8F-B82EF2CBD7DB}.sciBASIC.NET-test-release|Any CPU.Build.0 = installer_x64|Any CPU
		{7283C179-F852-4EAD-8D8F-B82EF2CBD7DB}.sciBASIC.NET-test-release|x64.ActiveCfg = installer_x64|x64
		{7283C179-F852-4EAD-8D8F-B82EF2CBD7DB}.sciBASIC.NET-test-release|x64.Build.0 = installer_x64|x64
		{7283C179-F852-4EAD-8D8F-B82EF2CBD7DB}.sciBASIC.NET-test-release|x86.ActiveCfg = installer_x64|x86
		{7283C179-F852-4EAD-8D8F-B82EF2CBD7DB}.sciBASIC.NET-test-release|x86.Build.0 = installer_x64|x86
	EndGlobalSection
	GlobalSection(SolutionProperties) = preSolution
		HideSolutionNode = FALSE
	EndGlobalSection
	GlobalSection(NestedProjects) = preSolution
		{FECCE1FD-E1D4-49E3-A668-60BB5E7AED99} = {8411BC65-D873-4A4B-A364-75E6A73F8205}
		{075E1DA3-54AC-4D7C-9D4E-E34AA13910A8} = {8411BC65-D873-4A4B-A364-75E6A73F8205}
		{6FF317FF-1A81-4272-A894-BFBFFB202B41} = {8411BC65-D873-4A4B-A364-75E6A73F8205}
		{7283C179-F852-4EAD-8D8F-B82EF2CBD7DB} = {8411BC65-D873-4A4B-A364-75E6A73F8205}
	EndGlobalSection
	GlobalSection(ExtensibilityGlobals) = postSolution
		SolutionGuid = {E640689C-3DB1-4796-B277-9426CC92EF1F}
	EndGlobalSection
EndGlobal
