
Microsoft Visual Studio Solution File, Format Version 12.00
# Visual Studio Version 17
VisualStudioVersion = 17.0.31512.422
MinimumVisualStudioVersion = 10.0.40219.1
Project("{778DAE3C-4631-46EA-AA77-85C1314464D9}") = "chemoinformatics-netcore5", "chemoinformatics-netcore5.vbproj", "{2B592702-EECE-4F0E-B560-F4F7B692203C}"
EndProject
Project("{2150E333-8FDC-42A3-9474-1A3956D46DE8}") = "framework", "framework", "{923DE0A8-D7A7-4675-93DB-53961B8595D8}"
EndProject
Project("{778DAE3C-4631-46EA-AA77-85C1314464D9}") = "Core", "..\..\..\..\GCModeller\src\runtime\sciBASIC#\Microsoft.VisualBasic.Core\src\Core.vbproj", "{A7D0BAC7-B28C-4DDC-9CF1-46B0F10351BB}"
EndProject
Project("{778DAE3C-4631-46EA-AA77-85C1314464D9}") = "Math.NET5", "..\..\..\..\GCModeller\src\runtime\sciBASIC#\Data_science\Mathematica\Math\Math\Math.NET5.vbproj", "{2C604D50-FD2B-4831-AE58-301024ADB61F}"
EndProject
Project("{778DAE3C-4631-46EA-AA77-85C1314464D9}") = "stats-netcore5", "..\..\..\..\GCModeller\src\runtime\sciBASIC#\Data_science\Mathematica\Math\Math.Statistics\stats-netcore5.vbproj", "{5FA9C4C1-04E5-43CD-A67E-CC997D7A2690}"
EndProject
Project("{778DAE3C-4631-46EA-AA77-85C1314464D9}") = "unitTest", "test\unitTest.vbproj", "{67A91CAC-C66A-4FDC-AE7A-D5E7B5DBAB5C}"
EndProject
Global
	GlobalSection(SolutionConfigurationPlatforms) = preSolution
		BioDeep_database|Any CPU = BioDeep_database|Any CPU
		BioDeep_database|x64 = BioDeep_database|x64
		BioDeep_database|x86 = BioDeep_database|x86
		Biodeep_UNIX_x64|Any CPU = Biodeep_UNIX_x64|Any CPU
		Biodeep_UNIX_x64|x64 = Biodeep_UNIX_x64|x64
		Biodeep_UNIX_x64|x86 = Biodeep_UNIX_x64|x86
		Biodeep|Any CPU = Biodeep|Any CPU
		Biodeep|x64 = Biodeep|x64
		Biodeep|x86 = Biodeep|x86
		Biostack|Any CPU = Biostack|Any CPU
		Biostack|x64 = Biostack|x64
		Biostack|x86 = Biostack|x86
		Biostack-Debug|Any CPU = Biostack-Debug|Any CPU
		Biostack-Debug|x64 = Biostack-Debug|x64
		Biostack-Debug|x86 = Biostack-Debug|x86
		Debug|Any CPU = Debug|Any CPU
		Debug|x64 = Debug|x64
		Debug|x86 = Debug|x86
		DEMO|Any CPU = DEMO|Any CPU
		DEMO|x64 = DEMO|x64
		DEMO|x86 = DEMO|x86
		Docker|Any CPU = Docker|Any CPU
		Docker|x64 = Docker|x64
		Docker|x86 = Docker|x86
		docs|Any CPU = docs|Any CPU
		docs|x64 = docs|x64
		docs|x86 = docs|x86
		GCModeller(Release_X64)|Any CPU = GCModeller(Release_X64)|Any CPU
		GCModeller(Release_X64)|x64 = GCModeller(Release_X64)|x64
		GCModeller(Release_X64)|x86 = GCModeller(Release_X64)|x86
		GCModeller(UNIX-Release_X64)|Any CPU = GCModeller(UNIX-Release_X64)|Any CPU
		GCModeller(UNIX-Release_X64)|x64 = GCModeller(UNIX-Release_X64)|x64
		GCModeller(UNIX-Release_X64)|x86 = GCModeller(UNIX-Release_X64)|x86
		GTA5-game-test|Any CPU = GTA5-game-test|Any CPU
		GTA5-game-test|x64 = GTA5-game-test|x64
		GTA5-game-test|x86 = GTA5-game-test|x86
		installer_x64|Any CPU = installer_x64|Any CPU
		installer_x64|x64 = installer_x64|x64
		installer_x64|x86 = installer_x64|x86
		linux-profiler|Any CPU = linux-profiler|Any CPU
		linux-profiler|x64 = linux-profiler|x64
		linux-profiler|x86 = linux-profiler|x86
		LipidSearch|Any CPU = LipidSearch|Any CPU
		LipidSearch|x64 = LipidSearch|x64
		LipidSearch|x86 = LipidSearch|x86
		MetaCardio|Any CPU = MetaCardio|Any CPU
		MetaCardio|x64 = MetaCardio|x64
		MetaCardio|x86 = MetaCardio|x86
		mysqli_X64_release|Any CPU = mysqli_X64_release|Any CPU
		mysqli_X64_release|x64 = mysqli_X64_release|x64
		mysqli_X64_release|x86 = mysqli_X64_release|x86
		mzkit_UnixDocker|Any CPU = mzkit_UnixDocker|Any CPU
		mzkit_UnixDocker|x64 = mzkit_UnixDocker|x64
		mzkit_UnixDocker|x86 = mzkit_UnixDocker|x86
		mzkit|Any CPU = mzkit|Any CPU
		mzkit|x64 = mzkit|x64
		mzkit|x86 = mzkit|x86
		node-debug|Any CPU = node-debug|Any CPU
		node-debug|x64 = node-debug|x64
		node-debug|x86 = node-debug|x86
		NPSearch|Any CPU = NPSearch|Any CPU
		NPSearch|x64 = NPSearch|x64
		NPSearch|x86 = NPSearch|x86
		PlantMAT|Any CPU = PlantMAT|Any CPU
		PlantMAT|x64 = PlantMAT|x64
		PlantMAT|x86 = PlantMAT|x86
		ProteoWizard.d|Any CPU = ProteoWizard.d|Any CPU
		ProteoWizard.d|x64 = ProteoWizard.d|x64
		ProteoWizard.d|x86 = ProteoWizard.d|x86
		Publish|Any CPU = Publish|Any CPU
		Publish|x64 = Publish|x64
		Publish|x86 = Publish|x86
		R-dotnet|Any CPU = R-dotnet|Any CPU
		R-dotnet|x64 = R-dotnet|x64
		R-dotnet|x86 = R-dotnet|x86
		Release|Any CPU = Release|Any CPU
		Release|x64 = Release|x64
		Release|x86 = Release|x86
		Rsharp_app_release|Any CPU = Rsharp_app_release|Any CPU
		Rsharp_app_release|x64 = Rsharp_app_release|x64
		Rsharp_app_release|x86 = Rsharp_app_release|x86
		RsharpDev|Any CPU = RsharpDev|Any CPU
		RsharpDev|x64 = RsharpDev|x64
		RsharpDev|x86 = RsharpDev|x86
		sciBASIC.NET-test-release|Any CPU = sciBASIC.NET-test-release|Any CPU
		sciBASIC.NET-test-release|x64 = sciBASIC.NET-test-release|x64
		sciBASIC.NET-test-release|x86 = sciBASIC.NET-test-release|x86
		Surveillance-of-infectious-diseases|Any CPU = Surveillance-of-infectious-diseases|Any CPU
		Surveillance-of-infectious-diseases|x64 = Surveillance-of-infectious-diseases|x64
		Surveillance-of-infectious-diseases|x86 = Surveillance-of-infectious-diseases|x86
		test|Any CPU = test|Any CPU
		test|x64 = test|x64
		test|x86 = test|x86
		Voyager1|Any CPU = Voyager1|Any CPU
		Voyager1|x64 = Voyager1|x64
		Voyager1|x86 = Voyager1|x86
		WebAssembly|Any CPU = WebAssembly|Any CPU
		WebAssembly|x64 = WebAssembly|x64
		WebAssembly|x86 = WebAssembly|x86
		Yilia-Release_x64|Any CPU = Yilia-Release_x64|Any CPU
		Yilia-Release_x64|x64 = Yilia-Release_x64|x64
		Yilia-Release_x64|x86 = Yilia-Release_x64|x86
	EndGlobalSection
	GlobalSection(ProjectConfigurationPlatforms) = postSolution
		{2B592702-EECE-4F0E-B560-F4F7B692203C}.BioDeep_database|Any CPU.ActiveCfg = Debug|Any CPU
		{2B592702-EECE-4F0E-B560-F4F7B692203C}.BioDeep_database|Any CPU.Build.0 = Debug|Any CPU
		{2B592702-EECE-4F0E-B560-F4F7B692203C}.BioDeep_database|x64.ActiveCfg = Debug|Any CPU
		{2B592702-EECE-4F0E-B560-F4F7B692203C}.BioDeep_database|x64.Build.0 = Debug|Any CPU
		{2B592702-EECE-4F0E-B560-F4F7B692203C}.BioDeep_database|x86.ActiveCfg = Debug|Any CPU
		{2B592702-EECE-4F0E-B560-F4F7B692203C}.BioDeep_database|x86.Build.0 = Debug|Any CPU
		{2B592702-EECE-4F0E-B560-F4F7B692203C}.Biodeep_UNIX_x64|Any CPU.ActiveCfg = Debug|Any CPU
		{2B592702-EECE-4F0E-B560-F4F7B692203C}.Biodeep_UNIX_x64|Any CPU.Build.0 = Debug|Any CPU
		{2B592702-EECE-4F0E-B560-F4F7B692203C}.Biodeep_UNIX_x64|x64.ActiveCfg = Debug|Any CPU
		{2B592702-EECE-4F0E-B560-F4F7B692203C}.Biodeep_UNIX_x64|x64.Build.0 = Debug|Any CPU
		{2B592702-EECE-4F0E-B560-F4F7B692203C}.Biodeep_UNIX_x64|x86.ActiveCfg = Debug|Any CPU
		{2B592702-EECE-4F0E-B560-F4F7B692203C}.Biodeep_UNIX_x64|x86.Build.0 = Debug|Any CPU
		{2B592702-EECE-4F0E-B560-F4F7B692203C}.Biodeep|Any CPU.ActiveCfg = Debug|Any CPU
		{2B592702-EECE-4F0E-B560-F4F7B692203C}.Biodeep|Any CPU.Build.0 = Debug|Any CPU
		{2B592702-EECE-4F0E-B560-F4F7B692203C}.Biodeep|x64.ActiveCfg = Debug|Any CPU
		{2B592702-EECE-4F0E-B560-F4F7B692203C}.Biodeep|x64.Build.0 = Debug|Any CPU
		{2B592702-EECE-4F0E-B560-F4F7B692203C}.Biodeep|x86.ActiveCfg = Debug|Any CPU
		{2B592702-EECE-4F0E-B560-F4F7B692203C}.Biodeep|x86.Build.0 = Debug|Any CPU
		{2B592702-EECE-4F0E-B560-F4F7B692203C}.Biostack|Any CPU.ActiveCfg = Debug|Any CPU
		{2B592702-EECE-4F0E-B560-F4F7B692203C}.Biostack|Any CPU.Build.0 = Debug|Any CPU
		{2B592702-EECE-4F0E-B560-F4F7B692203C}.Biostack|x64.ActiveCfg = Debug|Any CPU
		{2B592702-EECE-4F0E-B560-F4F7B692203C}.Biostack|x64.Build.0 = Debug|Any CPU
		{2B592702-EECE-4F0E-B560-F4F7B692203C}.Biostack|x86.ActiveCfg = Debug|Any CPU
		{2B592702-EECE-4F0E-B560-F4F7B692203C}.Biostack|x86.Build.0 = Debug|Any CPU
		{2B592702-EECE-4F0E-B560-F4F7B692203C}.Biostack-Debug|Any CPU.ActiveCfg = Debug|Any CPU
		{2B592702-EECE-4F0E-B560-F4F7B692203C}.Biostack-Debug|Any CPU.Build.0 = Debug|Any CPU
		{2B592702-EECE-4F0E-B560-F4F7B692203C}.Biostack-Debug|x64.ActiveCfg = Debug|Any CPU
		{2B592702-EECE-4F0E-B560-F4F7B692203C}.Biostack-Debug|x64.Build.0 = Debug|Any CPU
		{2B592702-EECE-4F0E-B560-F4F7B692203C}.Biostack-Debug|x86.ActiveCfg = Debug|Any CPU
		{2B592702-EECE-4F0E-B560-F4F7B692203C}.Biostack-Debug|x86.Build.0 = Debug|Any CPU
		{2B592702-EECE-4F0E-B560-F4F7B692203C}.Debug|Any CPU.ActiveCfg = Debug|Any CPU
		{2B592702-EECE-4F0E-B560-F4F7B692203C}.Debug|Any CPU.Build.0 = Debug|Any CPU
		{2B592702-EECE-4F0E-B560-F4F7B692203C}.Debug|x64.ActiveCfg = Debug|x64
		{2B592702-EECE-4F0E-B560-F4F7B692203C}.Debug|x64.Build.0 = Debug|x64
		{2B592702-EECE-4F0E-B560-F4F7B692203C}.Debug|x86.ActiveCfg = Debug|Any CPU
		{2B592702-EECE-4F0E-B560-F4F7B692203C}.Debug|x86.Build.0 = Debug|Any CPU
		{2B592702-EECE-4F0E-B560-F4F7B692203C}.DEMO|Any CPU.ActiveCfg = Debug|Any CPU
		{2B592702-EECE-4F0E-B560-F4F7B692203C}.DEMO|Any CPU.Build.0 = Debug|Any CPU
		{2B592702-EECE-4F0E-B560-F4F7B692203C}.DEMO|x64.ActiveCfg = Debug|Any CPU
		{2B592702-EECE-4F0E-B560-F4F7B692203C}.DEMO|x64.Build.0 = Debug|Any CPU
		{2B592702-EECE-4F0E-B560-F4F7B692203C}.DEMO|x86.ActiveCfg = Debug|Any CPU
		{2B592702-EECE-4F0E-B560-F4F7B692203C}.DEMO|x86.Build.0 = Debug|Any CPU
		{2B592702-EECE-4F0E-B560-F4F7B692203C}.Docker|Any CPU.ActiveCfg = Debug|Any CPU
		{2B592702-EECE-4F0E-B560-F4F7B692203C}.Docker|Any CPU.Build.0 = Debug|Any CPU
		{2B592702-EECE-4F0E-B560-F4F7B692203C}.Docker|x64.ActiveCfg = Debug|Any CPU
		{2B592702-EECE-4F0E-B560-F4F7B692203C}.Docker|x64.Build.0 = Debug|Any CPU
		{2B592702-EECE-4F0E-B560-F4F7B692203C}.Docker|x86.ActiveCfg = Debug|Any CPU
		{2B592702-EECE-4F0E-B560-F4F7B692203C}.Docker|x86.Build.0 = Debug|Any CPU
		{2B592702-EECE-4F0E-B560-F4F7B692203C}.docs|Any CPU.ActiveCfg = Debug|Any CPU
		{2B592702-EECE-4F0E-B560-F4F7B692203C}.docs|Any CPU.Build.0 = Debug|Any CPU
		{2B592702-EECE-4F0E-B560-F4F7B692203C}.docs|x64.ActiveCfg = Debug|Any CPU
		{2B592702-EECE-4F0E-B560-F4F7B692203C}.docs|x64.Build.0 = Debug|Any CPU
		{2B592702-EECE-4F0E-B560-F4F7B692203C}.docs|x86.ActiveCfg = Debug|Any CPU
		{2B592702-EECE-4F0E-B560-F4F7B692203C}.docs|x86.Build.0 = Debug|Any CPU
		{2B592702-EECE-4F0E-B560-F4F7B692203C}.GCModeller(Release_X64)|Any CPU.ActiveCfg = Release|Any CPU
		{2B592702-EECE-4F0E-B560-F4F7B692203C}.GCModeller(Release_X64)|Any CPU.Build.0 = Release|Any CPU
		{2B592702-EECE-4F0E-B560-F4F7B692203C}.GCModeller(Release_X64)|x64.ActiveCfg = Release|Any CPU
		{2B592702-EECE-4F0E-B560-F4F7B692203C}.GCModeller(Release_X64)|x64.Build.0 = Release|Any CPU
		{2B592702-EECE-4F0E-B560-F4F7B692203C}.GCModeller(Release_X64)|x86.ActiveCfg = Release|Any CPU
		{2B592702-EECE-4F0E-B560-F4F7B692203C}.GCModeller(Release_X64)|x86.Build.0 = Release|Any CPU
		{2B592702-EECE-4F0E-B560-F4F7B692203C}.GCModeller(UNIX-Release_X64)|Any CPU.ActiveCfg = Release|Any CPU
		{2B592702-EECE-4F0E-B560-F4F7B692203C}.GCModeller(UNIX-Release_X64)|Any CPU.Build.0 = Release|Any CPU
		{2B592702-EECE-4F0E-B560-F4F7B692203C}.GCModeller(UNIX-Release_X64)|x64.ActiveCfg = Release|Any CPU
		{2B592702-EECE-4F0E-B560-F4F7B692203C}.GCModeller(UNIX-Release_X64)|x64.Build.0 = Release|Any CPU
		{2B592702-EECE-4F0E-B560-F4F7B692203C}.GCModeller(UNIX-Release_X64)|x86.ActiveCfg = Release|Any CPU
		{2B592702-EECE-4F0E-B560-F4F7B692203C}.GCModeller(UNIX-Release_X64)|x86.Build.0 = Release|Any CPU
		{2B592702-EECE-4F0E-B560-F4F7B692203C}.GTA5-game-test|Any CPU.ActiveCfg = Debug|Any CPU
		{2B592702-EECE-4F0E-B560-F4F7B692203C}.GTA5-game-test|Any CPU.Build.0 = Debug|Any CPU
		{2B592702-EECE-4F0E-B560-F4F7B692203C}.GTA5-game-test|x64.ActiveCfg = Debug|Any CPU
		{2B592702-EECE-4F0E-B560-F4F7B692203C}.GTA5-game-test|x64.Build.0 = Debug|Any CPU
		{2B592702-EECE-4F0E-B560-F4F7B692203C}.GTA5-game-test|x86.ActiveCfg = Debug|Any CPU
		{2B592702-EECE-4F0E-B560-F4F7B692203C}.GTA5-game-test|x86.Build.0 = Debug|Any CPU
		{2B592702-EECE-4F0E-B560-F4F7B692203C}.installer_x64|Any CPU.ActiveCfg = Debug|Any CPU
		{2B592702-EECE-4F0E-B560-F4F7B692203C}.installer_x64|Any CPU.Build.0 = Debug|Any CPU
		{2B592702-EECE-4F0E-B560-F4F7B692203C}.installer_x64|x64.ActiveCfg = Debug|Any CPU
		{2B592702-EECE-4F0E-B560-F4F7B692203C}.installer_x64|x64.Build.0 = Debug|Any CPU
		{2B592702-EECE-4F0E-B560-F4F7B692203C}.installer_x64|x86.ActiveCfg = Debug|Any CPU
		{2B592702-EECE-4F0E-B560-F4F7B692203C}.installer_x64|x86.Build.0 = Debug|Any CPU
		{2B592702-EECE-4F0E-B560-F4F7B692203C}.linux-profiler|Any CPU.ActiveCfg = Debug|Any CPU
		{2B592702-EECE-4F0E-B560-F4F7B692203C}.linux-profiler|Any CPU.Build.0 = Debug|Any CPU
		{2B592702-EECE-4F0E-B560-F4F7B692203C}.linux-profiler|x64.ActiveCfg = Debug|Any CPU
		{2B592702-EECE-4F0E-B560-F4F7B692203C}.linux-profiler|x64.Build.0 = Debug|Any CPU
		{2B592702-EECE-4F0E-B560-F4F7B692203C}.linux-profiler|x86.ActiveCfg = Debug|Any CPU
		{2B592702-EECE-4F0E-B560-F4F7B692203C}.linux-profiler|x86.Build.0 = Debug|Any CPU
		{2B592702-EECE-4F0E-B560-F4F7B692203C}.LipidSearch|Any CPU.ActiveCfg = Debug|Any CPU
		{2B592702-EECE-4F0E-B560-F4F7B692203C}.LipidSearch|Any CPU.Build.0 = Debug|Any CPU
		{2B592702-EECE-4F0E-B560-F4F7B692203C}.LipidSearch|x64.ActiveCfg = Debug|Any CPU
		{2B592702-EECE-4F0E-B560-F4F7B692203C}.LipidSearch|x64.Build.0 = Debug|Any CPU
		{2B592702-EECE-4F0E-B560-F4F7B692203C}.LipidSearch|x86.ActiveCfg = Debug|Any CPU
		{2B592702-EECE-4F0E-B560-F4F7B692203C}.LipidSearch|x86.Build.0 = Debug|Any CPU
		{2B592702-EECE-4F0E-B560-F4F7B692203C}.MetaCardio|Any CPU.ActiveCfg = Debug|Any CPU
		{2B592702-EECE-4F0E-B560-F4F7B692203C}.MetaCardio|Any CPU.Build.0 = Debug|Any CPU
		{2B592702-EECE-4F0E-B560-F4F7B692203C}.MetaCardio|x64.ActiveCfg = Debug|Any CPU
		{2B592702-EECE-4F0E-B560-F4F7B692203C}.MetaCardio|x64.Build.0 = Debug|Any CPU
		{2B592702-EECE-4F0E-B560-F4F7B692203C}.MetaCardio|x86.ActiveCfg = Debug|Any CPU
		{2B592702-EECE-4F0E-B560-F4F7B692203C}.MetaCardio|x86.Build.0 = Debug|Any CPU
		{2B592702-EECE-4F0E-B560-F4F7B692203C}.mysqli_X64_release|Any CPU.ActiveCfg = Debug|Any CPU
		{2B592702-EECE-4F0E-B560-F4F7B692203C}.mysqli_X64_release|Any CPU.Build.0 = Debug|Any CPU
		{2B592702-EECE-4F0E-B560-F4F7B692203C}.mysqli_X64_release|x64.ActiveCfg = Debug|Any CPU
		{2B592702-EECE-4F0E-B560-F4F7B692203C}.mysqli_X64_release|x64.Build.0 = Debug|Any CPU
		{2B592702-EECE-4F0E-B560-F4F7B692203C}.mysqli_X64_release|x86.ActiveCfg = Debug|Any CPU
		{2B592702-EECE-4F0E-B560-F4F7B692203C}.mysqli_X64_release|x86.Build.0 = Debug|Any CPU
		{2B592702-EECE-4F0E-B560-F4F7B692203C}.mzkit_UnixDocker|Any CPU.ActiveCfg = Debug|Any CPU
		{2B592702-EECE-4F0E-B560-F4F7B692203C}.mzkit_UnixDocker|Any CPU.Build.0 = Debug|Any CPU
		{2B592702-EECE-4F0E-B560-F4F7B692203C}.mzkit_UnixDocker|x64.ActiveCfg = Debug|Any CPU
		{2B592702-EECE-4F0E-B560-F4F7B692203C}.mzkit_UnixDocker|x64.Build.0 = Debug|Any CPU
		{2B592702-EECE-4F0E-B560-F4F7B692203C}.mzkit_UnixDocker|x86.ActiveCfg = Debug|Any CPU
		{2B592702-EECE-4F0E-B560-F4F7B692203C}.mzkit_UnixDocker|x86.Build.0 = Debug|Any CPU
		{2B592702-EECE-4F0E-B560-F4F7B692203C}.mzkit|Any CPU.ActiveCfg = Debug|Any CPU
		{2B592702-EECE-4F0E-B560-F4F7B692203C}.mzkit|Any CPU.Build.0 = Debug|Any CPU
		{2B592702-EECE-4F0E-B560-F4F7B692203C}.mzkit|x64.ActiveCfg = Debug|Any CPU
		{2B592702-EECE-4F0E-B560-F4F7B692203C}.mzkit|x64.Build.0 = Debug|Any CPU
		{2B592702-EECE-4F0E-B560-F4F7B692203C}.mzkit|x86.ActiveCfg = Debug|Any CPU
		{2B592702-EECE-4F0E-B560-F4F7B692203C}.mzkit|x86.Build.0 = Debug|Any CPU
		{2B592702-EECE-4F0E-B560-F4F7B692203C}.node-debug|Any CPU.ActiveCfg = Debug|Any CPU
		{2B592702-EECE-4F0E-B560-F4F7B692203C}.node-debug|Any CPU.Build.0 = Debug|Any CPU
		{2B592702-EECE-4F0E-B560-F4F7B692203C}.node-debug|x64.ActiveCfg = Debug|Any CPU
		{2B592702-EECE-4F0E-B560-F4F7B692203C}.node-debug|x64.Build.0 = Debug|Any CPU
		{2B592702-EECE-4F0E-B560-F4F7B692203C}.node-debug|x86.ActiveCfg = Debug|Any CPU
		{2B592702-EECE-4F0E-B560-F4F7B692203C}.node-debug|x86.Build.0 = Debug|Any CPU
		{2B592702-EECE-4F0E-B560-F4F7B692203C}.NPSearch|Any CPU.ActiveCfg = NPSearch|Any CPU
		{2B592702-EECE-4F0E-B560-F4F7B692203C}.NPSearch|Any CPU.Build.0 = NPSearch|Any CPU
		{2B592702-EECE-4F0E-B560-F4F7B692203C}.NPSearch|x64.ActiveCfg = NPSearch|x64
		{2B592702-EECE-4F0E-B560-F4F7B692203C}.NPSearch|x64.Build.0 = NPSearch|x64
		{2B592702-EECE-4F0E-B560-F4F7B692203C}.NPSearch|x86.ActiveCfg = NPSearch|Any CPU
		{2B592702-EECE-4F0E-B560-F4F7B692203C}.NPSearch|x86.Build.0 = NPSearch|Any CPU
		{2B592702-EECE-4F0E-B560-F4F7B692203C}.PlantMAT|Any CPU.ActiveCfg = Debug|Any CPU
		{2B592702-EECE-4F0E-B560-F4F7B692203C}.PlantMAT|Any CPU.Build.0 = Debug|Any CPU
		{2B592702-EECE-4F0E-B560-F4F7B692203C}.PlantMAT|x64.ActiveCfg = Debug|Any CPU
		{2B592702-EECE-4F0E-B560-F4F7B692203C}.PlantMAT|x64.Build.0 = Debug|Any CPU
		{2B592702-EECE-4F0E-B560-F4F7B692203C}.PlantMAT|x86.ActiveCfg = Debug|Any CPU
		{2B592702-EECE-4F0E-B560-F4F7B692203C}.PlantMAT|x86.Build.0 = Debug|Any CPU
		{2B592702-EECE-4F0E-B560-F4F7B692203C}.ProteoWizard.d|Any CPU.ActiveCfg = Debug|Any CPU
		{2B592702-EECE-4F0E-B560-F4F7B692203C}.ProteoWizard.d|Any CPU.Build.0 = Debug|Any CPU
		{2B592702-EECE-4F0E-B560-F4F7B692203C}.ProteoWizard.d|x64.ActiveCfg = Debug|Any CPU
		{2B592702-EECE-4F0E-B560-F4F7B692203C}.ProteoWizard.d|x64.Build.0 = Debug|Any CPU
		{2B592702-EECE-4F0E-B560-F4F7B692203C}.ProteoWizard.d|x86.ActiveCfg = Debug|Any CPU
		{2B592702-EECE-4F0E-B560-F4F7B692203C}.ProteoWizard.d|x86.Build.0 = Debug|Any CPU
		{2B592702-EECE-4F0E-B560-F4F7B692203C}.Publish|Any CPU.ActiveCfg = Debug|Any CPU
		{2B592702-EECE-4F0E-B560-F4F7B692203C}.Publish|Any CPU.Build.0 = Debug|Any CPU
		{2B592702-EECE-4F0E-B560-F4F7B692203C}.Publish|x64.ActiveCfg = Debug|Any CPU
		{2B592702-EECE-4F0E-B560-F4F7B692203C}.Publish|x64.Build.0 = Debug|Any CPU
		{2B592702-EECE-4F0E-B560-F4F7B692203C}.Publish|x86.ActiveCfg = Debug|Any CPU
		{2B592702-EECE-4F0E-B560-F4F7B692203C}.Publish|x86.Build.0 = Debug|Any CPU
		{2B592702-EECE-4F0E-B560-F4F7B692203C}.R-dotnet|Any CPU.ActiveCfg = Release|Any CPU
		{2B592702-EECE-4F0E-B560-F4F7B692203C}.R-dotnet|Any CPU.Build.0 = Release|Any CPU
		{2B592702-EECE-4F0E-B560-F4F7B692203C}.R-dotnet|x64.ActiveCfg = Release|Any CPU
		{2B592702-EECE-4F0E-B560-F4F7B692203C}.R-dotnet|x64.Build.0 = Release|Any CPU
		{2B592702-EECE-4F0E-B560-F4F7B692203C}.R-dotnet|x86.ActiveCfg = Release|Any CPU
		{2B592702-EECE-4F0E-B560-F4F7B692203C}.R-dotnet|x86.Build.0 = Release|Any CPU
		{2B592702-EECE-4F0E-B560-F4F7B692203C}.Release|Any CPU.ActiveCfg = Release|Any CPU
		{2B592702-EECE-4F0E-B560-F4F7B692203C}.Release|Any CPU.Build.0 = Release|Any CPU
		{2B592702-EECE-4F0E-B560-F4F7B692203C}.Release|x64.ActiveCfg = Release|Any CPU
		{2B592702-EECE-4F0E-B560-F4F7B692203C}.Release|x64.Build.0 = Release|Any CPU
		{2B592702-EECE-4F0E-B560-F4F7B692203C}.Release|x86.ActiveCfg = Release|Any CPU
		{2B592702-EECE-4F0E-B560-F4F7B692203C}.Release|x86.Build.0 = Release|Any CPU
		{2B592702-EECE-4F0E-B560-F4F7B692203C}.Rsharp_app_release|Any CPU.ActiveCfg = Release|Any CPU
		{2B592702-EECE-4F0E-B560-F4F7B692203C}.Rsharp_app_release|Any CPU.Build.0 = Release|Any CPU
		{2B592702-EECE-4F0E-B560-F4F7B692203C}.Rsharp_app_release|x64.ActiveCfg = Release|Any CPU
		{2B592702-EECE-4F0E-B560-F4F7B692203C}.Rsharp_app_release|x64.Build.0 = Release|Any CPU
		{2B592702-EECE-4F0E-B560-F4F7B692203C}.Rsharp_app_release|x86.ActiveCfg = Release|Any CPU
		{2B592702-EECE-4F0E-B560-F4F7B692203C}.Rsharp_app_release|x86.Build.0 = Release|Any CPU
		{2B592702-EECE-4F0E-B560-F4F7B692203C}.RsharpDev|Any CPU.ActiveCfg = Release|Any CPU
		{2B592702-EECE-4F0E-B560-F4F7B692203C}.RsharpDev|Any CPU.Build.0 = Release|Any CPU
		{2B592702-EECE-4F0E-B560-F4F7B692203C}.RsharpDev|x64.ActiveCfg = Release|Any CPU
		{2B592702-EECE-4F0E-B560-F4F7B692203C}.RsharpDev|x64.Build.0 = Release|Any CPU
		{2B592702-EECE-4F0E-B560-F4F7B692203C}.RsharpDev|x86.ActiveCfg = Release|Any CPU
		{2B592702-EECE-4F0E-B560-F4F7B692203C}.RsharpDev|x86.Build.0 = Release|Any CPU
		{2B592702-EECE-4F0E-B560-F4F7B692203C}.sciBASIC.NET-test-release|Any CPU.ActiveCfg = Debug|Any CPU
		{2B592702-EECE-4F0E-B560-F4F7B692203C}.sciBASIC.NET-test-release|Any CPU.Build.0 = Debug|Any CPU
		{2B592702-EECE-4F0E-B560-F4F7B692203C}.sciBASIC.NET-test-release|x64.ActiveCfg = Debug|Any CPU
		{2B592702-EECE-4F0E-B560-F4F7B692203C}.sciBASIC.NET-test-release|x64.Build.0 = Debug|Any CPU
		{2B592702-EECE-4F0E-B560-F4F7B692203C}.sciBASIC.NET-test-release|x86.ActiveCfg = Debug|Any CPU
		{2B592702-EECE-4F0E-B560-F4F7B692203C}.sciBASIC.NET-test-release|x86.Build.0 = Debug|Any CPU
		{2B592702-EECE-4F0E-B560-F4F7B692203C}.Surveillance-of-infectious-diseases|Any CPU.ActiveCfg = Debug|Any CPU
		{2B592702-EECE-4F0E-B560-F4F7B692203C}.Surveillance-of-infectious-diseases|Any CPU.Build.0 = Debug|Any CPU
		{2B592702-EECE-4F0E-B560-F4F7B692203C}.Surveillance-of-infectious-diseases|x64.ActiveCfg = Debug|Any CPU
		{2B592702-EECE-4F0E-B560-F4F7B692203C}.Surveillance-of-infectious-diseases|x64.Build.0 = Debug|Any CPU
		{2B592702-EECE-4F0E-B560-F4F7B692203C}.Surveillance-of-infectious-diseases|x86.ActiveCfg = Debug|Any CPU
		{2B592702-EECE-4F0E-B560-F4F7B692203C}.Surveillance-of-infectious-diseases|x86.Build.0 = Debug|Any CPU
		{2B592702-EECE-4F0E-B560-F4F7B692203C}.test|Any CPU.ActiveCfg = Debug|Any CPU
		{2B592702-EECE-4F0E-B560-F4F7B692203C}.test|Any CPU.Build.0 = Debug|Any CPU
		{2B592702-EECE-4F0E-B560-F4F7B692203C}.test|x64.ActiveCfg = Debug|Any CPU
		{2B592702-EECE-4F0E-B560-F4F7B692203C}.test|x64.Build.0 = Debug|Any CPU
		{2B592702-EECE-4F0E-B560-F4F7B692203C}.test|x86.ActiveCfg = Debug|Any CPU
		{2B592702-EECE-4F0E-B560-F4F7B692203C}.test|x86.Build.0 = Debug|Any CPU
		{2B592702-EECE-4F0E-B560-F4F7B692203C}.Voyager1|Any CPU.ActiveCfg = Debug|Any CPU
		{2B592702-EECE-4F0E-B560-F4F7B692203C}.Voyager1|Any CPU.Build.0 = Debug|Any CPU
		{2B592702-EECE-4F0E-B560-F4F7B692203C}.Voyager1|x64.ActiveCfg = Debug|Any CPU
		{2B592702-EECE-4F0E-B560-F4F7B692203C}.Voyager1|x64.Build.0 = Debug|Any CPU
		{2B592702-EECE-4F0E-B560-F4F7B692203C}.Voyager1|x86.ActiveCfg = Debug|Any CPU
		{2B592702-EECE-4F0E-B560-F4F7B692203C}.Voyager1|x86.Build.0 = Debug|Any CPU
		{2B592702-EECE-4F0E-B560-F4F7B692203C}.WebAssembly|Any CPU.ActiveCfg = Debug|Any CPU
		{2B592702-EECE-4F0E-B560-F4F7B692203C}.WebAssembly|Any CPU.Build.0 = Debug|Any CPU
		{2B592702-EECE-4F0E-B560-F4F7B692203C}.WebAssembly|x64.ActiveCfg = Debug|Any CPU
		{2B592702-EECE-4F0E-B560-F4F7B692203C}.WebAssembly|x64.Build.0 = Debug|Any CPU
		{2B592702-EECE-4F0E-B560-F4F7B692203C}.WebAssembly|x86.ActiveCfg = Debug|Any CPU
		{2B592702-EECE-4F0E-B560-F4F7B692203C}.WebAssembly|x86.Build.0 = Debug|Any CPU
		{2B592702-EECE-4F0E-B560-F4F7B692203C}.Yilia-Release_x64|Any CPU.ActiveCfg = Release|Any CPU
		{2B592702-EECE-4F0E-B560-F4F7B692203C}.Yilia-Release_x64|Any CPU.Build.0 = Release|Any CPU
		{2B592702-EECE-4F0E-B560-F4F7B692203C}.Yilia-Release_x64|x64.ActiveCfg = Release|Any CPU
		{2B592702-EECE-4F0E-B560-F4F7B692203C}.Yilia-Release_x64|x64.Build.0 = Release|Any CPU
		{2B592702-EECE-4F0E-B560-F4F7B692203C}.Yilia-Release_x64|x86.ActiveCfg = Release|Any CPU
		{2B592702-EECE-4F0E-B560-F4F7B692203C}.Yilia-Release_x64|x86.Build.0 = Release|Any CPU
		{A7D0BAC7-B28C-4DDC-9CF1-46B0F10351BB}.BioDeep_database|Any CPU.ActiveCfg = Debug|Any CPU
		{A7D0BAC7-B28C-4DDC-9CF1-46B0F10351BB}.BioDeep_database|Any CPU.Build.0 = Debug|Any CPU
		{A7D0BAC7-B28C-4DDC-9CF1-46B0F10351BB}.BioDeep_database|x64.ActiveCfg = Debug|x64
		{A7D0BAC7-B28C-4DDC-9CF1-46B0F10351BB}.BioDeep_database|x64.Build.0 = Debug|x64
		{A7D0BAC7-B28C-4DDC-9CF1-46B0F10351BB}.BioDeep_database|x86.ActiveCfg = Debug|Any CPU
		{A7D0BAC7-B28C-4DDC-9CF1-46B0F10351BB}.BioDeep_database|x86.Build.0 = Debug|Any CPU
		{A7D0BAC7-B28C-4DDC-9CF1-46B0F10351BB}.Biodeep_UNIX_x64|Any CPU.ActiveCfg = Debug|Any CPU
		{A7D0BAC7-B28C-4DDC-9CF1-46B0F10351BB}.Biodeep_UNIX_x64|Any CPU.Build.0 = Debug|Any CPU
		{A7D0BAC7-B28C-4DDC-9CF1-46B0F10351BB}.Biodeep_UNIX_x64|x64.ActiveCfg = Debug|x64
		{A7D0BAC7-B28C-4DDC-9CF1-46B0F10351BB}.Biodeep_UNIX_x64|x64.Build.0 = Debug|x64
		{A7D0BAC7-B28C-4DDC-9CF1-46B0F10351BB}.Biodeep_UNIX_x64|x86.ActiveCfg = Debug|Any CPU
		{A7D0BAC7-B28C-4DDC-9CF1-46B0F10351BB}.Biodeep_UNIX_x64|x86.Build.0 = Debug|Any CPU
		{A7D0BAC7-B28C-4DDC-9CF1-46B0F10351BB}.Biodeep|Any CPU.ActiveCfg = Debug|Any CPU
		{A7D0BAC7-B28C-4DDC-9CF1-46B0F10351BB}.Biodeep|Any CPU.Build.0 = Debug|Any CPU
		{A7D0BAC7-B28C-4DDC-9CF1-46B0F10351BB}.Biodeep|x64.ActiveCfg = Debug|x64
		{A7D0BAC7-B28C-4DDC-9CF1-46B0F10351BB}.Biodeep|x64.Build.0 = Debug|x64
		{A7D0BAC7-B28C-4DDC-9CF1-46B0F10351BB}.Biodeep|x86.ActiveCfg = Debug|Any CPU
		{A7D0BAC7-B28C-4DDC-9CF1-46B0F10351BB}.Biodeep|x86.Build.0 = Debug|Any CPU
		{A7D0BAC7-B28C-4DDC-9CF1-46B0F10351BB}.Biostack|Any CPU.ActiveCfg = Debug|Any CPU
		{A7D0BAC7-B28C-4DDC-9CF1-46B0F10351BB}.Biostack|Any CPU.Build.0 = Debug|Any CPU
		{A7D0BAC7-B28C-4DDC-9CF1-46B0F10351BB}.Biostack|x64.ActiveCfg = Debug|x64
		{A7D0BAC7-B28C-4DDC-9CF1-46B0F10351BB}.Biostack|x64.Build.0 = Debug|x64
		{A7D0BAC7-B28C-4DDC-9CF1-46B0F10351BB}.Biostack|x86.ActiveCfg = Debug|Any CPU
		{A7D0BAC7-B28C-4DDC-9CF1-46B0F10351BB}.Biostack|x86.Build.0 = Debug|Any CPU
		{A7D0BAC7-B28C-4DDC-9CF1-46B0F10351BB}.Biostack-Debug|Any CPU.ActiveCfg = Debug|Any CPU
		{A7D0BAC7-B28C-4DDC-9CF1-46B0F10351BB}.Biostack-Debug|Any CPU.Build.0 = Debug|Any CPU
		{A7D0BAC7-B28C-4DDC-9CF1-46B0F10351BB}.Biostack-Debug|x64.ActiveCfg = Debug|x64
		{A7D0BAC7-B28C-4DDC-9CF1-46B0F10351BB}.Biostack-Debug|x64.Build.0 = Debug|x64
		{A7D0BAC7-B28C-4DDC-9CF1-46B0F10351BB}.Biostack-Debug|x86.ActiveCfg = Debug|Any CPU
		{A7D0BAC7-B28C-4DDC-9CF1-46B0F10351BB}.Biostack-Debug|x86.Build.0 = Debug|Any CPU
		{A7D0BAC7-B28C-4DDC-9CF1-46B0F10351BB}.Debug|Any CPU.ActiveCfg = Debug|Any CPU
		{A7D0BAC7-B28C-4DDC-9CF1-46B0F10351BB}.Debug|Any CPU.Build.0 = Debug|Any CPU
		{A7D0BAC7-B28C-4DDC-9CF1-46B0F10351BB}.Debug|x64.ActiveCfg = Debug|x64
		{A7D0BAC7-B28C-4DDC-9CF1-46B0F10351BB}.Debug|x64.Build.0 = Debug|x64
		{A7D0BAC7-B28C-4DDC-9CF1-46B0F10351BB}.Debug|x86.ActiveCfg = Debug|Any CPU
		{A7D0BAC7-B28C-4DDC-9CF1-46B0F10351BB}.Debug|x86.Build.0 = Debug|Any CPU
		{A7D0BAC7-B28C-4DDC-9CF1-46B0F10351BB}.DEMO|Any CPU.ActiveCfg = Debug|Any CPU
		{A7D0BAC7-B28C-4DDC-9CF1-46B0F10351BB}.DEMO|Any CPU.Build.0 = Debug|Any CPU
		{A7D0BAC7-B28C-4DDC-9CF1-46B0F10351BB}.DEMO|x64.ActiveCfg = Debug|x64
		{A7D0BAC7-B28C-4DDC-9CF1-46B0F10351BB}.DEMO|x64.Build.0 = Debug|x64
		{A7D0BAC7-B28C-4DDC-9CF1-46B0F10351BB}.DEMO|x86.ActiveCfg = Debug|Any CPU
		{A7D0BAC7-B28C-4DDC-9CF1-46B0F10351BB}.DEMO|x86.Build.0 = Debug|Any CPU
		{A7D0BAC7-B28C-4DDC-9CF1-46B0F10351BB}.Docker|Any CPU.ActiveCfg = Debug|Any CPU
		{A7D0BAC7-B28C-4DDC-9CF1-46B0F10351BB}.Docker|Any CPU.Build.0 = Debug|Any CPU
		{A7D0BAC7-B28C-4DDC-9CF1-46B0F10351BB}.Docker|x64.ActiveCfg = Debug|x64
		{A7D0BAC7-B28C-4DDC-9CF1-46B0F10351BB}.Docker|x64.Build.0 = Debug|x64
		{A7D0BAC7-B28C-4DDC-9CF1-46B0F10351BB}.Docker|x86.ActiveCfg = Debug|Any CPU
		{A7D0BAC7-B28C-4DDC-9CF1-46B0F10351BB}.Docker|x86.Build.0 = Debug|Any CPU
		{A7D0BAC7-B28C-4DDC-9CF1-46B0F10351BB}.docs|Any CPU.ActiveCfg = Debug|Any CPU
		{A7D0BAC7-B28C-4DDC-9CF1-46B0F10351BB}.docs|Any CPU.Build.0 = Debug|Any CPU
		{A7D0BAC7-B28C-4DDC-9CF1-46B0F10351BB}.docs|x64.ActiveCfg = Debug|x64
		{A7D0BAC7-B28C-4DDC-9CF1-46B0F10351BB}.docs|x64.Build.0 = Debug|x64
		{A7D0BAC7-B28C-4DDC-9CF1-46B0F10351BB}.docs|x86.ActiveCfg = Debug|Any CPU
		{A7D0BAC7-B28C-4DDC-9CF1-46B0F10351BB}.docs|x86.Build.0 = Debug|Any CPU
		{A7D0BAC7-B28C-4DDC-9CF1-46B0F10351BB}.GCModeller(Release_X64)|Any CPU.ActiveCfg = Release|Any CPU
		{A7D0BAC7-B28C-4DDC-9CF1-46B0F10351BB}.GCModeller(Release_X64)|Any CPU.Build.0 = Release|Any CPU
		{A7D0BAC7-B28C-4DDC-9CF1-46B0F10351BB}.GCModeller(Release_X64)|x64.ActiveCfg = Release|x64
		{A7D0BAC7-B28C-4DDC-9CF1-46B0F10351BB}.GCModeller(Release_X64)|x64.Build.0 = Release|x64
		{A7D0BAC7-B28C-4DDC-9CF1-46B0F10351BB}.GCModeller(Release_X64)|x86.ActiveCfg = Release|Any CPU
		{A7D0BAC7-B28C-4DDC-9CF1-46B0F10351BB}.GCModeller(Release_X64)|x86.Build.0 = Release|Any CPU
		{A7D0BAC7-B28C-4DDC-9CF1-46B0F10351BB}.GCModeller(UNIX-Release_X64)|Any CPU.ActiveCfg = Release|Any CPU
		{A7D0BAC7-B28C-4DDC-9CF1-46B0F10351BB}.GCModeller(UNIX-Release_X64)|Any CPU.Build.0 = Release|Any CPU
		{A7D0BAC7-B28C-4DDC-9CF1-46B0F10351BB}.GCModeller(UNIX-Release_X64)|x64.ActiveCfg = Release|x64
		{A7D0BAC7-B28C-4DDC-9CF1-46B0F10351BB}.GCModeller(UNIX-Release_X64)|x64.Build.0 = Release|x64
		{A7D0BAC7-B28C-4DDC-9CF1-46B0F10351BB}.GCModeller(UNIX-Release_X64)|x86.ActiveCfg = Release|Any CPU
		{A7D0BAC7-B28C-4DDC-9CF1-46B0F10351BB}.GCModeller(UNIX-Release_X64)|x86.Build.0 = Release|Any CPU
		{A7D0BAC7-B28C-4DDC-9CF1-46B0F10351BB}.GTA5-game-test|Any CPU.ActiveCfg = Debug|Any CPU
		{A7D0BAC7-B28C-4DDC-9CF1-46B0F10351BB}.GTA5-game-test|Any CPU.Build.0 = Debug|Any CPU
		{A7D0BAC7-B28C-4DDC-9CF1-46B0F10351BB}.GTA5-game-test|x64.ActiveCfg = Debug|x64
		{A7D0BAC7-B28C-4DDC-9CF1-46B0F10351BB}.GTA5-game-test|x64.Build.0 = Debug|x64
		{A7D0BAC7-B28C-4DDC-9CF1-46B0F10351BB}.GTA5-game-test|x86.ActiveCfg = Debug|Any CPU
		{A7D0BAC7-B28C-4DDC-9CF1-46B0F10351BB}.GTA5-game-test|x86.Build.0 = Debug|Any CPU
		{A7D0BAC7-B28C-4DDC-9CF1-46B0F10351BB}.installer_x64|Any CPU.ActiveCfg = Debug|Any CPU
		{A7D0BAC7-B28C-4DDC-9CF1-46B0F10351BB}.installer_x64|Any CPU.Build.0 = Debug|Any CPU
		{A7D0BAC7-B28C-4DDC-9CF1-46B0F10351BB}.installer_x64|x64.ActiveCfg = Debug|x64
		{A7D0BAC7-B28C-4DDC-9CF1-46B0F10351BB}.installer_x64|x64.Build.0 = Debug|x64
		{A7D0BAC7-B28C-4DDC-9CF1-46B0F10351BB}.installer_x64|x86.ActiveCfg = Debug|Any CPU
		{A7D0BAC7-B28C-4DDC-9CF1-46B0F10351BB}.installer_x64|x86.Build.0 = Debug|Any CPU
		{A7D0BAC7-B28C-4DDC-9CF1-46B0F10351BB}.linux-profiler|Any CPU.ActiveCfg = Debug|Any CPU
		{A7D0BAC7-B28C-4DDC-9CF1-46B0F10351BB}.linux-profiler|Any CPU.Build.0 = Debug|Any CPU
		{A7D0BAC7-B28C-4DDC-9CF1-46B0F10351BB}.linux-profiler|x64.ActiveCfg = Debug|x64
		{A7D0BAC7-B28C-4DDC-9CF1-46B0F10351BB}.linux-profiler|x64.Build.0 = Debug|x64
		{A7D0BAC7-B28C-4DDC-9CF1-46B0F10351BB}.linux-profiler|x86.ActiveCfg = Debug|Any CPU
		{A7D0BAC7-B28C-4DDC-9CF1-46B0F10351BB}.linux-profiler|x86.Build.0 = Debug|Any CPU
		{A7D0BAC7-B28C-4DDC-9CF1-46B0F10351BB}.LipidSearch|Any CPU.ActiveCfg = Debug|Any CPU
		{A7D0BAC7-B28C-4DDC-9CF1-46B0F10351BB}.LipidSearch|Any CPU.Build.0 = Debug|Any CPU
		{A7D0BAC7-B28C-4DDC-9CF1-46B0F10351BB}.LipidSearch|x64.ActiveCfg = Debug|x64
		{A7D0BAC7-B28C-4DDC-9CF1-46B0F10351BB}.LipidSearch|x64.Build.0 = Debug|x64
		{A7D0BAC7-B28C-4DDC-9CF1-46B0F10351BB}.LipidSearch|x86.ActiveCfg = Debug|Any CPU
		{A7D0BAC7-B28C-4DDC-9CF1-46B0F10351BB}.LipidSearch|x86.Build.0 = Debug|Any CPU
		{A7D0BAC7-B28C-4DDC-9CF1-46B0F10351BB}.MetaCardio|Any CPU.ActiveCfg = Debug|Any CPU
		{A7D0BAC7-B28C-4DDC-9CF1-46B0F10351BB}.MetaCardio|Any CPU.Build.0 = Debug|Any CPU
		{A7D0BAC7-B28C-4DDC-9CF1-46B0F10351BB}.MetaCardio|x64.ActiveCfg = Debug|x64
		{A7D0BAC7-B28C-4DDC-9CF1-46B0F10351BB}.MetaCardio|x64.Build.0 = Debug|x64
		{A7D0BAC7-B28C-4DDC-9CF1-46B0F10351BB}.MetaCardio|x86.ActiveCfg = Debug|Any CPU
		{A7D0BAC7-B28C-4DDC-9CF1-46B0F10351BB}.MetaCardio|x86.Build.0 = Debug|Any CPU
		{A7D0BAC7-B28C-4DDC-9CF1-46B0F10351BB}.mysqli_X64_release|Any CPU.ActiveCfg = Debug|Any CPU
		{A7D0BAC7-B28C-4DDC-9CF1-46B0F10351BB}.mysqli_X64_release|Any CPU.Build.0 = Debug|Any CPU
		{A7D0BAC7-B28C-4DDC-9CF1-46B0F10351BB}.mysqli_X64_release|x64.ActiveCfg = Debug|x64
		{A7D0BAC7-B28C-4DDC-9CF1-46B0F10351BB}.mysqli_X64_release|x64.Build.0 = Debug|x64
		{A7D0BAC7-B28C-4DDC-9CF1-46B0F10351BB}.mysqli_X64_release|x86.ActiveCfg = Debug|Any CPU
		{A7D0BAC7-B28C-4DDC-9CF1-46B0F10351BB}.mysqli_X64_release|x86.Build.0 = Debug|Any CPU
		{A7D0BAC7-B28C-4DDC-9CF1-46B0F10351BB}.mzkit_UnixDocker|Any CPU.ActiveCfg = Debug|Any CPU
		{A7D0BAC7-B28C-4DDC-9CF1-46B0F10351BB}.mzkit_UnixDocker|Any CPU.Build.0 = Debug|Any CPU
		{A7D0BAC7-B28C-4DDC-9CF1-46B0F10351BB}.mzkit_UnixDocker|x64.ActiveCfg = Debug|x64
		{A7D0BAC7-B28C-4DDC-9CF1-46B0F10351BB}.mzkit_UnixDocker|x64.Build.0 = Debug|x64
		{A7D0BAC7-B28C-4DDC-9CF1-46B0F10351BB}.mzkit_UnixDocker|x86.ActiveCfg = Debug|Any CPU
		{A7D0BAC7-B28C-4DDC-9CF1-46B0F10351BB}.mzkit_UnixDocker|x86.Build.0 = Debug|Any CPU
		{A7D0BAC7-B28C-4DDC-9CF1-46B0F10351BB}.mzkit|Any CPU.ActiveCfg = Debug|Any CPU
		{A7D0BAC7-B28C-4DDC-9CF1-46B0F10351BB}.mzkit|Any CPU.Build.0 = Debug|Any CPU
		{A7D0BAC7-B28C-4DDC-9CF1-46B0F10351BB}.mzkit|x64.ActiveCfg = Debug|x64
		{A7D0BAC7-B28C-4DDC-9CF1-46B0F10351BB}.mzkit|x64.Build.0 = Debug|x64
		{A7D0BAC7-B28C-4DDC-9CF1-46B0F10351BB}.mzkit|x86.ActiveCfg = Debug|Any CPU
		{A7D0BAC7-B28C-4DDC-9CF1-46B0F10351BB}.mzkit|x86.Build.0 = Debug|Any CPU
		{A7D0BAC7-B28C-4DDC-9CF1-46B0F10351BB}.node-debug|Any CPU.ActiveCfg = Debug|Any CPU
		{A7D0BAC7-B28C-4DDC-9CF1-46B0F10351BB}.node-debug|Any CPU.Build.0 = Debug|Any CPU
		{A7D0BAC7-B28C-4DDC-9CF1-46B0F10351BB}.node-debug|x64.ActiveCfg = Debug|x64
		{A7D0BAC7-B28C-4DDC-9CF1-46B0F10351BB}.node-debug|x64.Build.0 = Debug|x64
		{A7D0BAC7-B28C-4DDC-9CF1-46B0F10351BB}.node-debug|x86.ActiveCfg = Debug|Any CPU
		{A7D0BAC7-B28C-4DDC-9CF1-46B0F10351BB}.node-debug|x86.Build.0 = Debug|Any CPU
		{A7D0BAC7-B28C-4DDC-9CF1-46B0F10351BB}.NPSearch|Any CPU.ActiveCfg = NPSearch|Any CPU
		{A7D0BAC7-B28C-4DDC-9CF1-46B0F10351BB}.NPSearch|Any CPU.Build.0 = NPSearch|Any CPU
		{A7D0BAC7-B28C-4DDC-9CF1-46B0F10351BB}.NPSearch|x64.ActiveCfg = NPSearch|x64
		{A7D0BAC7-B28C-4DDC-9CF1-46B0F10351BB}.NPSearch|x64.Build.0 = NPSearch|x64
		{A7D0BAC7-B28C-4DDC-9CF1-46B0F10351BB}.NPSearch|x86.ActiveCfg = NPSearch|Any CPU
		{A7D0BAC7-B28C-4DDC-9CF1-46B0F10351BB}.NPSearch|x86.Build.0 = NPSearch|Any CPU
		{A7D0BAC7-B28C-4DDC-9CF1-46B0F10351BB}.PlantMAT|Any CPU.ActiveCfg = Debug|Any CPU
		{A7D0BAC7-B28C-4DDC-9CF1-46B0F10351BB}.PlantMAT|Any CPU.Build.0 = Debug|Any CPU
		{A7D0BAC7-B28C-4DDC-9CF1-46B0F10351BB}.PlantMAT|x64.ActiveCfg = Debug|x64
		{A7D0BAC7-B28C-4DDC-9CF1-46B0F10351BB}.PlantMAT|x64.Build.0 = Debug|x64
		{A7D0BAC7-B28C-4DDC-9CF1-46B0F10351BB}.PlantMAT|x86.ActiveCfg = Debug|Any CPU
		{A7D0BAC7-B28C-4DDC-9CF1-46B0F10351BB}.PlantMAT|x86.Build.0 = Debug|Any CPU
		{A7D0BAC7-B28C-4DDC-9CF1-46B0F10351BB}.ProteoWizard.d|Any CPU.ActiveCfg = Debug|Any CPU
		{A7D0BAC7-B28C-4DDC-9CF1-46B0F10351BB}.ProteoWizard.d|Any CPU.Build.0 = Debug|Any CPU
		{A7D0BAC7-B28C-4DDC-9CF1-46B0F10351BB}.ProteoWizard.d|x64.ActiveCfg = Debug|x64
		{A7D0BAC7-B28C-4DDC-9CF1-46B0F10351BB}.ProteoWizard.d|x64.Build.0 = Debug|x64
		{A7D0BAC7-B28C-4DDC-9CF1-46B0F10351BB}.ProteoWizard.d|x86.ActiveCfg = Debug|Any CPU
		{A7D0BAC7-B28C-4DDC-9CF1-46B0F10351BB}.ProteoWizard.d|x86.Build.0 = Debug|Any CPU
		{A7D0BAC7-B28C-4DDC-9CF1-46B0F10351BB}.Publish|Any CPU.ActiveCfg = Debug|Any CPU
		{A7D0BAC7-B28C-4DDC-9CF1-46B0F10351BB}.Publish|Any CPU.Build.0 = Debug|Any CPU
		{A7D0BAC7-B28C-4DDC-9CF1-46B0F10351BB}.Publish|x64.ActiveCfg = Debug|x64
		{A7D0BAC7-B28C-4DDC-9CF1-46B0F10351BB}.Publish|x64.Build.0 = Debug|x64
		{A7D0BAC7-B28C-4DDC-9CF1-46B0F10351BB}.Publish|x86.ActiveCfg = Debug|Any CPU
		{A7D0BAC7-B28C-4DDC-9CF1-46B0F10351BB}.Publish|x86.Build.0 = Debug|Any CPU
		{A7D0BAC7-B28C-4DDC-9CF1-46B0F10351BB}.R-dotnet|Any CPU.ActiveCfg = Release|Any CPU
		{A7D0BAC7-B28C-4DDC-9CF1-46B0F10351BB}.R-dotnet|Any CPU.Build.0 = Release|Any CPU
		{A7D0BAC7-B28C-4DDC-9CF1-46B0F10351BB}.R-dotnet|x64.ActiveCfg = Release|x64
		{A7D0BAC7-B28C-4DDC-9CF1-46B0F10351BB}.R-dotnet|x64.Build.0 = Release|x64
		{A7D0BAC7-B28C-4DDC-9CF1-46B0F10351BB}.R-dotnet|x86.ActiveCfg = Release|Any CPU
		{A7D0BAC7-B28C-4DDC-9CF1-46B0F10351BB}.R-dotnet|x86.Build.0 = Release|Any CPU
		{A7D0BAC7-B28C-4DDC-9CF1-46B0F10351BB}.Release|Any CPU.ActiveCfg = Release|Any CPU
		{A7D0BAC7-B28C-4DDC-9CF1-46B0F10351BB}.Release|Any CPU.Build.0 = Release|Any CPU
		{A7D0BAC7-B28C-4DDC-9CF1-46B0F10351BB}.Release|x64.ActiveCfg = Release|x64
		{A7D0BAC7-B28C-4DDC-9CF1-46B0F10351BB}.Release|x64.Build.0 = Release|x64
		{A7D0BAC7-B28C-4DDC-9CF1-46B0F10351BB}.Release|x86.ActiveCfg = Release|Any CPU
		{A7D0BAC7-B28C-4DDC-9CF1-46B0F10351BB}.Release|x86.Build.0 = Release|Any CPU
		{A7D0BAC7-B28C-4DDC-9CF1-46B0F10351BB}.Rsharp_app_release|Any CPU.ActiveCfg = Release|Any CPU
		{A7D0BAC7-B28C-4DDC-9CF1-46B0F10351BB}.Rsharp_app_release|Any CPU.Build.0 = Release|Any CPU
		{A7D0BAC7-B28C-4DDC-9CF1-46B0F10351BB}.Rsharp_app_release|x64.ActiveCfg = Release|x64
		{A7D0BAC7-B28C-4DDC-9CF1-46B0F10351BB}.Rsharp_app_release|x64.Build.0 = Release|x64
		{A7D0BAC7-B28C-4DDC-9CF1-46B0F10351BB}.Rsharp_app_release|x86.ActiveCfg = Release|Any CPU
		{A7D0BAC7-B28C-4DDC-9CF1-46B0F10351BB}.Rsharp_app_release|x86.Build.0 = Release|Any CPU
		{A7D0BAC7-B28C-4DDC-9CF1-46B0F10351BB}.RsharpDev|Any CPU.ActiveCfg = Release|Any CPU
		{A7D0BAC7-B28C-4DDC-9CF1-46B0F10351BB}.RsharpDev|Any CPU.Build.0 = Release|Any CPU
		{A7D0BAC7-B28C-4DDC-9CF1-46B0F10351BB}.RsharpDev|x64.ActiveCfg = Release|x64
		{A7D0BAC7-B28C-4DDC-9CF1-46B0F10351BB}.RsharpDev|x64.Build.0 = Release|x64
		{A7D0BAC7-B28C-4DDC-9CF1-46B0F10351BB}.RsharpDev|x86.ActiveCfg = Release|Any CPU
		{A7D0BAC7-B28C-4DDC-9CF1-46B0F10351BB}.RsharpDev|x86.Build.0 = Release|Any CPU
		{A7D0BAC7-B28C-4DDC-9CF1-46B0F10351BB}.sciBASIC.NET-test-release|Any CPU.ActiveCfg = Debug|Any CPU
		{A7D0BAC7-B28C-4DDC-9CF1-46B0F10351BB}.sciBASIC.NET-test-release|Any CPU.Build.0 = Debug|Any CPU
		{A7D0BAC7-B28C-4DDC-9CF1-46B0F10351BB}.sciBASIC.NET-test-release|x64.ActiveCfg = Debug|x64
		{A7D0BAC7-B28C-4DDC-9CF1-46B0F10351BB}.sciBASIC.NET-test-release|x64.Build.0 = Debug|x64
		{A7D0BAC7-B28C-4DDC-9CF1-46B0F10351BB}.sciBASIC.NET-test-release|x86.ActiveCfg = Debug|Any CPU
		{A7D0BAC7-B28C-4DDC-9CF1-46B0F10351BB}.sciBASIC.NET-test-release|x86.Build.0 = Debug|Any CPU
		{A7D0BAC7-B28C-4DDC-9CF1-46B0F10351BB}.Surveillance-of-infectious-diseases|Any CPU.ActiveCfg = Debug|Any CPU
		{A7D0BAC7-B28C-4DDC-9CF1-46B0F10351BB}.Surveillance-of-infectious-diseases|Any CPU.Build.0 = Debug|Any CPU
		{A7D0BAC7-B28C-4DDC-9CF1-46B0F10351BB}.Surveillance-of-infectious-diseases|x64.ActiveCfg = Debug|x64
		{A7D0BAC7-B28C-4DDC-9CF1-46B0F10351BB}.Surveillance-of-infectious-diseases|x64.Build.0 = Debug|x64
		{A7D0BAC7-B28C-4DDC-9CF1-46B0F10351BB}.Surveillance-of-infectious-diseases|x86.ActiveCfg = Debug|Any CPU
		{A7D0BAC7-B28C-4DDC-9CF1-46B0F10351BB}.Surveillance-of-infectious-diseases|x86.Build.0 = Debug|Any CPU
		{A7D0BAC7-B28C-4DDC-9CF1-46B0F10351BB}.test|Any CPU.ActiveCfg = Debug|Any CPU
		{A7D0BAC7-B28C-4DDC-9CF1-46B0F10351BB}.test|Any CPU.Build.0 = Debug|Any CPU
		{A7D0BAC7-B28C-4DDC-9CF1-46B0F10351BB}.test|x64.ActiveCfg = Debug|x64
		{A7D0BAC7-B28C-4DDC-9CF1-46B0F10351BB}.test|x64.Build.0 = Debug|x64
		{A7D0BAC7-B28C-4DDC-9CF1-46B0F10351BB}.test|x86.ActiveCfg = Debug|Any CPU
		{A7D0BAC7-B28C-4DDC-9CF1-46B0F10351BB}.test|x86.Build.0 = Debug|Any CPU
		{A7D0BAC7-B28C-4DDC-9CF1-46B0F10351BB}.Voyager1|Any CPU.ActiveCfg = Debug|Any CPU
		{A7D0BAC7-B28C-4DDC-9CF1-46B0F10351BB}.Voyager1|Any CPU.Build.0 = Debug|Any CPU
		{A7D0BAC7-B28C-4DDC-9CF1-46B0F10351BB}.Voyager1|x64.ActiveCfg = Debug|x64
		{A7D0BAC7-B28C-4DDC-9CF1-46B0F10351BB}.Voyager1|x64.Build.0 = Debug|x64
		{A7D0BAC7-B28C-4DDC-9CF1-46B0F10351BB}.Voyager1|x86.ActiveCfg = Debug|Any CPU
		{A7D0BAC7-B28C-4DDC-9CF1-46B0F10351BB}.Voyager1|x86.Build.0 = Debug|Any CPU
		{A7D0BAC7-B28C-4DDC-9CF1-46B0F10351BB}.WebAssembly|Any CPU.ActiveCfg = Debug|Any CPU
		{A7D0BAC7-B28C-4DDC-9CF1-46B0F10351BB}.WebAssembly|Any CPU.Build.0 = Debug|Any CPU
		{A7D0BAC7-B28C-4DDC-9CF1-46B0F10351BB}.WebAssembly|x64.ActiveCfg = Debug|x64
		{A7D0BAC7-B28C-4DDC-9CF1-46B0F10351BB}.WebAssembly|x64.Build.0 = Debug|x64
		{A7D0BAC7-B28C-4DDC-9CF1-46B0F10351BB}.WebAssembly|x86.ActiveCfg = Debug|Any CPU
		{A7D0BAC7-B28C-4DDC-9CF1-46B0F10351BB}.WebAssembly|x86.Build.0 = Debug|Any CPU
		{A7D0BAC7-B28C-4DDC-9CF1-46B0F10351BB}.Yilia-Release_x64|Any CPU.ActiveCfg = Release|Any CPU
		{A7D0BAC7-B28C-4DDC-9CF1-46B0F10351BB}.Yilia-Release_x64|Any CPU.Build.0 = Release|Any CPU
		{A7D0BAC7-B28C-4DDC-9CF1-46B0F10351BB}.Yilia-Release_x64|x64.ActiveCfg = Release|x64
		{A7D0BAC7-B28C-4DDC-9CF1-46B0F10351BB}.Yilia-Release_x64|x64.Build.0 = Release|x64
		{A7D0BAC7-B28C-4DDC-9CF1-46B0F10351BB}.Yilia-Release_x64|x86.ActiveCfg = Release|Any CPU
		{A7D0BAC7-B28C-4DDC-9CF1-46B0F10351BB}.Yilia-Release_x64|x86.Build.0 = Release|Any CPU
		{2C604D50-FD2B-4831-AE58-301024ADB61F}.BioDeep_database|Any CPU.ActiveCfg = Debug|Any CPU
		{2C604D50-FD2B-4831-AE58-301024ADB61F}.BioDeep_database|Any CPU.Build.0 = Debug|Any CPU
		{2C604D50-FD2B-4831-AE58-301024ADB61F}.BioDeep_database|x64.ActiveCfg = Debug|x64
		{2C604D50-FD2B-4831-AE58-301024ADB61F}.BioDeep_database|x64.Build.0 = Debug|x64
		{2C604D50-FD2B-4831-AE58-301024ADB61F}.BioDeep_database|x86.ActiveCfg = Debug|Any CPU
		{2C604D50-FD2B-4831-AE58-301024ADB61F}.BioDeep_database|x86.Build.0 = Debug|Any CPU
		{2C604D50-FD2B-4831-AE58-301024ADB61F}.Biodeep_UNIX_x64|Any CPU.ActiveCfg = Debug|Any CPU
		{2C604D50-FD2B-4831-AE58-301024ADB61F}.Biodeep_UNIX_x64|Any CPU.Build.0 = Debug|Any CPU
		{2C604D50-FD2B-4831-AE58-301024ADB61F}.Biodeep_UNIX_x64|x64.ActiveCfg = Debug|x64
		{2C604D50-FD2B-4831-AE58-301024ADB61F}.Biodeep_UNIX_x64|x64.Build.0 = Debug|x64
		{2C604D50-FD2B-4831-AE58-301024ADB61F}.Biodeep_UNIX_x64|x86.ActiveCfg = Debug|Any CPU
		{2C604D50-FD2B-4831-AE58-301024ADB61F}.Biodeep_UNIX_x64|x86.Build.0 = Debug|Any CPU
		{2C604D50-FD2B-4831-AE58-301024ADB61F}.Biodeep|Any CPU.ActiveCfg = Debug|Any CPU
		{2C604D50-FD2B-4831-AE58-301024ADB61F}.Biodeep|Any CPU.Build.0 = Debug|Any CPU
		{2C604D50-FD2B-4831-AE58-301024ADB61F}.Biodeep|x64.ActiveCfg = Debug|x64
		{2C604D50-FD2B-4831-AE58-301024ADB61F}.Biodeep|x64.Build.0 = Debug|x64
		{2C604D50-FD2B-4831-AE58-301024ADB61F}.Biodeep|x86.ActiveCfg = Debug|Any CPU
		{2C604D50-FD2B-4831-AE58-301024ADB61F}.Biodeep|x86.Build.0 = Debug|Any CPU
		{2C604D50-FD2B-4831-AE58-301024ADB61F}.Biostack|Any CPU.ActiveCfg = Debug|Any CPU
		{2C604D50-FD2B-4831-AE58-301024ADB61F}.Biostack|Any CPU.Build.0 = Debug|Any CPU
		{2C604D50-FD2B-4831-AE58-301024ADB61F}.Biostack|x64.ActiveCfg = Debug|x64
		{2C604D50-FD2B-4831-AE58-301024ADB61F}.Biostack|x64.Build.0 = Debug|x64
		{2C604D50-FD2B-4831-AE58-301024ADB61F}.Biostack|x86.ActiveCfg = Debug|Any CPU
		{2C604D50-FD2B-4831-AE58-301024ADB61F}.Biostack|x86.Build.0 = Debug|Any CPU
		{2C604D50-FD2B-4831-AE58-301024ADB61F}.Biostack-Debug|Any CPU.ActiveCfg = Debug|Any CPU
		{2C604D50-FD2B-4831-AE58-301024ADB61F}.Biostack-Debug|Any CPU.Build.0 = Debug|Any CPU
		{2C604D50-FD2B-4831-AE58-301024ADB61F}.Biostack-Debug|x64.ActiveCfg = Debug|x64
		{2C604D50-FD2B-4831-AE58-301024ADB61F}.Biostack-Debug|x64.Build.0 = Debug|x64
		{2C604D50-FD2B-4831-AE58-301024ADB61F}.Biostack-Debug|x86.ActiveCfg = Debug|Any CPU
		{2C604D50-FD2B-4831-AE58-301024ADB61F}.Biostack-Debug|x86.Build.0 = Debug|Any CPU
		{2C604D50-FD2B-4831-AE58-301024ADB61F}.Debug|Any CPU.ActiveCfg = Debug|Any CPU
		{2C604D50-FD2B-4831-AE58-301024ADB61F}.Debug|Any CPU.Build.0 = Debug|Any CPU
		{2C604D50-FD2B-4831-AE58-301024ADB61F}.Debug|x64.ActiveCfg = Debug|x64
		{2C604D50-FD2B-4831-AE58-301024ADB61F}.Debug|x64.Build.0 = Debug|x64
		{2C604D50-FD2B-4831-AE58-301024ADB61F}.Debug|x86.ActiveCfg = Debug|Any CPU
		{2C604D50-FD2B-4831-AE58-301024ADB61F}.Debug|x86.Build.0 = Debug|Any CPU
		{2C604D50-FD2B-4831-AE58-301024ADB61F}.DEMO|Any CPU.ActiveCfg = Debug|Any CPU
		{2C604D50-FD2B-4831-AE58-301024ADB61F}.DEMO|Any CPU.Build.0 = Debug|Any CPU
		{2C604D50-FD2B-4831-AE58-301024ADB61F}.DEMO|x64.ActiveCfg = Debug|x64
		{2C604D50-FD2B-4831-AE58-301024ADB61F}.DEMO|x64.Build.0 = Debug|x64
		{2C604D50-FD2B-4831-AE58-301024ADB61F}.DEMO|x86.ActiveCfg = Debug|Any CPU
		{2C604D50-FD2B-4831-AE58-301024ADB61F}.DEMO|x86.Build.0 = Debug|Any CPU
		{2C604D50-FD2B-4831-AE58-301024ADB61F}.Docker|Any CPU.ActiveCfg = Debug|Any CPU
		{2C604D50-FD2B-4831-AE58-301024ADB61F}.Docker|Any CPU.Build.0 = Debug|Any CPU
		{2C604D50-FD2B-4831-AE58-301024ADB61F}.Docker|x64.ActiveCfg = Debug|x64
		{2C604D50-FD2B-4831-AE58-301024ADB61F}.Docker|x64.Build.0 = Debug|x64
		{2C604D50-FD2B-4831-AE58-301024ADB61F}.Docker|x86.ActiveCfg = Debug|Any CPU
		{2C604D50-FD2B-4831-AE58-301024ADB61F}.Docker|x86.Build.0 = Debug|Any CPU
		{2C604D50-FD2B-4831-AE58-301024ADB61F}.docs|Any CPU.ActiveCfg = Debug|Any CPU
		{2C604D50-FD2B-4831-AE58-301024ADB61F}.docs|Any CPU.Build.0 = Debug|Any CPU
		{2C604D50-FD2B-4831-AE58-301024ADB61F}.docs|x64.ActiveCfg = Debug|x64
		{2C604D50-FD2B-4831-AE58-301024ADB61F}.docs|x64.Build.0 = Debug|x64
		{2C604D50-FD2B-4831-AE58-301024ADB61F}.docs|x86.ActiveCfg = Debug|Any CPU
		{2C604D50-FD2B-4831-AE58-301024ADB61F}.docs|x86.Build.0 = Debug|Any CPU
		{2C604D50-FD2B-4831-AE58-301024ADB61F}.GCModeller(Release_X64)|Any CPU.ActiveCfg = Release|Any CPU
		{2C604D50-FD2B-4831-AE58-301024ADB61F}.GCModeller(Release_X64)|Any CPU.Build.0 = Release|Any CPU
		{2C604D50-FD2B-4831-AE58-301024ADB61F}.GCModeller(Release_X64)|x64.ActiveCfg = Release|x64
		{2C604D50-FD2B-4831-AE58-301024ADB61F}.GCModeller(Release_X64)|x64.Build.0 = Release|x64
		{2C604D50-FD2B-4831-AE58-301024ADB61F}.GCModeller(Release_X64)|x86.ActiveCfg = Release|Any CPU
		{2C604D50-FD2B-4831-AE58-301024ADB61F}.GCModeller(Release_X64)|x86.Build.0 = Release|Any CPU
		{2C604D50-FD2B-4831-AE58-301024ADB61F}.GCModeller(UNIX-Release_X64)|Any CPU.ActiveCfg = Release|Any CPU
		{2C604D50-FD2B-4831-AE58-301024ADB61F}.GCModeller(UNIX-Release_X64)|Any CPU.Build.0 = Release|Any CPU
		{2C604D50-FD2B-4831-AE58-301024ADB61F}.GCModeller(UNIX-Release_X64)|x64.ActiveCfg = Release|x64
		{2C604D50-FD2B-4831-AE58-301024ADB61F}.GCModeller(UNIX-Release_X64)|x64.Build.0 = Release|x64
		{2C604D50-FD2B-4831-AE58-301024ADB61F}.GCModeller(UNIX-Release_X64)|x86.ActiveCfg = Release|Any CPU
		{2C604D50-FD2B-4831-AE58-301024ADB61F}.GCModeller(UNIX-Release_X64)|x86.Build.0 = Release|Any CPU
		{2C604D50-FD2B-4831-AE58-301024ADB61F}.GTA5-game-test|Any CPU.ActiveCfg = Debug|Any CPU
		{2C604D50-FD2B-4831-AE58-301024ADB61F}.GTA5-game-test|Any CPU.Build.0 = Debug|Any CPU
		{2C604D50-FD2B-4831-AE58-301024ADB61F}.GTA5-game-test|x64.ActiveCfg = Debug|x64
		{2C604D50-FD2B-4831-AE58-301024ADB61F}.GTA5-game-test|x64.Build.0 = Debug|x64
		{2C604D50-FD2B-4831-AE58-301024ADB61F}.GTA5-game-test|x86.ActiveCfg = Debug|Any CPU
		{2C604D50-FD2B-4831-AE58-301024ADB61F}.GTA5-game-test|x86.Build.0 = Debug|Any CPU
		{2C604D50-FD2B-4831-AE58-301024ADB61F}.installer_x64|Any CPU.ActiveCfg = Debug|Any CPU
		{2C604D50-FD2B-4831-AE58-301024ADB61F}.installer_x64|Any CPU.Build.0 = Debug|Any CPU
		{2C604D50-FD2B-4831-AE58-301024ADB61F}.installer_x64|x64.ActiveCfg = Debug|x64
		{2C604D50-FD2B-4831-AE58-301024ADB61F}.installer_x64|x64.Build.0 = Debug|x64
		{2C604D50-FD2B-4831-AE58-301024ADB61F}.installer_x64|x86.ActiveCfg = Debug|Any CPU
		{2C604D50-FD2B-4831-AE58-301024ADB61F}.installer_x64|x86.Build.0 = Debug|Any CPU
		{2C604D50-FD2B-4831-AE58-301024ADB61F}.linux-profiler|Any CPU.ActiveCfg = LipidSearch|Any CPU
		{2C604D50-FD2B-4831-AE58-301024ADB61F}.linux-profiler|Any CPU.Build.0 = LipidSearch|Any CPU
		{2C604D50-FD2B-4831-AE58-301024ADB61F}.linux-profiler|x64.ActiveCfg = LipidSearch|x64
		{2C604D50-FD2B-4831-AE58-301024ADB61F}.linux-profiler|x64.Build.0 = LipidSearch|x64
		{2C604D50-FD2B-4831-AE58-301024ADB61F}.linux-profiler|x86.ActiveCfg = LipidSearch|Any CPU
		{2C604D50-FD2B-4831-AE58-301024ADB61F}.linux-profiler|x86.Build.0 = LipidSearch|Any CPU
		{2C604D50-FD2B-4831-AE58-301024ADB61F}.LipidSearch|Any CPU.ActiveCfg = LipidSearch|Any CPU
		{2C604D50-FD2B-4831-AE58-301024ADB61F}.LipidSearch|Any CPU.Build.0 = LipidSearch|Any CPU
		{2C604D50-FD2B-4831-AE58-301024ADB61F}.LipidSearch|x64.ActiveCfg = LipidSearch|x64
		{2C604D50-FD2B-4831-AE58-301024ADB61F}.LipidSearch|x64.Build.0 = LipidSearch|x64
		{2C604D50-FD2B-4831-AE58-301024ADB61F}.LipidSearch|x86.ActiveCfg = LipidSearch|Any CPU
		{2C604D50-FD2B-4831-AE58-301024ADB61F}.LipidSearch|x86.Build.0 = LipidSearch|Any CPU
		{2C604D50-FD2B-4831-AE58-301024ADB61F}.MetaCardio|Any CPU.ActiveCfg = mzkit|Any CPU
		{2C604D50-FD2B-4831-AE58-301024ADB61F}.MetaCardio|Any CPU.Build.0 = mzkit|Any CPU
		{2C604D50-FD2B-4831-AE58-301024ADB61F}.MetaCardio|x64.ActiveCfg = mzkit|x64
		{2C604D50-FD2B-4831-AE58-301024ADB61F}.MetaCardio|x64.Build.0 = mzkit|x64
		{2C604D50-FD2B-4831-AE58-301024ADB61F}.MetaCardio|x86.ActiveCfg = mzkit|Any CPU
		{2C604D50-FD2B-4831-AE58-301024ADB61F}.MetaCardio|x86.Build.0 = mzkit|Any CPU
		{2C604D50-FD2B-4831-AE58-301024ADB61F}.mysqli_X64_release|Any CPU.ActiveCfg = mzkit|Any CPU
		{2C604D50-FD2B-4831-AE58-301024ADB61F}.mysqli_X64_release|Any CPU.Build.0 = mzkit|Any CPU
		{2C604D50-FD2B-4831-AE58-301024ADB61F}.mysqli_X64_release|x64.ActiveCfg = mzkit|x64
		{2C604D50-FD2B-4831-AE58-301024ADB61F}.mysqli_X64_release|x64.Build.0 = mzkit|x64
		{2C604D50-FD2B-4831-AE58-301024ADB61F}.mysqli_X64_release|x86.ActiveCfg = mzkit|Any CPU
		{2C604D50-FD2B-4831-AE58-301024ADB61F}.mysqli_X64_release|x86.Build.0 = mzkit|Any CPU
		{2C604D50-FD2B-4831-AE58-301024ADB61F}.mzkit_UnixDocker|Any CPU.ActiveCfg = mzkit|Any CPU
		{2C604D50-FD2B-4831-AE58-301024ADB61F}.mzkit_UnixDocker|Any CPU.Build.0 = mzkit|Any CPU
		{2C604D50-FD2B-4831-AE58-301024ADB61F}.mzkit_UnixDocker|x64.ActiveCfg = mzkit|x64
		{2C604D50-FD2B-4831-AE58-301024ADB61F}.mzkit_UnixDocker|x64.Build.0 = mzkit|x64
		{2C604D50-FD2B-4831-AE58-301024ADB61F}.mzkit_UnixDocker|x86.ActiveCfg = mzkit|Any CPU
		{2C604D50-FD2B-4831-AE58-301024ADB61F}.mzkit_UnixDocker|x86.Build.0 = mzkit|Any CPU
		{2C604D50-FD2B-4831-AE58-301024ADB61F}.mzkit|Any CPU.ActiveCfg = mzkit|Any CPU
		{2C604D50-FD2B-4831-AE58-301024ADB61F}.mzkit|Any CPU.Build.0 = mzkit|Any CPU
		{2C604D50-FD2B-4831-AE58-301024ADB61F}.mzkit|x64.ActiveCfg = mzkit|x64
		{2C604D50-FD2B-4831-AE58-301024ADB61F}.mzkit|x64.Build.0 = mzkit|x64
		{2C604D50-FD2B-4831-AE58-301024ADB61F}.mzkit|x86.ActiveCfg = mzkit|Any CPU
		{2C604D50-FD2B-4831-AE58-301024ADB61F}.mzkit|x86.Build.0 = mzkit|Any CPU
		{2C604D50-FD2B-4831-AE58-301024ADB61F}.node-debug|Any CPU.ActiveCfg = NPSearch|Any CPU
		{2C604D50-FD2B-4831-AE58-301024ADB61F}.node-debug|Any CPU.Build.0 = NPSearch|Any CPU
		{2C604D50-FD2B-4831-AE58-301024ADB61F}.node-debug|x64.ActiveCfg = NPSearch|x64
		{2C604D50-FD2B-4831-AE58-301024ADB61F}.node-debug|x64.Build.0 = NPSearch|x64
		{2C604D50-FD2B-4831-AE58-301024ADB61F}.node-debug|x86.ActiveCfg = NPSearch|Any CPU
		{2C604D50-FD2B-4831-AE58-301024ADB61F}.node-debug|x86.Build.0 = NPSearch|Any CPU
		{2C604D50-FD2B-4831-AE58-301024ADB61F}.NPSearch|Any CPU.ActiveCfg = NPSearch|Any CPU
		{2C604D50-FD2B-4831-AE58-301024ADB61F}.NPSearch|Any CPU.Build.0 = NPSearch|Any CPU
		{2C604D50-FD2B-4831-AE58-301024ADB61F}.NPSearch|x64.ActiveCfg = NPSearch|x64
		{2C604D50-FD2B-4831-AE58-301024ADB61F}.NPSearch|x64.Build.0 = NPSearch|x64
		{2C604D50-FD2B-4831-AE58-301024ADB61F}.NPSearch|x86.ActiveCfg = NPSearch|Any CPU
		{2C604D50-FD2B-4831-AE58-301024ADB61F}.NPSearch|x86.Build.0 = NPSearch|Any CPU
		{2C604D50-FD2B-4831-AE58-301024ADB61F}.PlantMAT|Any CPU.ActiveCfg = PlantMAT|Any CPU
		{2C604D50-FD2B-4831-AE58-301024ADB61F}.PlantMAT|Any CPU.Build.0 = PlantMAT|Any CPU
		{2C604D50-FD2B-4831-AE58-301024ADB61F}.PlantMAT|x64.ActiveCfg = PlantMAT|x64
		{2C604D50-FD2B-4831-AE58-301024ADB61F}.PlantMAT|x64.Build.0 = PlantMAT|x64
		{2C604D50-FD2B-4831-AE58-301024ADB61F}.PlantMAT|x86.ActiveCfg = PlantMAT|Any CPU
		{2C604D50-FD2B-4831-AE58-301024ADB61F}.PlantMAT|x86.Build.0 = PlantMAT|Any CPU
		{2C604D50-FD2B-4831-AE58-301024ADB61F}.ProteoWizard.d|Any CPU.ActiveCfg = PlantMAT|Any CPU
		{2C604D50-FD2B-4831-AE58-301024ADB61F}.ProteoWizard.d|Any CPU.Build.0 = PlantMAT|Any CPU
		{2C604D50-FD2B-4831-AE58-301024ADB61F}.ProteoWizard.d|x64.ActiveCfg = PlantMAT|x64
		{2C604D50-FD2B-4831-AE58-301024ADB61F}.ProteoWizard.d|x64.Build.0 = PlantMAT|x64
		{2C604D50-FD2B-4831-AE58-301024ADB61F}.ProteoWizard.d|x86.ActiveCfg = PlantMAT|Any CPU
		{2C604D50-FD2B-4831-AE58-301024ADB61F}.ProteoWizard.d|x86.Build.0 = PlantMAT|Any CPU
		{2C604D50-FD2B-4831-AE58-301024ADB61F}.Publish|Any CPU.ActiveCfg = PlantMAT|Any CPU
		{2C604D50-FD2B-4831-AE58-301024ADB61F}.Publish|Any CPU.Build.0 = PlantMAT|Any CPU
		{2C604D50-FD2B-4831-AE58-301024ADB61F}.Publish|x64.ActiveCfg = PlantMAT|x64
		{2C604D50-FD2B-4831-AE58-301024ADB61F}.Publish|x64.Build.0 = PlantMAT|x64
		{2C604D50-FD2B-4831-AE58-301024ADB61F}.Publish|x86.ActiveCfg = PlantMAT|Any CPU
		{2C604D50-FD2B-4831-AE58-301024ADB61F}.Publish|x86.Build.0 = PlantMAT|Any CPU
		{2C604D50-FD2B-4831-AE58-301024ADB61F}.R-dotnet|Any CPU.ActiveCfg = Release|Any CPU
		{2C604D50-FD2B-4831-AE58-301024ADB61F}.R-dotnet|Any CPU.Build.0 = Release|Any CPU
		{2C604D50-FD2B-4831-AE58-301024ADB61F}.R-dotnet|x64.ActiveCfg = Release|x64
		{2C604D50-FD2B-4831-AE58-301024ADB61F}.R-dotnet|x64.Build.0 = Release|x64
		{2C604D50-FD2B-4831-AE58-301024ADB61F}.R-dotnet|x86.ActiveCfg = Release|Any CPU
		{2C604D50-FD2B-4831-AE58-301024ADB61F}.R-dotnet|x86.Build.0 = Release|Any CPU
		{2C604D50-FD2B-4831-AE58-301024ADB61F}.Release|Any CPU.ActiveCfg = Release|Any CPU
		{2C604D50-FD2B-4831-AE58-301024ADB61F}.Release|Any CPU.Build.0 = Release|Any CPU
		{2C604D50-FD2B-4831-AE58-301024ADB61F}.Release|x64.ActiveCfg = Release|x64
		{2C604D50-FD2B-4831-AE58-301024ADB61F}.Release|x64.Build.0 = Release|x64
		{2C604D50-FD2B-4831-AE58-301024ADB61F}.Release|x86.ActiveCfg = Release|Any CPU
		{2C604D50-FD2B-4831-AE58-301024ADB61F}.Release|x86.Build.0 = Release|Any CPU
		{2C604D50-FD2B-4831-AE58-301024ADB61F}.Rsharp_app_release|Any CPU.ActiveCfg = Rsharp_app_release|Any CPU
		{2C604D50-FD2B-4831-AE58-301024ADB61F}.Rsharp_app_release|Any CPU.Build.0 = Rsharp_app_release|Any CPU
		{2C604D50-FD2B-4831-AE58-301024ADB61F}.Rsharp_app_release|x64.ActiveCfg = Rsharp_app_release|x64
		{2C604D50-FD2B-4831-AE58-301024ADB61F}.Rsharp_app_release|x64.Build.0 = Rsharp_app_release|x64
		{2C604D50-FD2B-4831-AE58-301024ADB61F}.Rsharp_app_release|x86.ActiveCfg = Rsharp_app_release|Any CPU
		{2C604D50-FD2B-4831-AE58-301024ADB61F}.Rsharp_app_release|x86.Build.0 = Rsharp_app_release|Any CPU
		{2C604D50-FD2B-4831-AE58-301024ADB61F}.RsharpDev|Any CPU.ActiveCfg = Rsharp_app_release|Any CPU
		{2C604D50-FD2B-4831-AE58-301024ADB61F}.RsharpDev|Any CPU.Build.0 = Rsharp_app_release|Any CPU
		{2C604D50-FD2B-4831-AE58-301024ADB61F}.RsharpDev|x64.ActiveCfg = Rsharp_app_release|x64
		{2C604D50-FD2B-4831-AE58-301024ADB61F}.RsharpDev|x64.Build.0 = Rsharp_app_release|x64
		{2C604D50-FD2B-4831-AE58-301024ADB61F}.RsharpDev|x86.ActiveCfg = Rsharp_app_release|Any CPU
		{2C604D50-FD2B-4831-AE58-301024ADB61F}.RsharpDev|x86.Build.0 = Rsharp_app_release|Any CPU
		{2C604D50-FD2B-4831-AE58-301024ADB61F}.sciBASIC.NET-test-release|Any CPU.ActiveCfg = Debug|Any CPU
		{2C604D50-FD2B-4831-AE58-301024ADB61F}.sciBASIC.NET-test-release|Any CPU.Build.0 = Debug|Any CPU
		{2C604D50-FD2B-4831-AE58-301024ADB61F}.sciBASIC.NET-test-release|x64.ActiveCfg = Debug|x64
		{2C604D50-FD2B-4831-AE58-301024ADB61F}.sciBASIC.NET-test-release|x64.Build.0 = Debug|x64
		{2C604D50-FD2B-4831-AE58-301024ADB61F}.sciBASIC.NET-test-release|x86.ActiveCfg = Debug|Any CPU
		{2C604D50-FD2B-4831-AE58-301024ADB61F}.sciBASIC.NET-test-release|x86.Build.0 = Debug|Any CPU
		{2C604D50-FD2B-4831-AE58-301024ADB61F}.Surveillance-of-infectious-diseases|Any CPU.ActiveCfg = Debug|Any CPU
		{2C604D50-FD2B-4831-AE58-301024ADB61F}.Surveillance-of-infectious-diseases|Any CPU.Build.0 = Debug|Any CPU
		{2C604D50-FD2B-4831-AE58-301024ADB61F}.Surveillance-of-infectious-diseases|x64.ActiveCfg = Debug|x64
		{2C604D50-FD2B-4831-AE58-301024ADB61F}.Surveillance-of-infectious-diseases|x64.Build.0 = Debug|x64
		{2C604D50-FD2B-4831-AE58-301024ADB61F}.Surveillance-of-infectious-diseases|x86.ActiveCfg = Debug|Any CPU
		{2C604D50-FD2B-4831-AE58-301024ADB61F}.Surveillance-of-infectious-diseases|x86.Build.0 = Debug|Any CPU
		{2C604D50-FD2B-4831-AE58-301024ADB61F}.test|Any CPU.ActiveCfg = Debug|Any CPU
		{2C604D50-FD2B-4831-AE58-301024ADB61F}.test|Any CPU.Build.0 = Debug|Any CPU
		{2C604D50-FD2B-4831-AE58-301024ADB61F}.test|x64.ActiveCfg = Debug|x64
		{2C604D50-FD2B-4831-AE58-301024ADB61F}.test|x64.Build.0 = Debug|x64
		{2C604D50-FD2B-4831-AE58-301024ADB61F}.test|x86.ActiveCfg = Debug|Any CPU
		{2C604D50-FD2B-4831-AE58-301024ADB61F}.test|x86.Build.0 = Debug|Any CPU
		{2C604D50-FD2B-4831-AE58-301024ADB61F}.Voyager1|Any CPU.ActiveCfg = Debug|Any CPU
		{2C604D50-FD2B-4831-AE58-301024ADB61F}.Voyager1|Any CPU.Build.0 = Debug|Any CPU
		{2C604D50-FD2B-4831-AE58-301024ADB61F}.Voyager1|x64.ActiveCfg = Debug|x64
		{2C604D50-FD2B-4831-AE58-301024ADB61F}.Voyager1|x64.Build.0 = Debug|x64
		{2C604D50-FD2B-4831-AE58-301024ADB61F}.Voyager1|x86.ActiveCfg = Debug|Any CPU
		{2C604D50-FD2B-4831-AE58-301024ADB61F}.Voyager1|x86.Build.0 = Debug|Any CPU
		{2C604D50-FD2B-4831-AE58-301024ADB61F}.WebAssembly|Any CPU.ActiveCfg = Debug|Any CPU
		{2C604D50-FD2B-4831-AE58-301024ADB61F}.WebAssembly|Any CPU.Build.0 = Debug|Any CPU
		{2C604D50-FD2B-4831-AE58-301024ADB61F}.WebAssembly|x64.ActiveCfg = Debug|x64
		{2C604D50-FD2B-4831-AE58-301024ADB61F}.WebAssembly|x64.Build.0 = Debug|x64
		{2C604D50-FD2B-4831-AE58-301024ADB61F}.WebAssembly|x86.ActiveCfg = Debug|Any CPU
		{2C604D50-FD2B-4831-AE58-301024ADB61F}.WebAssembly|x86.Build.0 = Debug|Any CPU
		{2C604D50-FD2B-4831-AE58-301024ADB61F}.Yilia-Release_x64|Any CPU.ActiveCfg = Release|Any CPU
		{2C604D50-FD2B-4831-AE58-301024ADB61F}.Yilia-Release_x64|Any CPU.Build.0 = Release|Any CPU
		{2C604D50-FD2B-4831-AE58-301024ADB61F}.Yilia-Release_x64|x64.ActiveCfg = Release|x64
		{2C604D50-FD2B-4831-AE58-301024ADB61F}.Yilia-Release_x64|x64.Build.0 = Release|x64
		{2C604D50-FD2B-4831-AE58-301024ADB61F}.Yilia-Release_x64|x86.ActiveCfg = Release|Any CPU
		{2C604D50-FD2B-4831-AE58-301024ADB61F}.Yilia-Release_x64|x86.Build.0 = Release|Any CPU
		{5FA9C4C1-04E5-43CD-A67E-CC997D7A2690}.BioDeep_database|Any CPU.ActiveCfg = Debug|Any CPU
		{5FA9C4C1-04E5-43CD-A67E-CC997D7A2690}.BioDeep_database|Any CPU.Build.0 = Debug|Any CPU
		{5FA9C4C1-04E5-43CD-A67E-CC997D7A2690}.BioDeep_database|x64.ActiveCfg = Debug|x64
		{5FA9C4C1-04E5-43CD-A67E-CC997D7A2690}.BioDeep_database|x64.Build.0 = Debug|x64
		{5FA9C4C1-04E5-43CD-A67E-CC997D7A2690}.BioDeep_database|x86.ActiveCfg = Debug|Any CPU
		{5FA9C4C1-04E5-43CD-A67E-CC997D7A2690}.BioDeep_database|x86.Build.0 = Debug|Any CPU
		{5FA9C4C1-04E5-43CD-A67E-CC997D7A2690}.Biodeep_UNIX_x64|Any CPU.ActiveCfg = Debug|Any CPU
		{5FA9C4C1-04E5-43CD-A67E-CC997D7A2690}.Biodeep_UNIX_x64|Any CPU.Build.0 = Debug|Any CPU
		{5FA9C4C1-04E5-43CD-A67E-CC997D7A2690}.Biodeep_UNIX_x64|x64.ActiveCfg = Debug|x64
		{5FA9C4C1-04E5-43CD-A67E-CC997D7A2690}.Biodeep_UNIX_x64|x64.Build.0 = Debug|x64
		{5FA9C4C1-04E5-43CD-A67E-CC997D7A2690}.Biodeep_UNIX_x64|x86.ActiveCfg = Debug|Any CPU
		{5FA9C4C1-04E5-43CD-A67E-CC997D7A2690}.Biodeep_UNIX_x64|x86.Build.0 = Debug|Any CPU
		{5FA9C4C1-04E5-43CD-A67E-CC997D7A2690}.Biodeep|Any CPU.ActiveCfg = Debug|Any CPU
		{5FA9C4C1-04E5-43CD-A67E-CC997D7A2690}.Biodeep|Any CPU.Build.0 = Debug|Any CPU
		{5FA9C4C1-04E5-43CD-A67E-CC997D7A2690}.Biodeep|x64.ActiveCfg = Debug|x64
		{5FA9C4C1-04E5-43CD-A67E-CC997D7A2690}.Biodeep|x64.Build.0 = Debug|x64
		{5FA9C4C1-04E5-43CD-A67E-CC997D7A2690}.Biodeep|x86.ActiveCfg = Debug|Any CPU
		{5FA9C4C1-04E5-43CD-A67E-CC997D7A2690}.Biodeep|x86.Build.0 = Debug|Any CPU
		{5FA9C4C1-04E5-43CD-A67E-CC997D7A2690}.Biostack|Any CPU.ActiveCfg = Debug|Any CPU
		{5FA9C4C1-04E5-43CD-A67E-CC997D7A2690}.Biostack|Any CPU.Build.0 = Debug|Any CPU
		{5FA9C4C1-04E5-43CD-A67E-CC997D7A2690}.Biostack|x64.ActiveCfg = Debug|x64
		{5FA9C4C1-04E5-43CD-A67E-CC997D7A2690}.Biostack|x64.Build.0 = Debug|x64
		{5FA9C4C1-04E5-43CD-A67E-CC997D7A2690}.Biostack|x86.ActiveCfg = Debug|Any CPU
		{5FA9C4C1-04E5-43CD-A67E-CC997D7A2690}.Biostack|x86.Build.0 = Debug|Any CPU
		{5FA9C4C1-04E5-43CD-A67E-CC997D7A2690}.Biostack-Debug|Any CPU.ActiveCfg = Debug|Any CPU
		{5FA9C4C1-04E5-43CD-A67E-CC997D7A2690}.Biostack-Debug|Any CPU.Build.0 = Debug|Any CPU
		{5FA9C4C1-04E5-43CD-A67E-CC997D7A2690}.Biostack-Debug|x64.ActiveCfg = Debug|x64
		{5FA9C4C1-04E5-43CD-A67E-CC997D7A2690}.Biostack-Debug|x64.Build.0 = Debug|x64
		{5FA9C4C1-04E5-43CD-A67E-CC997D7A2690}.Biostack-Debug|x86.ActiveCfg = Debug|Any CPU
		{5FA9C4C1-04E5-43CD-A67E-CC997D7A2690}.Biostack-Debug|x86.Build.0 = Debug|Any CPU
		{5FA9C4C1-04E5-43CD-A67E-CC997D7A2690}.Debug|Any CPU.ActiveCfg = Debug|Any CPU
		{5FA9C4C1-04E5-43CD-A67E-CC997D7A2690}.Debug|Any CPU.Build.0 = Debug|Any CPU
		{5FA9C4C1-04E5-43CD-A67E-CC997D7A2690}.Debug|x64.ActiveCfg = Debug|x64
		{5FA9C4C1-04E5-43CD-A67E-CC997D7A2690}.Debug|x64.Build.0 = Debug|x64
		{5FA9C4C1-04E5-43CD-A67E-CC997D7A2690}.Debug|x86.ActiveCfg = Debug|Any CPU
		{5FA9C4C1-04E5-43CD-A67E-CC997D7A2690}.Debug|x86.Build.0 = Debug|Any CPU
		{5FA9C4C1-04E5-43CD-A67E-CC997D7A2690}.DEMO|Any CPU.ActiveCfg = Debug|Any CPU
		{5FA9C4C1-04E5-43CD-A67E-CC997D7A2690}.DEMO|Any CPU.Build.0 = Debug|Any CPU
		{5FA9C4C1-04E5-43CD-A67E-CC997D7A2690}.DEMO|x64.ActiveCfg = Debug|x64
		{5FA9C4C1-04E5-43CD-A67E-CC997D7A2690}.DEMO|x64.Build.0 = Debug|x64
		{5FA9C4C1-04E5-43CD-A67E-CC997D7A2690}.DEMO|x86.ActiveCfg = Debug|Any CPU
		{5FA9C4C1-04E5-43CD-A67E-CC997D7A2690}.DEMO|x86.Build.0 = Debug|Any CPU
		{5FA9C4C1-04E5-43CD-A67E-CC997D7A2690}.Docker|Any CPU.ActiveCfg = Debug|Any CPU
		{5FA9C4C1-04E5-43CD-A67E-CC997D7A2690}.Docker|Any CPU.Build.0 = Debug|Any CPU
		{5FA9C4C1-04E5-43CD-A67E-CC997D7A2690}.Docker|x64.ActiveCfg = Debug|x64
		{5FA9C4C1-04E5-43CD-A67E-CC997D7A2690}.Docker|x64.Build.0 = Debug|x64
		{5FA9C4C1-04E5-43CD-A67E-CC997D7A2690}.Docker|x86.ActiveCfg = Debug|Any CPU
		{5FA9C4C1-04E5-43CD-A67E-CC997D7A2690}.Docker|x86.Build.0 = Debug|Any CPU
		{5FA9C4C1-04E5-43CD-A67E-CC997D7A2690}.docs|Any CPU.ActiveCfg = Debug|Any CPU
		{5FA9C4C1-04E5-43CD-A67E-CC997D7A2690}.docs|Any CPU.Build.0 = Debug|Any CPU
		{5FA9C4C1-04E5-43CD-A67E-CC997D7A2690}.docs|x64.ActiveCfg = Debug|x64
		{5FA9C4C1-04E5-43CD-A67E-CC997D7A2690}.docs|x64.Build.0 = Debug|x64
		{5FA9C4C1-04E5-43CD-A67E-CC997D7A2690}.docs|x86.ActiveCfg = Debug|Any CPU
		{5FA9C4C1-04E5-43CD-A67E-CC997D7A2690}.docs|x86.Build.0 = Debug|Any CPU
		{5FA9C4C1-04E5-43CD-A67E-CC997D7A2690}.GCModeller(Release_X64)|Any CPU.ActiveCfg = Release|Any CPU
		{5FA9C4C1-04E5-43CD-A67E-CC997D7A2690}.GCModeller(Release_X64)|Any CPU.Build.0 = Release|Any CPU
		{5FA9C4C1-04E5-43CD-A67E-CC997D7A2690}.GCModeller(Release_X64)|x64.ActiveCfg = Release|x64
		{5FA9C4C1-04E5-43CD-A67E-CC997D7A2690}.GCModeller(Release_X64)|x64.Build.0 = Release|x64
		{5FA9C4C1-04E5-43CD-A67E-CC997D7A2690}.GCModeller(Release_X64)|x86.ActiveCfg = Release|Any CPU
		{5FA9C4C1-04E5-43CD-A67E-CC997D7A2690}.GCModeller(Release_X64)|x86.Build.0 = Release|Any CPU
		{5FA9C4C1-04E5-43CD-A67E-CC997D7A2690}.GCModeller(UNIX-Release_X64)|Any CPU.ActiveCfg = Release|Any CPU
		{5FA9C4C1-04E5-43CD-A67E-CC997D7A2690}.GCModeller(UNIX-Release_X64)|Any CPU.Build.0 = Release|Any CPU
		{5FA9C4C1-04E5-43CD-A67E-CC997D7A2690}.GCModeller(UNIX-Release_X64)|x64.ActiveCfg = Release|x64
		{5FA9C4C1-04E5-43CD-A67E-CC997D7A2690}.GCModeller(UNIX-Release_X64)|x64.Build.0 = Release|x64
		{5FA9C4C1-04E5-43CD-A67E-CC997D7A2690}.GCModeller(UNIX-Release_X64)|x86.ActiveCfg = Release|Any CPU
		{5FA9C4C1-04E5-43CD-A67E-CC997D7A2690}.GCModeller(UNIX-Release_X64)|x86.Build.0 = Release|Any CPU
		{5FA9C4C1-04E5-43CD-A67E-CC997D7A2690}.GTA5-game-test|Any CPU.ActiveCfg = Debug|Any CPU
		{5FA9C4C1-04E5-43CD-A67E-CC997D7A2690}.GTA5-game-test|Any CPU.Build.0 = Debug|Any CPU
		{5FA9C4C1-04E5-43CD-A67E-CC997D7A2690}.GTA5-game-test|x64.ActiveCfg = Debug|x64
		{5FA9C4C1-04E5-43CD-A67E-CC997D7A2690}.GTA5-game-test|x64.Build.0 = Debug|x64
		{5FA9C4C1-04E5-43CD-A67E-CC997D7A2690}.GTA5-game-test|x86.ActiveCfg = Debug|Any CPU
		{5FA9C4C1-04E5-43CD-A67E-CC997D7A2690}.GTA5-game-test|x86.Build.0 = Debug|Any CPU
		{5FA9C4C1-04E5-43CD-A67E-CC997D7A2690}.installer_x64|Any CPU.ActiveCfg = Debug|Any CPU
		{5FA9C4C1-04E5-43CD-A67E-CC997D7A2690}.installer_x64|Any CPU.Build.0 = Debug|Any CPU
		{5FA9C4C1-04E5-43CD-A67E-CC997D7A2690}.installer_x64|x64.ActiveCfg = Debug|x64
		{5FA9C4C1-04E5-43CD-A67E-CC997D7A2690}.installer_x64|x64.Build.0 = Debug|x64
		{5FA9C4C1-04E5-43CD-A67E-CC997D7A2690}.installer_x64|x86.ActiveCfg = Debug|Any CPU
		{5FA9C4C1-04E5-43CD-A67E-CC997D7A2690}.installer_x64|x86.Build.0 = Debug|Any CPU
		{5FA9C4C1-04E5-43CD-A67E-CC997D7A2690}.linux-profiler|Any CPU.ActiveCfg = LipidSearch|Any CPU
		{5FA9C4C1-04E5-43CD-A67E-CC997D7A2690}.linux-profiler|Any CPU.Build.0 = LipidSearch|Any CPU
		{5FA9C4C1-04E5-43CD-A67E-CC997D7A2690}.linux-profiler|x64.ActiveCfg = LipidSearch|x64
		{5FA9C4C1-04E5-43CD-A67E-CC997D7A2690}.linux-profiler|x64.Build.0 = LipidSearch|x64
		{5FA9C4C1-04E5-43CD-A67E-CC997D7A2690}.linux-profiler|x86.ActiveCfg = LipidSearch|Any CPU
		{5FA9C4C1-04E5-43CD-A67E-CC997D7A2690}.linux-profiler|x86.Build.0 = LipidSearch|Any CPU
		{5FA9C4C1-04E5-43CD-A67E-CC997D7A2690}.LipidSearch|Any CPU.ActiveCfg = LipidSearch|Any CPU
		{5FA9C4C1-04E5-43CD-A67E-CC997D7A2690}.LipidSearch|Any CPU.Build.0 = LipidSearch|Any CPU
		{5FA9C4C1-04E5-43CD-A67E-CC997D7A2690}.LipidSearch|x64.ActiveCfg = LipidSearch|x64
		{5FA9C4C1-04E5-43CD-A67E-CC997D7A2690}.LipidSearch|x64.Build.0 = LipidSearch|x64
		{5FA9C4C1-04E5-43CD-A67E-CC997D7A2690}.LipidSearch|x86.ActiveCfg = LipidSearch|Any CPU
		{5FA9C4C1-04E5-43CD-A67E-CC997D7A2690}.LipidSearch|x86.Build.0 = LipidSearch|Any CPU
		{5FA9C4C1-04E5-43CD-A67E-CC997D7A2690}.MetaCardio|Any CPU.ActiveCfg = mzkit|Any CPU
		{5FA9C4C1-04E5-43CD-A67E-CC997D7A2690}.MetaCardio|Any CPU.Build.0 = mzkit|Any CPU
		{5FA9C4C1-04E5-43CD-A67E-CC997D7A2690}.MetaCardio|x64.ActiveCfg = mzkit|x64
		{5FA9C4C1-04E5-43CD-A67E-CC997D7A2690}.MetaCardio|x64.Build.0 = mzkit|x64
		{5FA9C4C1-04E5-43CD-A67E-CC997D7A2690}.MetaCardio|x86.ActiveCfg = mzkit|Any CPU
		{5FA9C4C1-04E5-43CD-A67E-CC997D7A2690}.MetaCardio|x86.Build.0 = mzkit|Any CPU
		{5FA9C4C1-04E5-43CD-A67E-CC997D7A2690}.mysqli_X64_release|Any CPU.ActiveCfg = mzkit|Any CPU
		{5FA9C4C1-04E5-43CD-A67E-CC997D7A2690}.mysqli_X64_release|Any CPU.Build.0 = mzkit|Any CPU
		{5FA9C4C1-04E5-43CD-A67E-CC997D7A2690}.mysqli_X64_release|x64.ActiveCfg = mzkit|x64
		{5FA9C4C1-04E5-43CD-A67E-CC997D7A2690}.mysqli_X64_release|x64.Build.0 = mzkit|x64
		{5FA9C4C1-04E5-43CD-A67E-CC997D7A2690}.mysqli_X64_release|x86.ActiveCfg = mzkit|Any CPU
		{5FA9C4C1-04E5-43CD-A67E-CC997D7A2690}.mysqli_X64_release|x86.Build.0 = mzkit|Any CPU
		{5FA9C4C1-04E5-43CD-A67E-CC997D7A2690}.mzkit_UnixDocker|Any CPU.ActiveCfg = mzkit|Any CPU
		{5FA9C4C1-04E5-43CD-A67E-CC997D7A2690}.mzkit_UnixDocker|Any CPU.Build.0 = mzkit|Any CPU
		{5FA9C4C1-04E5-43CD-A67E-CC997D7A2690}.mzkit_UnixDocker|x64.ActiveCfg = mzkit|x64
		{5FA9C4C1-04E5-43CD-A67E-CC997D7A2690}.mzkit_UnixDocker|x64.Build.0 = mzkit|x64
		{5FA9C4C1-04E5-43CD-A67E-CC997D7A2690}.mzkit_UnixDocker|x86.ActiveCfg = mzkit|Any CPU
		{5FA9C4C1-04E5-43CD-A67E-CC997D7A2690}.mzkit_UnixDocker|x86.Build.0 = mzkit|Any CPU
		{5FA9C4C1-04E5-43CD-A67E-CC997D7A2690}.mzkit|Any CPU.ActiveCfg = mzkit|Any CPU
		{5FA9C4C1-04E5-43CD-A67E-CC997D7A2690}.mzkit|Any CPU.Build.0 = mzkit|Any CPU
		{5FA9C4C1-04E5-43CD-A67E-CC997D7A2690}.mzkit|x64.ActiveCfg = mzkit|x64
		{5FA9C4C1-04E5-43CD-A67E-CC997D7A2690}.mzkit|x64.Build.0 = mzkit|x64
		{5FA9C4C1-04E5-43CD-A67E-CC997D7A2690}.mzkit|x86.ActiveCfg = mzkit|Any CPU
		{5FA9C4C1-04E5-43CD-A67E-CC997D7A2690}.mzkit|x86.Build.0 = mzkit|Any CPU
		{5FA9C4C1-04E5-43CD-A67E-CC997D7A2690}.node-debug|Any CPU.ActiveCfg = Debug|Any CPU
		{5FA9C4C1-04E5-43CD-A67E-CC997D7A2690}.node-debug|Any CPU.Build.0 = Debug|Any CPU
		{5FA9C4C1-04E5-43CD-A67E-CC997D7A2690}.node-debug|x64.ActiveCfg = Debug|x64
		{5FA9C4C1-04E5-43CD-A67E-CC997D7A2690}.node-debug|x64.Build.0 = Debug|x64
		{5FA9C4C1-04E5-43CD-A67E-CC997D7A2690}.node-debug|x86.ActiveCfg = Debug|Any CPU
		{5FA9C4C1-04E5-43CD-A67E-CC997D7A2690}.node-debug|x86.Build.0 = Debug|Any CPU
		{5FA9C4C1-04E5-43CD-A67E-CC997D7A2690}.NPSearch|Any CPU.ActiveCfg = Debug|Any CPU
		{5FA9C4C1-04E5-43CD-A67E-CC997D7A2690}.NPSearch|Any CPU.Build.0 = Debug|Any CPU
		{5FA9C4C1-04E5-43CD-A67E-CC997D7A2690}.NPSearch|x64.ActiveCfg = Debug|x64
		{5FA9C4C1-04E5-43CD-A67E-CC997D7A2690}.NPSearch|x64.Build.0 = Debug|x64
		{5FA9C4C1-04E5-43CD-A67E-CC997D7A2690}.NPSearch|x86.ActiveCfg = Debug|Any CPU
		{5FA9C4C1-04E5-43CD-A67E-CC997D7A2690}.NPSearch|x86.Build.0 = Debug|Any CPU
		{5FA9C4C1-04E5-43CD-A67E-CC997D7A2690}.PlantMAT|Any CPU.ActiveCfg = Debug|Any CPU
		{5FA9C4C1-04E5-43CD-A67E-CC997D7A2690}.PlantMAT|Any CPU.Build.0 = Debug|Any CPU
		{5FA9C4C1-04E5-43CD-A67E-CC997D7A2690}.PlantMAT|x64.ActiveCfg = Debug|x64
		{5FA9C4C1-04E5-43CD-A67E-CC997D7A2690}.PlantMAT|x64.Build.0 = Debug|x64
		{5FA9C4C1-04E5-43CD-A67E-CC997D7A2690}.PlantMAT|x86.ActiveCfg = Debug|Any CPU
		{5FA9C4C1-04E5-43CD-A67E-CC997D7A2690}.PlantMAT|x86.Build.0 = Debug|Any CPU
		{5FA9C4C1-04E5-43CD-A67E-CC997D7A2690}.ProteoWizard.d|Any CPU.ActiveCfg = Debug|Any CPU
		{5FA9C4C1-04E5-43CD-A67E-CC997D7A2690}.ProteoWizard.d|Any CPU.Build.0 = Debug|Any CPU
		{5FA9C4C1-04E5-43CD-A67E-CC997D7A2690}.ProteoWizard.d|x64.ActiveCfg = Debug|x64
		{5FA9C4C1-04E5-43CD-A67E-CC997D7A2690}.ProteoWizard.d|x64.Build.0 = Debug|x64
		{5FA9C4C1-04E5-43CD-A67E-CC997D7A2690}.ProteoWizard.d|x86.ActiveCfg = Debug|Any CPU
		{5FA9C4C1-04E5-43CD-A67E-CC997D7A2690}.ProteoWizard.d|x86.Build.0 = Debug|Any CPU
		{5FA9C4C1-04E5-43CD-A67E-CC997D7A2690}.Publish|Any CPU.ActiveCfg = Debug|Any CPU
		{5FA9C4C1-04E5-43CD-A67E-CC997D7A2690}.Publish|Any CPU.Build.0 = Debug|Any CPU
		{5FA9C4C1-04E5-43CD-A67E-CC997D7A2690}.Publish|x64.ActiveCfg = Debug|x64
		{5FA9C4C1-04E5-43CD-A67E-CC997D7A2690}.Publish|x64.Build.0 = Debug|x64
		{5FA9C4C1-04E5-43CD-A67E-CC997D7A2690}.Publish|x86.ActiveCfg = Debug|Any CPU
		{5FA9C4C1-04E5-43CD-A67E-CC997D7A2690}.Publish|x86.Build.0 = Debug|Any CPU
		{5FA9C4C1-04E5-43CD-A67E-CC997D7A2690}.R-dotnet|Any CPU.ActiveCfg = Release|Any CPU
		{5FA9C4C1-04E5-43CD-A67E-CC997D7A2690}.R-dotnet|Any CPU.Build.0 = Release|Any CPU
		{5FA9C4C1-04E5-43CD-A67E-CC997D7A2690}.R-dotnet|x64.ActiveCfg = Release|x64
		{5FA9C4C1-04E5-43CD-A67E-CC997D7A2690}.R-dotnet|x64.Build.0 = Release|x64
		{5FA9C4C1-04E5-43CD-A67E-CC997D7A2690}.R-dotnet|x86.ActiveCfg = Release|Any CPU
		{5FA9C4C1-04E5-43CD-A67E-CC997D7A2690}.R-dotnet|x86.Build.0 = Release|Any CPU
		{5FA9C4C1-04E5-43CD-A67E-CC997D7A2690}.Release|Any CPU.ActiveCfg = Release|Any CPU
		{5FA9C4C1-04E5-43CD-A67E-CC997D7A2690}.Release|Any CPU.Build.0 = Release|Any CPU
		{5FA9C4C1-04E5-43CD-A67E-CC997D7A2690}.Release|x64.ActiveCfg = Release|x64
		{5FA9C4C1-04E5-43CD-A67E-CC997D7A2690}.Release|x64.Build.0 = Release|x64
		{5FA9C4C1-04E5-43CD-A67E-CC997D7A2690}.Release|x86.ActiveCfg = Release|Any CPU
		{5FA9C4C1-04E5-43CD-A67E-CC997D7A2690}.Release|x86.Build.0 = Release|Any CPU
		{5FA9C4C1-04E5-43CD-A67E-CC997D7A2690}.Rsharp_app_release|Any CPU.ActiveCfg = Rsharp_app_release|Any CPU
		{5FA9C4C1-04E5-43CD-A67E-CC997D7A2690}.Rsharp_app_release|Any CPU.Build.0 = Rsharp_app_release|Any CPU
		{5FA9C4C1-04E5-43CD-A67E-CC997D7A2690}.Rsharp_app_release|x64.ActiveCfg = Rsharp_app_release|x64
		{5FA9C4C1-04E5-43CD-A67E-CC997D7A2690}.Rsharp_app_release|x64.Build.0 = Rsharp_app_release|x64
		{5FA9C4C1-04E5-43CD-A67E-CC997D7A2690}.Rsharp_app_release|x86.ActiveCfg = Rsharp_app_release|Any CPU
		{5FA9C4C1-04E5-43CD-A67E-CC997D7A2690}.Rsharp_app_release|x86.Build.0 = Rsharp_app_release|Any CPU
		{5FA9C4C1-04E5-43CD-A67E-CC997D7A2690}.RsharpDev|Any CPU.ActiveCfg = Rsharp_app_release|Any CPU
		{5FA9C4C1-04E5-43CD-A67E-CC997D7A2690}.RsharpDev|Any CPU.Build.0 = Rsharp_app_release|Any CPU
		{5FA9C4C1-04E5-43CD-A67E-CC997D7A2690}.RsharpDev|x64.ActiveCfg = Rsharp_app_release|x64
		{5FA9C4C1-04E5-43CD-A67E-CC997D7A2690}.RsharpDev|x64.Build.0 = Rsharp_app_release|x64
		{5FA9C4C1-04E5-43CD-A67E-CC997D7A2690}.RsharpDev|x86.ActiveCfg = Rsharp_app_release|Any CPU
		{5FA9C4C1-04E5-43CD-A67E-CC997D7A2690}.RsharpDev|x86.Build.0 = Rsharp_app_release|Any CPU
		{5FA9C4C1-04E5-43CD-A67E-CC997D7A2690}.sciBASIC.NET-test-release|Any CPU.ActiveCfg = Debug|Any CPU
		{5FA9C4C1-04E5-43CD-A67E-CC997D7A2690}.sciBASIC.NET-test-release|Any CPU.Build.0 = Debug|Any CPU
		{5FA9C4C1-04E5-43CD-A67E-CC997D7A2690}.sciBASIC.NET-test-release|x64.ActiveCfg = Debug|x64
		{5FA9C4C1-04E5-43CD-A67E-CC997D7A2690}.sciBASIC.NET-test-release|x64.Build.0 = Debug|x64
		{5FA9C4C1-04E5-43CD-A67E-CC997D7A2690}.sciBASIC.NET-test-release|x86.ActiveCfg = Debug|Any CPU
		{5FA9C4C1-04E5-43CD-A67E-CC997D7A2690}.sciBASIC.NET-test-release|x86.Build.0 = Debug|Any CPU
		{5FA9C4C1-04E5-43CD-A67E-CC997D7A2690}.Surveillance-of-infectious-diseases|Any CPU.ActiveCfg = Debug|Any CPU
		{5FA9C4C1-04E5-43CD-A67E-CC997D7A2690}.Surveillance-of-infectious-diseases|Any CPU.Build.0 = Debug|Any CPU
		{5FA9C4C1-04E5-43CD-A67E-CC997D7A2690}.Surveillance-of-infectious-diseases|x64.ActiveCfg = Debug|x64
		{5FA9C4C1-04E5-43CD-A67E-CC997D7A2690}.Surveillance-of-infectious-diseases|x64.Build.0 = Debug|x64
		{5FA9C4C1-04E5-43CD-A67E-CC997D7A2690}.Surveillance-of-infectious-diseases|x86.ActiveCfg = Debug|Any CPU
		{5FA9C4C1-04E5-43CD-A67E-CC997D7A2690}.Surveillance-of-infectious-diseases|x86.Build.0 = Debug|Any CPU
		{5FA9C4C1-04E5-43CD-A67E-CC997D7A2690}.test|Any CPU.ActiveCfg = Debug|Any CPU
		{5FA9C4C1-04E5-43CD-A67E-CC997D7A2690}.test|Any CPU.Build.0 = Debug|Any CPU
		{5FA9C4C1-04E5-43CD-A67E-CC997D7A2690}.test|x64.ActiveCfg = Debug|x64
		{5FA9C4C1-04E5-43CD-A67E-CC997D7A2690}.test|x64.Build.0 = Debug|x64
		{5FA9C4C1-04E5-43CD-A67E-CC997D7A2690}.test|x86.ActiveCfg = Debug|Any CPU
		{5FA9C4C1-04E5-43CD-A67E-CC997D7A2690}.test|x86.Build.0 = Debug|Any CPU
		{5FA9C4C1-04E5-43CD-A67E-CC997D7A2690}.Voyager1|Any CPU.ActiveCfg = Debug|Any CPU
		{5FA9C4C1-04E5-43CD-A67E-CC997D7A2690}.Voyager1|Any CPU.Build.0 = Debug|Any CPU
		{5FA9C4C1-04E5-43CD-A67E-CC997D7A2690}.Voyager1|x64.ActiveCfg = Debug|x64
		{5FA9C4C1-04E5-43CD-A67E-CC997D7A2690}.Voyager1|x64.Build.0 = Debug|x64
		{5FA9C4C1-04E5-43CD-A67E-CC997D7A2690}.Voyager1|x86.ActiveCfg = Debug|Any CPU
		{5FA9C4C1-04E5-43CD-A67E-CC997D7A2690}.Voyager1|x86.Build.0 = Debug|Any CPU
		{5FA9C4C1-04E5-43CD-A67E-CC997D7A2690}.WebAssembly|Any CPU.ActiveCfg = Debug|Any CPU
		{5FA9C4C1-04E5-43CD-A67E-CC997D7A2690}.WebAssembly|Any CPU.Build.0 = Debug|Any CPU
		{5FA9C4C1-04E5-43CD-A67E-CC997D7A2690}.WebAssembly|x64.ActiveCfg = Debug|x64
		{5FA9C4C1-04E5-43CD-A67E-CC997D7A2690}.WebAssembly|x64.Build.0 = Debug|x64
		{5FA9C4C1-04E5-43CD-A67E-CC997D7A2690}.WebAssembly|x86.ActiveCfg = Debug|Any CPU
		{5FA9C4C1-04E5-43CD-A67E-CC997D7A2690}.WebAssembly|x86.Build.0 = Debug|Any CPU
		{5FA9C4C1-04E5-43CD-A67E-CC997D7A2690}.Yilia-Release_x64|Any CPU.ActiveCfg = Release|Any CPU
		{5FA9C4C1-04E5-43CD-A67E-CC997D7A2690}.Yilia-Release_x64|Any CPU.Build.0 = Release|Any CPU
		{5FA9C4C1-04E5-43CD-A67E-CC997D7A2690}.Yilia-Release_x64|x64.ActiveCfg = Release|x64
		{5FA9C4C1-04E5-43CD-A67E-CC997D7A2690}.Yilia-Release_x64|x64.Build.0 = Release|x64
		{5FA9C4C1-04E5-43CD-A67E-CC997D7A2690}.Yilia-Release_x64|x86.ActiveCfg = Release|Any CPU
		{5FA9C4C1-04E5-43CD-A67E-CC997D7A2690}.Yilia-Release_x64|x86.Build.0 = Release|Any CPU
		{67A91CAC-C66A-4FDC-AE7A-D5E7B5DBAB5C}.BioDeep_database|Any CPU.ActiveCfg = Debug|Any CPU
		{67A91CAC-C66A-4FDC-AE7A-D5E7B5DBAB5C}.BioDeep_database|Any CPU.Build.0 = Debug|Any CPU
		{67A91CAC-C66A-4FDC-AE7A-D5E7B5DBAB5C}.BioDeep_database|x64.ActiveCfg = Debug|x64
		{67A91CAC-C66A-4FDC-AE7A-D5E7B5DBAB5C}.BioDeep_database|x64.Build.0 = Debug|x64
		{67A91CAC-C66A-4FDC-AE7A-D5E7B5DBAB5C}.BioDeep_database|x86.ActiveCfg = Debug|Any CPU
		{67A91CAC-C66A-4FDC-AE7A-D5E7B5DBAB5C}.BioDeep_database|x86.Build.0 = Debug|Any CPU
		{67A91CAC-C66A-4FDC-AE7A-D5E7B5DBAB5C}.Biodeep_UNIX_x64|Any CPU.ActiveCfg = Debug|Any CPU
		{67A91CAC-C66A-4FDC-AE7A-D5E7B5DBAB5C}.Biodeep_UNIX_x64|Any CPU.Build.0 = Debug|Any CPU
		{67A91CAC-C66A-4FDC-AE7A-D5E7B5DBAB5C}.Biodeep_UNIX_x64|x64.ActiveCfg = Debug|x64
		{67A91CAC-C66A-4FDC-AE7A-D5E7B5DBAB5C}.Biodeep_UNIX_x64|x64.Build.0 = Debug|x64
		{67A91CAC-C66A-4FDC-AE7A-D5E7B5DBAB5C}.Biodeep_UNIX_x64|x86.ActiveCfg = Debug|Any CPU
		{67A91CAC-C66A-4FDC-AE7A-D5E7B5DBAB5C}.Biodeep_UNIX_x64|x86.Build.0 = Debug|Any CPU
		{67A91CAC-C66A-4FDC-AE7A-D5E7B5DBAB5C}.Biodeep|Any CPU.ActiveCfg = Debug|Any CPU
		{67A91CAC-C66A-4FDC-AE7A-D5E7B5DBAB5C}.Biodeep|Any CPU.Build.0 = Debug|Any CPU
		{67A91CAC-C66A-4FDC-AE7A-D5E7B5DBAB5C}.Biodeep|x64.ActiveCfg = Debug|x64
		{67A91CAC-C66A-4FDC-AE7A-D5E7B5DBAB5C}.Biodeep|x64.Build.0 = Debug|x64
		{67A91CAC-C66A-4FDC-AE7A-D5E7B5DBAB5C}.Biodeep|x86.ActiveCfg = Debug|Any CPU
		{67A91CAC-C66A-4FDC-AE7A-D5E7B5DBAB5C}.Biodeep|x86.Build.0 = Debug|Any CPU
		{67A91CAC-C66A-4FDC-AE7A-D5E7B5DBAB5C}.Biostack|Any CPU.ActiveCfg = Debug|Any CPU
		{67A91CAC-C66A-4FDC-AE7A-D5E7B5DBAB5C}.Biostack|Any CPU.Build.0 = Debug|Any CPU
		{67A91CAC-C66A-4FDC-AE7A-D5E7B5DBAB5C}.Biostack|x64.ActiveCfg = Debug|x64
		{67A91CAC-C66A-4FDC-AE7A-D5E7B5DBAB5C}.Biostack|x64.Build.0 = Debug|x64
		{67A91CAC-C66A-4FDC-AE7A-D5E7B5DBAB5C}.Biostack|x86.ActiveCfg = Debug|Any CPU
		{67A91CAC-C66A-4FDC-AE7A-D5E7B5DBAB5C}.Biostack|x86.Build.0 = Debug|Any CPU
		{67A91CAC-C66A-4FDC-AE7A-D5E7B5DBAB5C}.Biostack-Debug|Any CPU.ActiveCfg = Debug|Any CPU
		{67A91CAC-C66A-4FDC-AE7A-D5E7B5DBAB5C}.Biostack-Debug|Any CPU.Build.0 = Debug|Any CPU
		{67A91CAC-C66A-4FDC-AE7A-D5E7B5DBAB5C}.Biostack-Debug|x64.ActiveCfg = Debug|x64
		{67A91CAC-C66A-4FDC-AE7A-D5E7B5DBAB5C}.Biostack-Debug|x64.Build.0 = Debug|x64
		{67A91CAC-C66A-4FDC-AE7A-D5E7B5DBAB5C}.Biostack-Debug|x86.ActiveCfg = Debug|Any CPU
		{67A91CAC-C66A-4FDC-AE7A-D5E7B5DBAB5C}.Biostack-Debug|x86.Build.0 = Debug|Any CPU
		{67A91CAC-C66A-4FDC-AE7A-D5E7B5DBAB5C}.Debug|Any CPU.ActiveCfg = Debug|Any CPU
		{67A91CAC-C66A-4FDC-AE7A-D5E7B5DBAB5C}.Debug|Any CPU.Build.0 = Debug|Any CPU
		{67A91CAC-C66A-4FDC-AE7A-D5E7B5DBAB5C}.Debug|x64.ActiveCfg = Debug|x64
		{67A91CAC-C66A-4FDC-AE7A-D5E7B5DBAB5C}.Debug|x64.Build.0 = Debug|x64
		{67A91CAC-C66A-4FDC-AE7A-D5E7B5DBAB5C}.Debug|x86.ActiveCfg = Debug|Any CPU
		{67A91CAC-C66A-4FDC-AE7A-D5E7B5DBAB5C}.Debug|x86.Build.0 = Debug|Any CPU
		{67A91CAC-C66A-4FDC-AE7A-D5E7B5DBAB5C}.DEMO|Any CPU.ActiveCfg = Debug|Any CPU
		{67A91CAC-C66A-4FDC-AE7A-D5E7B5DBAB5C}.DEMO|Any CPU.Build.0 = Debug|Any CPU
		{67A91CAC-C66A-4FDC-AE7A-D5E7B5DBAB5C}.DEMO|x64.ActiveCfg = Debug|x64
		{67A91CAC-C66A-4FDC-AE7A-D5E7B5DBAB5C}.DEMO|x64.Build.0 = Debug|x64
		{67A91CAC-C66A-4FDC-AE7A-D5E7B5DBAB5C}.DEMO|x86.ActiveCfg = Debug|Any CPU
		{67A91CAC-C66A-4FDC-AE7A-D5E7B5DBAB5C}.DEMO|x86.Build.0 = Debug|Any CPU
		{67A91CAC-C66A-4FDC-AE7A-D5E7B5DBAB5C}.Docker|Any CPU.ActiveCfg = Debug|Any CPU
		{67A91CAC-C66A-4FDC-AE7A-D5E7B5DBAB5C}.Docker|Any CPU.Build.0 = Debug|Any CPU
		{67A91CAC-C66A-4FDC-AE7A-D5E7B5DBAB5C}.Docker|x64.ActiveCfg = Debug|x64
		{67A91CAC-C66A-4FDC-AE7A-D5E7B5DBAB5C}.Docker|x64.Build.0 = Debug|x64
		{67A91CAC-C66A-4FDC-AE7A-D5E7B5DBAB5C}.Docker|x86.ActiveCfg = Debug|Any CPU
		{67A91CAC-C66A-4FDC-AE7A-D5E7B5DBAB5C}.Docker|x86.Build.0 = Debug|Any CPU
		{67A91CAC-C66A-4FDC-AE7A-D5E7B5DBAB5C}.docs|Any CPU.ActiveCfg = Debug|Any CPU
		{67A91CAC-C66A-4FDC-AE7A-D5E7B5DBAB5C}.docs|Any CPU.Build.0 = Debug|Any CPU
		{67A91CAC-C66A-4FDC-AE7A-D5E7B5DBAB5C}.docs|x64.ActiveCfg = Debug|x64
		{67A91CAC-C66A-4FDC-AE7A-D5E7B5DBAB5C}.docs|x64.Build.0 = Debug|x64
		{67A91CAC-C66A-4FDC-AE7A-D5E7B5DBAB5C}.docs|x86.ActiveCfg = Debug|Any CPU
		{67A91CAC-C66A-4FDC-AE7A-D5E7B5DBAB5C}.docs|x86.Build.0 = Debug|Any CPU
		{67A91CAC-C66A-4FDC-AE7A-D5E7B5DBAB5C}.GCModeller(Release_X64)|Any CPU.ActiveCfg = Release|Any CPU
		{67A91CAC-C66A-4FDC-AE7A-D5E7B5DBAB5C}.GCModeller(Release_X64)|Any CPU.Build.0 = Release|Any CPU
		{67A91CAC-C66A-4FDC-AE7A-D5E7B5DBAB5C}.GCModeller(Release_X64)|x64.ActiveCfg = Release|x64
		{67A91CAC-C66A-4FDC-AE7A-D5E7B5DBAB5C}.GCModeller(Release_X64)|x64.Build.0 = Release|x64
		{67A91CAC-C66A-4FDC-AE7A-D5E7B5DBAB5C}.GCModeller(Release_X64)|x86.ActiveCfg = Release|Any CPU
		{67A91CAC-C66A-4FDC-AE7A-D5E7B5DBAB5C}.GCModeller(Release_X64)|x86.Build.0 = Release|Any CPU
		{67A91CAC-C66A-4FDC-AE7A-D5E7B5DBAB5C}.GCModeller(UNIX-Release_X64)|Any CPU.ActiveCfg = Release|Any CPU
		{67A91CAC-C66A-4FDC-AE7A-D5E7B5DBAB5C}.GCModeller(UNIX-Release_X64)|Any CPU.Build.0 = Release|Any CPU
		{67A91CAC-C66A-4FDC-AE7A-D5E7B5DBAB5C}.GCModeller(UNIX-Release_X64)|x64.ActiveCfg = Release|x64
		{67A91CAC-C66A-4FDC-AE7A-D5E7B5DBAB5C}.GCModeller(UNIX-Release_X64)|x64.Build.0 = Release|x64
		{67A91CAC-C66A-4FDC-AE7A-D5E7B5DBAB5C}.GCModeller(UNIX-Release_X64)|x86.ActiveCfg = Release|Any CPU
		{67A91CAC-C66A-4FDC-AE7A-D5E7B5DBAB5C}.GCModeller(UNIX-Release_X64)|x86.Build.0 = Release|Any CPU
		{67A91CAC-C66A-4FDC-AE7A-D5E7B5DBAB5C}.GTA5-game-test|Any CPU.ActiveCfg = Debug|Any CPU
		{67A91CAC-C66A-4FDC-AE7A-D5E7B5DBAB5C}.GTA5-game-test|Any CPU.Build.0 = Debug|Any CPU
		{67A91CAC-C66A-4FDC-AE7A-D5E7B5DBAB5C}.GTA5-game-test|x64.ActiveCfg = Debug|x64
		{67A91CAC-C66A-4FDC-AE7A-D5E7B5DBAB5C}.GTA5-game-test|x64.Build.0 = Debug|x64
		{67A91CAC-C66A-4FDC-AE7A-D5E7B5DBAB5C}.GTA5-game-test|x86.ActiveCfg = Debug|Any CPU
		{67A91CAC-C66A-4FDC-AE7A-D5E7B5DBAB5C}.GTA5-game-test|x86.Build.0 = Debug|Any CPU
		{67A91CAC-C66A-4FDC-AE7A-D5E7B5DBAB5C}.installer_x64|Any CPU.ActiveCfg = Debug|Any CPU
		{67A91CAC-C66A-4FDC-AE7A-D5E7B5DBAB5C}.installer_x64|Any CPU.Build.0 = Debug|Any CPU
		{67A91CAC-C66A-4FDC-AE7A-D5E7B5DBAB5C}.installer_x64|x64.ActiveCfg = Debug|x64
		{67A91CAC-C66A-4FDC-AE7A-D5E7B5DBAB5C}.installer_x64|x64.Build.0 = Debug|x64
		{67A91CAC-C66A-4FDC-AE7A-D5E7B5DBAB5C}.installer_x64|x86.ActiveCfg = Debug|Any CPU
		{67A91CAC-C66A-4FDC-AE7A-D5E7B5DBAB5C}.installer_x64|x86.Build.0 = Debug|Any CPU
		{67A91CAC-C66A-4FDC-AE7A-D5E7B5DBAB5C}.linux-profiler|Any CPU.ActiveCfg = LipidSearch|Any CPU
		{67A91CAC-C66A-4FDC-AE7A-D5E7B5DBAB5C}.linux-profiler|Any CPU.Build.0 = LipidSearch|Any CPU
		{67A91CAC-C66A-4FDC-AE7A-D5E7B5DBAB5C}.linux-profiler|x64.ActiveCfg = LipidSearch|x64
		{67A91CAC-C66A-4FDC-AE7A-D5E7B5DBAB5C}.linux-profiler|x64.Build.0 = LipidSearch|x64
		{67A91CAC-C66A-4FDC-AE7A-D5E7B5DBAB5C}.linux-profiler|x86.ActiveCfg = LipidSearch|Any CPU
		{67A91CAC-C66A-4FDC-AE7A-D5E7B5DBAB5C}.linux-profiler|x86.Build.0 = LipidSearch|Any CPU
		{67A91CAC-C66A-4FDC-AE7A-D5E7B5DBAB5C}.LipidSearch|Any CPU.ActiveCfg = LipidSearch|Any CPU
		{67A91CAC-C66A-4FDC-AE7A-D5E7B5DBAB5C}.LipidSearch|Any CPU.Build.0 = LipidSearch|Any CPU
		{67A91CAC-C66A-4FDC-AE7A-D5E7B5DBAB5C}.LipidSearch|x64.ActiveCfg = LipidSearch|x64
		{67A91CAC-C66A-4FDC-AE7A-D5E7B5DBAB5C}.LipidSearch|x64.Build.0 = LipidSearch|x64
		{67A91CAC-C66A-4FDC-AE7A-D5E7B5DBAB5C}.LipidSearch|x86.ActiveCfg = LipidSearch|Any CPU
		{67A91CAC-C66A-4FDC-AE7A-D5E7B5DBAB5C}.LipidSearch|x86.Build.0 = LipidSearch|Any CPU
		{67A91CAC-C66A-4FDC-AE7A-D5E7B5DBAB5C}.MetaCardio|Any CPU.ActiveCfg = mzkit|Any CPU
		{67A91CAC-C66A-4FDC-AE7A-D5E7B5DBAB5C}.MetaCardio|Any CPU.Build.0 = mzkit|Any CPU
		{67A91CAC-C66A-4FDC-AE7A-D5E7B5DBAB5C}.MetaCardio|x64.ActiveCfg = mzkit|x64
		{67A91CAC-C66A-4FDC-AE7A-D5E7B5DBAB5C}.MetaCardio|x64.Build.0 = mzkit|x64
		{67A91CAC-C66A-4FDC-AE7A-D5E7B5DBAB5C}.MetaCardio|x86.ActiveCfg = mzkit|Any CPU
		{67A91CAC-C66A-4FDC-AE7A-D5E7B5DBAB5C}.MetaCardio|x86.Build.0 = mzkit|Any CPU
		{67A91CAC-C66A-4FDC-AE7A-D5E7B5DBAB5C}.mysqli_X64_release|Any CPU.ActiveCfg = mzkit|Any CPU
		{67A91CAC-C66A-4FDC-AE7A-D5E7B5DBAB5C}.mysqli_X64_release|Any CPU.Build.0 = mzkit|Any CPU
		{67A91CAC-C66A-4FDC-AE7A-D5E7B5DBAB5C}.mysqli_X64_release|x64.ActiveCfg = mzkit|x64
		{67A91CAC-C66A-4FDC-AE7A-D5E7B5DBAB5C}.mysqli_X64_release|x64.Build.0 = mzkit|x64
		{67A91CAC-C66A-4FDC-AE7A-D5E7B5DBAB5C}.mysqli_X64_release|x86.ActiveCfg = mzkit|Any CPU
		{67A91CAC-C66A-4FDC-AE7A-D5E7B5DBAB5C}.mysqli_X64_release|x86.Build.0 = mzkit|Any CPU
		{67A91CAC-C66A-4FDC-AE7A-D5E7B5DBAB5C}.mzkit_UnixDocker|Any CPU.ActiveCfg = mzkit|Any CPU
		{67A91CAC-C66A-4FDC-AE7A-D5E7B5DBAB5C}.mzkit_UnixDocker|Any CPU.Build.0 = mzkit|Any CPU
		{67A91CAC-C66A-4FDC-AE7A-D5E7B5DBAB5C}.mzkit_UnixDocker|x64.ActiveCfg = mzkit|x64
		{67A91CAC-C66A-4FDC-AE7A-D5E7B5DBAB5C}.mzkit_UnixDocker|x64.Build.0 = mzkit|x64
		{67A91CAC-C66A-4FDC-AE7A-D5E7B5DBAB5C}.mzkit_UnixDocker|x86.ActiveCfg = mzkit|Any CPU
		{67A91CAC-C66A-4FDC-AE7A-D5E7B5DBAB5C}.mzkit_UnixDocker|x86.Build.0 = mzkit|Any CPU
		{67A91CAC-C66A-4FDC-AE7A-D5E7B5DBAB5C}.mzkit|Any CPU.ActiveCfg = mzkit|Any CPU
		{67A91CAC-C66A-4FDC-AE7A-D5E7B5DBAB5C}.mzkit|Any CPU.Build.0 = mzkit|Any CPU
		{67A91CAC-C66A-4FDC-AE7A-D5E7B5DBAB5C}.mzkit|x64.ActiveCfg = mzkit|x64
		{67A91CAC-C66A-4FDC-AE7A-D5E7B5DBAB5C}.mzkit|x64.Build.0 = mzkit|x64
		{67A91CAC-C66A-4FDC-AE7A-D5E7B5DBAB5C}.mzkit|x86.ActiveCfg = mzkit|Any CPU
		{67A91CAC-C66A-4FDC-AE7A-D5E7B5DBAB5C}.mzkit|x86.Build.0 = mzkit|Any CPU
		{67A91CAC-C66A-4FDC-AE7A-D5E7B5DBAB5C}.node-debug|Any CPU.ActiveCfg = NPSearch|Any CPU
		{67A91CAC-C66A-4FDC-AE7A-D5E7B5DBAB5C}.node-debug|Any CPU.Build.0 = NPSearch|Any CPU
		{67A91CAC-C66A-4FDC-AE7A-D5E7B5DBAB5C}.node-debug|x64.ActiveCfg = NPSearch|x64
		{67A91CAC-C66A-4FDC-AE7A-D5E7B5DBAB5C}.node-debug|x64.Build.0 = NPSearch|x64
		{67A91CAC-C66A-4FDC-AE7A-D5E7B5DBAB5C}.node-debug|x86.ActiveCfg = NPSearch|Any CPU
		{67A91CAC-C66A-4FDC-AE7A-D5E7B5DBAB5C}.node-debug|x86.Build.0 = NPSearch|Any CPU
		{67A91CAC-C66A-4FDC-AE7A-D5E7B5DBAB5C}.NPSearch|Any CPU.ActiveCfg = NPSearch|Any CPU
		{67A91CAC-C66A-4FDC-AE7A-D5E7B5DBAB5C}.NPSearch|Any CPU.Build.0 = NPSearch|Any CPU
		{67A91CAC-C66A-4FDC-AE7A-D5E7B5DBAB5C}.NPSearch|x64.ActiveCfg = NPSearch|x64
		{67A91CAC-C66A-4FDC-AE7A-D5E7B5DBAB5C}.NPSearch|x64.Build.0 = NPSearch|x64
		{67A91CAC-C66A-4FDC-AE7A-D5E7B5DBAB5C}.NPSearch|x86.ActiveCfg = NPSearch|Any CPU
		{67A91CAC-C66A-4FDC-AE7A-D5E7B5DBAB5C}.NPSearch|x86.Build.0 = NPSearch|Any CPU
		{67A91CAC-C66A-4FDC-AE7A-D5E7B5DBAB5C}.PlantMAT|Any CPU.ActiveCfg = PlantMAT|Any CPU
		{67A91CAC-C66A-4FDC-AE7A-D5E7B5DBAB5C}.PlantMAT|Any CPU.Build.0 = PlantMAT|Any CPU
		{67A91CAC-C66A-4FDC-AE7A-D5E7B5DBAB5C}.PlantMAT|x64.ActiveCfg = PlantMAT|x64
		{67A91CAC-C66A-4FDC-AE7A-D5E7B5DBAB5C}.PlantMAT|x64.Build.0 = PlantMAT|x64
		{67A91CAC-C66A-4FDC-AE7A-D5E7B5DBAB5C}.PlantMAT|x86.ActiveCfg = PlantMAT|Any CPU
		{67A91CAC-C66A-4FDC-AE7A-D5E7B5DBAB5C}.PlantMAT|x86.Build.0 = PlantMAT|Any CPU
		{67A91CAC-C66A-4FDC-AE7A-D5E7B5DBAB5C}.ProteoWizard.d|Any CPU.ActiveCfg = PlantMAT|Any CPU
		{67A91CAC-C66A-4FDC-AE7A-D5E7B5DBAB5C}.ProteoWizard.d|Any CPU.Build.0 = PlantMAT|Any CPU
		{67A91CAC-C66A-4FDC-AE7A-D5E7B5DBAB5C}.ProteoWizard.d|x64.ActiveCfg = PlantMAT|x64
		{67A91CAC-C66A-4FDC-AE7A-D5E7B5DBAB5C}.ProteoWizard.d|x64.Build.0 = PlantMAT|x64
		{67A91CAC-C66A-4FDC-AE7A-D5E7B5DBAB5C}.ProteoWizard.d|x86.ActiveCfg = PlantMAT|Any CPU
		{67A91CAC-C66A-4FDC-AE7A-D5E7B5DBAB5C}.ProteoWizard.d|x86.Build.0 = PlantMAT|Any CPU
		{67A91CAC-C66A-4FDC-AE7A-D5E7B5DBAB5C}.Publish|Any CPU.ActiveCfg = PlantMAT|Any CPU
		{67A91CAC-C66A-4FDC-AE7A-D5E7B5DBAB5C}.Publish|Any CPU.Build.0 = PlantMAT|Any CPU
		{67A91CAC-C66A-4FDC-AE7A-D5E7B5DBAB5C}.Publish|x64.ActiveCfg = PlantMAT|x64
		{67A91CAC-C66A-4FDC-AE7A-D5E7B5DBAB5C}.Publish|x64.Build.0 = PlantMAT|x64
		{67A91CAC-C66A-4FDC-AE7A-D5E7B5DBAB5C}.Publish|x86.ActiveCfg = PlantMAT|Any CPU
		{67A91CAC-C66A-4FDC-AE7A-D5E7B5DBAB5C}.Publish|x86.Build.0 = PlantMAT|Any CPU
		{67A91CAC-C66A-4FDC-AE7A-D5E7B5DBAB5C}.R-dotnet|Any CPU.ActiveCfg = Release|Any CPU
		{67A91CAC-C66A-4FDC-AE7A-D5E7B5DBAB5C}.R-dotnet|Any CPU.Build.0 = Release|Any CPU
		{67A91CAC-C66A-4FDC-AE7A-D5E7B5DBAB5C}.R-dotnet|x64.ActiveCfg = Release|x64
		{67A91CAC-C66A-4FDC-AE7A-D5E7B5DBAB5C}.R-dotnet|x64.Build.0 = Release|x64
		{67A91CAC-C66A-4FDC-AE7A-D5E7B5DBAB5C}.R-dotnet|x86.ActiveCfg = Release|Any CPU
		{67A91CAC-C66A-4FDC-AE7A-D5E7B5DBAB5C}.R-dotnet|x86.Build.0 = Release|Any CPU
		{67A91CAC-C66A-4FDC-AE7A-D5E7B5DBAB5C}.Release|Any CPU.ActiveCfg = Release|Any CPU
		{67A91CAC-C66A-4FDC-AE7A-D5E7B5DBAB5C}.Release|Any CPU.Build.0 = Release|Any CPU
		{67A91CAC-C66A-4FDC-AE7A-D5E7B5DBAB5C}.Release|x64.ActiveCfg = Release|x64
		{67A91CAC-C66A-4FDC-AE7A-D5E7B5DBAB5C}.Release|x64.Build.0 = Release|x64
		{67A91CAC-C66A-4FDC-AE7A-D5E7B5DBAB5C}.Release|x86.ActiveCfg = Release|Any CPU
		{67A91CAC-C66A-4FDC-AE7A-D5E7B5DBAB5C}.Release|x86.Build.0 = Release|Any CPU
		{67A91CAC-C66A-4FDC-AE7A-D5E7B5DBAB5C}.Rsharp_app_release|Any CPU.ActiveCfg = Rsharp_app_release|Any CPU
		{67A91CAC-C66A-4FDC-AE7A-D5E7B5DBAB5C}.Rsharp_app_release|Any CPU.Build.0 = Rsharp_app_release|Any CPU
		{67A91CAC-C66A-4FDC-AE7A-D5E7B5DBAB5C}.Rsharp_app_release|x64.ActiveCfg = Rsharp_app_release|x64
		{67A91CAC-C66A-4FDC-AE7A-D5E7B5DBAB5C}.Rsharp_app_release|x64.Build.0 = Rsharp_app_release|x64
		{67A91CAC-C66A-4FDC-AE7A-D5E7B5DBAB5C}.Rsharp_app_release|x86.ActiveCfg = Rsharp_app_release|Any CPU
		{67A91CAC-C66A-4FDC-AE7A-D5E7B5DBAB5C}.Rsharp_app_release|x86.Build.0 = Rsharp_app_release|Any CPU
		{67A91CAC-C66A-4FDC-AE7A-D5E7B5DBAB5C}.RsharpDev|Any CPU.ActiveCfg = Rsharp_app_release|Any CPU
		{67A91CAC-C66A-4FDC-AE7A-D5E7B5DBAB5C}.RsharpDev|Any CPU.Build.0 = Rsharp_app_release|Any CPU
		{67A91CAC-C66A-4FDC-AE7A-D5E7B5DBAB5C}.RsharpDev|x64.ActiveCfg = Rsharp_app_release|x64
		{67A91CAC-C66A-4FDC-AE7A-D5E7B5DBAB5C}.RsharpDev|x64.Build.0 = Rsharp_app_release|x64
		{67A91CAC-C66A-4FDC-AE7A-D5E7B5DBAB5C}.RsharpDev|x86.ActiveCfg = Rsharp_app_release|Any CPU
		{67A91CAC-C66A-4FDC-AE7A-D5E7B5DBAB5C}.RsharpDev|x86.Build.0 = Rsharp_app_release|Any CPU
		{67A91CAC-C66A-4FDC-AE7A-D5E7B5DBAB5C}.sciBASIC.NET-test-release|Any CPU.ActiveCfg = Debug|Any CPU
		{67A91CAC-C66A-4FDC-AE7A-D5E7B5DBAB5C}.sciBASIC.NET-test-release|Any CPU.Build.0 = Debug|Any CPU
		{67A91CAC-C66A-4FDC-AE7A-D5E7B5DBAB5C}.sciBASIC.NET-test-release|x64.ActiveCfg = Debug|x64
		{67A91CAC-C66A-4FDC-AE7A-D5E7B5DBAB5C}.sciBASIC.NET-test-release|x64.Build.0 = Debug|x64
		{67A91CAC-C66A-4FDC-AE7A-D5E7B5DBAB5C}.sciBASIC.NET-test-release|x86.ActiveCfg = Debug|Any CPU
		{67A91CAC-C66A-4FDC-AE7A-D5E7B5DBAB5C}.sciBASIC.NET-test-release|x86.Build.0 = Debug|Any CPU
		{67A91CAC-C66A-4FDC-AE7A-D5E7B5DBAB5C}.Surveillance-of-infectious-diseases|Any CPU.ActiveCfg = Debug|Any CPU
		{67A91CAC-C66A-4FDC-AE7A-D5E7B5DBAB5C}.Surveillance-of-infectious-diseases|Any CPU.Build.0 = Debug|Any CPU
		{67A91CAC-C66A-4FDC-AE7A-D5E7B5DBAB5C}.Surveillance-of-infectious-diseases|x64.ActiveCfg = Debug|x64
		{67A91CAC-C66A-4FDC-AE7A-D5E7B5DBAB5C}.Surveillance-of-infectious-diseases|x64.Build.0 = Debug|x64
		{67A91CAC-C66A-4FDC-AE7A-D5E7B5DBAB5C}.Surveillance-of-infectious-diseases|x86.ActiveCfg = Debug|Any CPU
		{67A91CAC-C66A-4FDC-AE7A-D5E7B5DBAB5C}.Surveillance-of-infectious-diseases|x86.Build.0 = Debug|Any CPU
		{67A91CAC-C66A-4FDC-AE7A-D5E7B5DBAB5C}.test|Any CPU.ActiveCfg = Debug|Any CPU
		{67A91CAC-C66A-4FDC-AE7A-D5E7B5DBAB5C}.test|Any CPU.Build.0 = Debug|Any CPU
		{67A91CAC-C66A-4FDC-AE7A-D5E7B5DBAB5C}.test|x64.ActiveCfg = Debug|x64
		{67A91CAC-C66A-4FDC-AE7A-D5E7B5DBAB5C}.test|x64.Build.0 = Debug|x64
		{67A91CAC-C66A-4FDC-AE7A-D5E7B5DBAB5C}.test|x86.ActiveCfg = Debug|Any CPU
		{67A91CAC-C66A-4FDC-AE7A-D5E7B5DBAB5C}.test|x86.Build.0 = Debug|Any CPU
		{67A91CAC-C66A-4FDC-AE7A-D5E7B5DBAB5C}.Voyager1|Any CPU.ActiveCfg = Debug|Any CPU
		{67A91CAC-C66A-4FDC-AE7A-D5E7B5DBAB5C}.Voyager1|Any CPU.Build.0 = Debug|Any CPU
		{67A91CAC-C66A-4FDC-AE7A-D5E7B5DBAB5C}.Voyager1|x64.ActiveCfg = Debug|x64
		{67A91CAC-C66A-4FDC-AE7A-D5E7B5DBAB5C}.Voyager1|x64.Build.0 = Debug|x64
		{67A91CAC-C66A-4FDC-AE7A-D5E7B5DBAB5C}.Voyager1|x86.ActiveCfg = Debug|Any CPU
		{67A91CAC-C66A-4FDC-AE7A-D5E7B5DBAB5C}.Voyager1|x86.Build.0 = Debug|Any CPU
		{67A91CAC-C66A-4FDC-AE7A-D5E7B5DBAB5C}.WebAssembly|Any CPU.ActiveCfg = Debug|Any CPU
		{67A91CAC-C66A-4FDC-AE7A-D5E7B5DBAB5C}.WebAssembly|Any CPU.Build.0 = Debug|Any CPU
		{67A91CAC-C66A-4FDC-AE7A-D5E7B5DBAB5C}.WebAssembly|x64.ActiveCfg = Debug|x64
		{67A91CAC-C66A-4FDC-AE7A-D5E7B5DBAB5C}.WebAssembly|x64.Build.0 = Debug|x64
		{67A91CAC-C66A-4FDC-AE7A-D5E7B5DBAB5C}.WebAssembly|x86.ActiveCfg = Debug|Any CPU
		{67A91CAC-C66A-4FDC-AE7A-D5E7B5DBAB5C}.WebAssembly|x86.Build.0 = Debug|Any CPU
		{67A91CAC-C66A-4FDC-AE7A-D5E7B5DBAB5C}.Yilia-Release_x64|Any CPU.ActiveCfg = Release|Any CPU
		{67A91CAC-C66A-4FDC-AE7A-D5E7B5DBAB5C}.Yilia-Release_x64|Any CPU.Build.0 = Release|Any CPU
		{67A91CAC-C66A-4FDC-AE7A-D5E7B5DBAB5C}.Yilia-Release_x64|x64.ActiveCfg = Release|x64
		{67A91CAC-C66A-4FDC-AE7A-D5E7B5DBAB5C}.Yilia-Release_x64|x64.Build.0 = Release|x64
		{67A91CAC-C66A-4FDC-AE7A-D5E7B5DBAB5C}.Yilia-Release_x64|x86.ActiveCfg = Release|Any CPU
		{67A91CAC-C66A-4FDC-AE7A-D5E7B5DBAB5C}.Yilia-Release_x64|x86.Build.0 = Release|Any CPU
	EndGlobalSection
	GlobalSection(SolutionProperties) = preSolution
		HideSolutionNode = FALSE
	EndGlobalSection
	GlobalSection(NestedProjects) = preSolution
		{A7D0BAC7-B28C-4DDC-9CF1-46B0F10351BB} = {923DE0A8-D7A7-4675-93DB-53961B8595D8}
		{2C604D50-FD2B-4831-AE58-301024ADB61F} = {923DE0A8-D7A7-4675-93DB-53961B8595D8}
		{5FA9C4C1-04E5-43CD-A67E-CC997D7A2690} = {923DE0A8-D7A7-4675-93DB-53961B8595D8}
	EndGlobalSection
	GlobalSection(ExtensibilityGlobals) = postSolution
		SolutionGuid = {67601027-6479-44BB-9981-8DC0F353718D}
	EndGlobalSection
EndGlobal
