Microsoft Visual Studio Solution File, Format Version 12.00
# Visual Studio 15
VisualStudioVersion = 15.0.26228.4
MinimumVisualStudioVersion = 10.0.40219.1
Project("{F184B08F-C81C-45F6-A57F-5ABD9991F28F}") = "MwtWinDll", "..\MwtWinDll\MwtWinDll.vbproj", "{78332537-7ECC-4B74-8AA9-BA66AB296AF0}"
EndProject
Project("{F184B08F-C81C-45F6-A57F-5ABD9991F28F}") = "+Microsoft.VisualBasic.Architecture.Framework", "..\..\..\GCModeller\src\runtime\sciBASIC#\Microsoft.VisualBasic.Architecture.Framework\+Microsoft.VisualBasic.Architecture.Framework.vbproj", "{FECCE1FD-E1D4-49E3-A668-60BB5E7AED99}"
EndProject
Project("{F184B08F-C81C-45F6-A57F-5ABD9991F28F}") = "MwtWinTools", "MwtWinTools.vbproj", "{FCA57D89-BD62-49A3-8449-8743887DC0CD}"
EndProject
Project("{F184B08F-C81C-45F6-A57F-5ABD9991F28F}") = "MwtWinDll.Extensions", "..\MwtWinDll.Extensions\MwtWinDll.Extensions.vbproj", "{1B7C8C1B-B794-4F0A-8D6C-0F32F6D4E927}"
EndProject
Global
	GlobalSection(SolutionConfigurationPlatforms) = preSolution
		Debug|Any CPU = Debug|Any CPU
		Debug|x64 = Debug|x64
		Debug|x86 = Debug|x86
		DEMO|Any CPU = DEMO|Any CPU
		DEMO|x64 = DEMO|x64
		DEMO|x86 = DEMO|x86
		docs|Any CPU = docs|Any CPU
		docs|x64 = docs|x64
		docs|x86 = docs|x86
		Publish|Any CPU = Publish|Any CPU
		Publish|x64 = Publish|x64
		Publish|x86 = Publish|x86
		Release|Any CPU = Release|Any CPU
		Release|x64 = Release|x64
		Release|x86 = Release|x86
		Release2|Any CPU = Release2|Any CPU
		Release2|x64 = Release2|x64
		Release2|x86 = Release2|x86
	EndGlobalSection
	GlobalSection(ProjectConfigurationPlatforms) = postSolution
		{78332537-7ECC-4B74-8AA9-BA66AB296AF0}.Debug|Any CPU.ActiveCfg = Debug|Any CPU
		{78332537-7ECC-4B74-8AA9-BA66AB296AF0}.Debug|Any CPU.Build.0 = Debug|Any CPU
		{78332537-7ECC-4B74-8AA9-BA66AB296AF0}.Debug|x64.ActiveCfg = Debug|x64
		{78332537-7ECC-4B74-8AA9-BA66AB296AF0}.Debug|x64.Build.0 = Debug|x64
		{78332537-7ECC-4B74-8AA9-BA66AB296AF0}.Debug|x86.ActiveCfg = Debug|Any CPU
		{78332537-7ECC-4B74-8AA9-BA66AB296AF0}.Debug|x86.Build.0 = Debug|Any CPU
		{78332537-7ECC-4B74-8AA9-BA66AB296AF0}.DEMO|Any CPU.ActiveCfg = Debug|Any CPU
		{78332537-7ECC-4B74-8AA9-BA66AB296AF0}.DEMO|Any CPU.Build.0 = Debug|Any CPU
		{78332537-7ECC-4B74-8AA9-BA66AB296AF0}.DEMO|x64.ActiveCfg = Debug|x64
		{78332537-7ECC-4B74-8AA9-BA66AB296AF0}.DEMO|x64.Build.0 = Debug|x64
		{78332537-7ECC-4B74-8AA9-BA66AB296AF0}.DEMO|x86.ActiveCfg = Debug|Any CPU
		{78332537-7ECC-4B74-8AA9-BA66AB296AF0}.DEMO|x86.Build.0 = Debug|Any CPU
		{78332537-7ECC-4B74-8AA9-BA66AB296AF0}.docs|Any CPU.ActiveCfg = Debug|Any CPU
		{78332537-7ECC-4B74-8AA9-BA66AB296AF0}.docs|Any CPU.Build.0 = Debug|Any CPU
		{78332537-7ECC-4B74-8AA9-BA66AB296AF0}.docs|x64.ActiveCfg = Debug|x64
		{78332537-7ECC-4B74-8AA9-BA66AB296AF0}.docs|x64.Build.0 = Debug|x64
		{78332537-7ECC-4B74-8AA9-BA66AB296AF0}.docs|x86.ActiveCfg = Debug|Any CPU
		{78332537-7ECC-4B74-8AA9-BA66AB296AF0}.docs|x86.Build.0 = Debug|Any CPU
		{78332537-7ECC-4B74-8AA9-BA66AB296AF0}.Publish|Any CPU.ActiveCfg = Release|Any CPU
		{78332537-7ECC-4B74-8AA9-BA66AB296AF0}.Publish|Any CPU.Build.0 = Release|Any CPU
		{78332537-7ECC-4B74-8AA9-BA66AB296AF0}.Publish|x64.ActiveCfg = Release|x64
		{78332537-7ECC-4B74-8AA9-BA66AB296AF0}.Publish|x64.Build.0 = Release|x64
		{78332537-7ECC-4B74-8AA9-BA66AB296AF0}.Publish|x86.ActiveCfg = Release|Any CPU
		{78332537-7ECC-4B74-8AA9-BA66AB296AF0}.Publish|x86.Build.0 = Release|Any CPU
		{78332537-7ECC-4B74-8AA9-BA66AB296AF0}.Release|Any CPU.ActiveCfg = Release|Any CPU
		{78332537-7ECC-4B74-8AA9-BA66AB296AF0}.Release|Any CPU.Build.0 = Release|Any CPU
		{78332537-7ECC-4B74-8AA9-BA66AB296AF0}.Release|x64.ActiveCfg = Release|x64
		{78332537-7ECC-4B74-8AA9-BA66AB296AF0}.Release|x64.Build.0 = Release|x64
		{78332537-7ECC-4B74-8AA9-BA66AB296AF0}.Release|x86.ActiveCfg = Release|Any CPU
		{78332537-7ECC-4B74-8AA9-BA66AB296AF0}.Release|x86.Build.0 = Release|Any CPU
		{78332537-7ECC-4B74-8AA9-BA66AB296AF0}.Release2|Any CPU.ActiveCfg = Release|Any CPU
		{78332537-7ECC-4B74-8AA9-BA66AB296AF0}.Release2|Any CPU.Build.0 = Release|Any CPU
		{78332537-7ECC-4B74-8AA9-BA66AB296AF0}.Release2|x64.ActiveCfg = Release|x64
		{78332537-7ECC-4B74-8AA9-BA66AB296AF0}.Release2|x64.Build.0 = Release|x64
		{78332537-7ECC-4B74-8AA9-BA66AB296AF0}.Release2|x86.ActiveCfg = Release|Any CPU
		{78332537-7ECC-4B74-8AA9-BA66AB296AF0}.Release2|x86.Build.0 = Release|Any CPU
		{FECCE1FD-E1D4-49E3-A668-60BB5E7AED99}.Debug|Any CPU.ActiveCfg = Debug|Any CPU
		{FECCE1FD-E1D4-49E3-A668-60BB5E7AED99}.Debug|Any CPU.Build.0 = Debug|Any CPU
		{FECCE1FD-E1D4-49E3-A668-60BB5E7AED99}.Debug|x64.ActiveCfg = Debug|x64
		{FECCE1FD-E1D4-49E3-A668-60BB5E7AED99}.Debug|x64.Build.0 = Debug|x64
		{FECCE1FD-E1D4-49E3-A668-60BB5E7AED99}.Debug|x86.ActiveCfg = Debug|x86
		{FECCE1FD-E1D4-49E3-A668-60BB5E7AED99}.Debug|x86.Build.0 = Debug|x86
		{FECCE1FD-E1D4-49E3-A668-60BB5E7AED99}.DEMO|Any CPU.ActiveCfg = DEMO|Any CPU
		{FECCE1FD-E1D4-49E3-A668-60BB5E7AED99}.DEMO|Any CPU.Build.0 = DEMO|Any CPU
		{FECCE1FD-E1D4-49E3-A668-60BB5E7AED99}.DEMO|x64.ActiveCfg = DEMO|x64
		{FECCE1FD-E1D4-49E3-A668-60BB5E7AED99}.DEMO|x64.Build.0 = DEMO|x64
		{FECCE1FD-E1D4-49E3-A668-60BB5E7AED99}.DEMO|x86.ActiveCfg = DEMO|x86
		{FECCE1FD-E1D4-49E3-A668-60BB5E7AED99}.DEMO|x86.Build.0 = DEMO|x86
		{FECCE1FD-E1D4-49E3-A668-60BB5E7AED99}.docs|Any CPU.ActiveCfg = docs|Any CPU
		{FECCE1FD-E1D4-49E3-A668-60BB5E7AED99}.docs|Any CPU.Build.0 = docs|Any CPU
		{FECCE1FD-E1D4-49E3-A668-60BB5E7AED99}.docs|x64.ActiveCfg = docs|x64
		{FECCE1FD-E1D4-49E3-A668-60BB5E7AED99}.docs|x64.Build.0 = docs|x64
		{FECCE1FD-E1D4-49E3-A668-60BB5E7AED99}.docs|x86.ActiveCfg = docs|x86
		{FECCE1FD-E1D4-49E3-A668-60BB5E7AED99}.docs|x86.Build.0 = docs|x86
		{FECCE1FD-E1D4-49E3-A668-60BB5E7AED99}.Publish|Any CPU.ActiveCfg = Publish|Any CPU
		{FECCE1FD-E1D4-49E3-A668-60BB5E7AED99}.Publish|Any CPU.Build.0 = Publish|Any CPU
		{FECCE1FD-E1D4-49E3-A668-60BB5E7AED99}.Publish|x64.ActiveCfg = Publish|x64
		{FECCE1FD-E1D4-49E3-A668-60BB5E7AED99}.Publish|x64.Build.0 = Publish|x64
		{FECCE1FD-E1D4-49E3-A668-60BB5E7AED99}.Publish|x86.ActiveCfg = Publish|x86
		{FECCE1FD-E1D4-49E3-A668-60BB5E7AED99}.Publish|x86.Build.0 = Publish|x86
		{FECCE1FD-E1D4-49E3-A668-60BB5E7AED99}.Release|Any CPU.ActiveCfg = Release|Any CPU
		{FECCE1FD-E1D4-49E3-A668-60BB5E7AED99}.Release|Any CPU.Build.0 = Release|Any CPU
		{FECCE1FD-E1D4-49E3-A668-60BB5E7AED99}.Release|x64.ActiveCfg = Release|x64
		{FECCE1FD-E1D4-49E3-A668-60BB5E7AED99}.Release|x64.Build.0 = Release|x64
		{FECCE1FD-E1D4-49E3-A668-60BB5E7AED99}.Release|x86.ActiveCfg = Release|x86
		{FECCE1FD-E1D4-49E3-A668-60BB5E7AED99}.Release|x86.Build.0 = Release|x86
		{FECCE1FD-E1D4-49E3-A668-60BB5E7AED99}.Release2|Any CPU.ActiveCfg = Release2|Any CPU
		{FECCE1FD-E1D4-49E3-A668-60BB5E7AED99}.Release2|Any CPU.Build.0 = Release2|Any CPU
		{FECCE1FD-E1D4-49E3-A668-60BB5E7AED99}.Release2|x64.ActiveCfg = Release2|x64
		{FECCE1FD-E1D4-49E3-A668-60BB5E7AED99}.Release2|x64.Build.0 = Release2|x64
		{FECCE1FD-E1D4-49E3-A668-60BB5E7AED99}.Release2|x86.ActiveCfg = Release2|x86
		{FECCE1FD-E1D4-49E3-A668-60BB5E7AED99}.Release2|x86.Build.0 = Release2|x86
		{FCA57D89-BD62-49A3-8449-8743887DC0CD}.Debug|Any CPU.ActiveCfg = Debug|Any CPU
		{FCA57D89-BD62-49A3-8449-8743887DC0CD}.Debug|Any CPU.Build.0 = Debug|Any CPU
		{FCA57D89-BD62-49A3-8449-8743887DC0CD}.Debug|x64.ActiveCfg = Debug|x64
		{FCA57D89-BD62-49A3-8449-8743887DC0CD}.Debug|x64.Build.0 = Debug|x64
		{FCA57D89-BD62-49A3-8449-8743887DC0CD}.Debug|x86.ActiveCfg = Debug|Any CPU
		{FCA57D89-BD62-49A3-8449-8743887DC0CD}.Debug|x86.Build.0 = Debug|Any CPU
		{FCA57D89-BD62-49A3-8449-8743887DC0CD}.DEMO|Any CPU.ActiveCfg = Debug|Any CPU
		{FCA57D89-BD62-49A3-8449-8743887DC0CD}.DEMO|Any CPU.Build.0 = Debug|Any CPU
		{FCA57D89-BD62-49A3-8449-8743887DC0CD}.DEMO|x64.ActiveCfg = Debug|x64
		{FCA57D89-BD62-49A3-8449-8743887DC0CD}.DEMO|x64.Build.0 = Debug|x64
		{FCA57D89-BD62-49A3-8449-8743887DC0CD}.DEMO|x86.ActiveCfg = Debug|Any CPU
		{FCA57D89-BD62-49A3-8449-8743887DC0CD}.DEMO|x86.Build.0 = Debug|Any CPU
		{FCA57D89-BD62-49A3-8449-8743887DC0CD}.docs|Any CPU.ActiveCfg = Debug|Any CPU
		{FCA57D89-BD62-49A3-8449-8743887DC0CD}.docs|Any CPU.Build.0 = Debug|Any CPU
		{FCA57D89-BD62-49A3-8449-8743887DC0CD}.docs|x64.ActiveCfg = Debug|x64
		{FCA57D89-BD62-49A3-8449-8743887DC0CD}.docs|x64.Build.0 = Debug|x64
		{FCA57D89-BD62-49A3-8449-8743887DC0CD}.docs|x86.ActiveCfg = Debug|Any CPU
		{FCA57D89-BD62-49A3-8449-8743887DC0CD}.docs|x86.Build.0 = Debug|Any CPU
		{FCA57D89-BD62-49A3-8449-8743887DC0CD}.Publish|Any CPU.ActiveCfg = Release|Any CPU
		{FCA57D89-BD62-49A3-8449-8743887DC0CD}.Publish|Any CPU.Build.0 = Release|Any CPU
		{FCA57D89-BD62-49A3-8449-8743887DC0CD}.Publish|x64.ActiveCfg = Release|x64
		{FCA57D89-BD62-49A3-8449-8743887DC0CD}.Publish|x64.Build.0 = Release|x64
		{FCA57D89-BD62-49A3-8449-8743887DC0CD}.Publish|x86.ActiveCfg = Release|Any CPU
		{FCA57D89-BD62-49A3-8449-8743887DC0CD}.Publish|x86.Build.0 = Release|Any CPU
		{FCA57D89-BD62-49A3-8449-8743887DC0CD}.Release|Any CPU.ActiveCfg = Release|Any CPU
		{FCA57D89-BD62-49A3-8449-8743887DC0CD}.Release|Any CPU.Build.0 = Release|Any CPU
		{FCA57D89-BD62-49A3-8449-8743887DC0CD}.Release|x64.ActiveCfg = Release|x64
		{FCA57D89-BD62-49A3-8449-8743887DC0CD}.Release|x64.Build.0 = Release|x64
		{FCA57D89-BD62-49A3-8449-8743887DC0CD}.Release|x86.ActiveCfg = Release|Any CPU
		{FCA57D89-BD62-49A3-8449-8743887DC0CD}.Release|x86.Build.0 = Release|Any CPU
		{FCA57D89-BD62-49A3-8449-8743887DC0CD}.Release2|Any CPU.ActiveCfg = Release|Any CPU
		{FCA57D89-BD62-49A3-8449-8743887DC0CD}.Release2|Any CPU.Build.0 = Release|Any CPU
		{FCA57D89-BD62-49A3-8449-8743887DC0CD}.Release2|x64.ActiveCfg = Release|x64
		{FCA57D89-BD62-49A3-8449-8743887DC0CD}.Release2|x64.Build.0 = Release|x64
		{FCA57D89-BD62-49A3-8449-8743887DC0CD}.Release2|x86.ActiveCfg = Release|Any CPU
		{FCA57D89-BD62-49A3-8449-8743887DC0CD}.Release2|x86.Build.0 = Release|Any CPU
		{1B7C8C1B-B794-4F0A-8D6C-0F32F6D4E927}.Debug|Any CPU.ActiveCfg = Debug|Any CPU
		{1B7C8C1B-B794-4F0A-8D6C-0F32F6D4E927}.Debug|Any CPU.Build.0 = Debug|Any CPU
		{1B7C8C1B-B794-4F0A-8D6C-0F32F6D4E927}.Debug|x64.ActiveCfg = Debug|Any CPU
		{1B7C8C1B-B794-4F0A-8D6C-0F32F6D4E927}.Debug|x64.Build.0 = Debug|Any CPU
		{1B7C8C1B-B794-4F0A-8D6C-0F32F6D4E927}.Debug|x86.ActiveCfg = Debug|Any CPU
		{1B7C8C1B-B794-4F0A-8D6C-0F32F6D4E927}.Debug|x86.Build.0 = Debug|Any CPU
		{1B7C8C1B-B794-4F0A-8D6C-0F32F6D4E927}.DEMO|Any CPU.ActiveCfg = Debug|Any CPU
		{1B7C8C1B-B794-4F0A-8D6C-0F32F6D4E927}.DEMO|Any CPU.Build.0 = Debug|Any CPU
		{1B7C8C1B-B794-4F0A-8D6C-0F32F6D4E927}.DEMO|x64.ActiveCfg = Debug|Any CPU
		{1B7C8C1B-B794-4F0A-8D6C-0F32F6D4E927}.DEMO|x64.Build.0 = Debug|Any CPU
		{1B7C8C1B-B794-4F0A-8D6C-0F32F6D4E927}.DEMO|x86.ActiveCfg = Debug|Any CPU
		{1B7C8C1B-B794-4F0A-8D6C-0F32F6D4E927}.DEMO|x86.Build.0 = Debug|Any CPU
		{1B7C8C1B-B794-4F0A-8D6C-0F32F6D4E927}.docs|Any CPU.ActiveCfg = Debug|Any CPU
		{1B7C8C1B-B794-4F0A-8D6C-0F32F6D4E927}.docs|Any CPU.Build.0 = Debug|Any CPU
		{1B7C8C1B-B794-4F0A-8D6C-0F32F6D4E927}.docs|x64.ActiveCfg = Debug|Any CPU
		{1B7C8C1B-B794-4F0A-8D6C-0F32F6D4E927}.docs|x64.Build.0 = Debug|Any CPU
		{1B7C8C1B-B794-4F0A-8D6C-0F32F6D4E927}.docs|x86.ActiveCfg = Debug|Any CPU
		{1B7C8C1B-B794-4F0A-8D6C-0F32F6D4E927}.docs|x86.Build.0 = Debug|Any CPU
		{1B7C8C1B-B794-4F0A-8D6C-0F32F6D4E927}.Publish|Any CPU.ActiveCfg = Release|Any CPU
		{1B7C8C1B-B794-4F0A-8D6C-0F32F6D4E927}.Publish|Any CPU.Build.0 = Release|Any CPU
		{1B7C8C1B-B794-4F0A-8D6C-0F32F6D4E927}.Publish|x64.ActiveCfg = Release|Any CPU
		{1B7C8C1B-B794-4F0A-8D6C-0F32F6D4E927}.Publish|x64.Build.0 = Release|Any CPU
		{1B7C8C1B-B794-4F0A-8D6C-0F32F6D4E927}.Publish|x86.ActiveCfg = Release|Any CPU
		{1B7C8C1B-B794-4F0A-8D6C-0F32F6D4E927}.Publish|x86.Build.0 = Release|Any CPU
		{1B7C8C1B-B794-4F0A-8D6C-0F32F6D4E927}.Release|Any CPU.ActiveCfg = Release|Any CPU
		{1B7C8C1B-B794-4F0A-8D6C-0F32F6D4E927}.Release|Any CPU.Build.0 = Release|Any CPU
		{1B7C8C1B-B794-4F0A-8D6C-0F32F6D4E927}.Release|x64.ActiveCfg = Release|Any CPU
		{1B7C8C1B-B794-4F0A-8D6C-0F32F6D4E927}.Release|x64.Build.0 = Release|Any CPU
		{1B7C8C1B-B794-4F0A-8D6C-0F32F6D4E927}.Release|x86.ActiveCfg = Release|Any CPU
		{1B7C8C1B-B794-4F0A-8D6C-0F32F6D4E927}.Release|x86.Build.0 = Release|Any CPU
		{1B7C8C1B-B794-4F0A-8D6C-0F32F6D4E927}.Release2|Any CPU.ActiveCfg = Release|Any CPU
		{1B7C8C1B-B794-4F0A-8D6C-0F32F6D4E927}.Release2|Any CPU.Build.0 = Release|Any CPU
		{1B7C8C1B-B794-4F0A-8D6C-0F32F6D4E927}.Release2|x64.ActiveCfg = Release|Any CPU
		{1B7C8C1B-B794-4F0A-8D6C-0F32F6D4E927}.Release2|x64.Build.0 = Release|Any CPU
		{1B7C8C1B-B794-4F0A-8D6C-0F32F6D4E927}.Release2|x86.ActiveCfg = Release|Any CPU
		{1B7C8C1B-B794-4F0A-8D6C-0F32F6D4E927}.Release2|x86.Build.0 = Release|Any CPU
	EndGlobalSection
	GlobalSection(SolutionProperties) = preSolution
		HideSolutionNode = FALSE
	EndGlobalSection
EndGlobal
