
Microsoft Visual Studio Solution File, Format Version 12.00
# Visual Studio 15
VisualStudioVersion = 15.0.27004.2006
MinimumVisualStudioVersion = 10.0.40219.1
Project("{F184B08F-C81C-45F6-A57F-5ABD9991F28F}") = "ms2_simulator", "ms2_simulator\ms2_simulator.vbproj", "{77683884-EDF0-4C48-9D7C-B4343A561FD7}"
EndProject
Project("{F184B08F-C81C-45F6-A57F-5ABD9991F28F}") = "+Microsoft.VisualBasic.Architecture.Framework", "..\..\GCModeller\src\runtime\sciBASIC#\Microsoft.VisualBasic.Architecture.Framework\+Microsoft.VisualBasic.Architecture.Framework.vbproj", "{FECCE1FD-E1D4-49E3-A668-60BB5E7AED99}"
EndProject
Project("{2150E333-8FDC-42A3-9474-1A3956D46DE8}") = "KCF", "KCF", "{DE15B5F9-9720-4090-9FFA-71D9BBD6A692}"
EndProject
Project("{2150E333-8FDC-42A3-9474-1A3956D46DE8}") = "runtime", "runtime", "{070E6669-5418-459E-94AD-AD1B61900B60}"
EndProject
Project("{F184B08F-C81C-45F6-A57F-5ABD9991F28F}") = "+VB_DataFrame", "..\..\GCModeller\src\runtime\sciBASIC#\Data\DataFrame\+VB_DataFrame.vbproj", "{7283C179-F852-4EAD-8D8F-B82EF2CBD7DB}"
EndProject
Project("{F184B08F-C81C-45F6-A57F-5ABD9991F28F}") = "Graph", "..\..\GCModeller\src\runtime\sciBASIC#\Data_science\Graph\Graph.vbproj", "{203BC68F-A0CD-443A-AB62-4AF4110F752F}"
EndProject
Project("{F184B08F-C81C-45F6-A57F-5ABD9991F28F}") = "Network.GraphTheory", "..\..\GCModeller\src\runtime\sciBASIC#\gr\Datavisualization.Network\Datavisualization.Network\Network.GraphTheory.vbproj", "{076315EE-B598-40DC-9280-C71CDF9B6A48}"
EndProject
Project("{F184B08F-C81C-45F6-A57F-5ABD9991F28F}") = "math-core", "..\..\GCModeller\src\runtime\sciBASIC#\Data_science\Mathematica\Math\Math\math-core.vbproj", "{E3367B88-5D0C-495A-8273-331656D4B5AA}"
EndProject
Project("{F184B08F-C81C-45F6-A57F-5ABD9991F28F}") = "KCF.IO", "..\KCF\KCF.IO\KCF.IO.vbproj", "{1BAFA2BC-68B2-4EE0-9235-C60FAE3377A0}"
EndProject
Project("{F184B08F-C81C-45F6-A57F-5ABD9991F28F}") = "KCF.Graph", "..\KCF\KCF.Graph\KCF.Graph.vbproj", "{C60416D4-B3E2-45E5-BFE0-90D5021647F9}"
EndProject
Project("{2150E333-8FDC-42A3-9474-1A3956D46DE8}") = "Math", "Math", "{D15174FF-365D-4CC3-A6D3-8ED0361CA215}"
EndProject
Project("{2150E333-8FDC-42A3-9474-1A3956D46DE8}") = "Model", "Model", "{AD324D7D-4095-41AA-9B77-9CA2DBD52F8B}"
EndProject
Project("{F184B08F-C81C-45F6-A57F-5ABD9991F28F}") = "ODEsSolver", "..\..\GCModeller\src\runtime\sciBASIC#\Data_science\Mathematica\Math\ODE\ODEsSolver.vbproj", "{14E0B048-3A0D-4FD6-AA79-9B815D6F1B30}"
EndProject
Project("{F184B08F-C81C-45F6-A57F-5ABD9991F28F}") = "test", "ms2_simulator\test\test.vbproj", "{656710E7-4A50-4832-8A94-B0C78E9F9855}"
EndProject
Global
	GlobalSection(SolutionConfigurationPlatforms) = preSolution
		Biodeep|Any CPU = Biodeep|Any CPU
		Biodeep|x64 = Biodeep|x64
		Biodeep|x86 = Biodeep|x86
		Debug|Any CPU = Debug|Any CPU
		Debug|x64 = Debug|x64
		Debug|x86 = Debug|x86
		DEMO|Any CPU = DEMO|Any CPU
		DEMO|x64 = DEMO|x64
		DEMO|x86 = DEMO|x86
		docs|Any CPU = docs|Any CPU
		docs|x64 = docs|x64
		docs|x86 = docs|x86
		GCModeller(Release_X64)|Any CPU = GCModeller(Release_X64)|Any CPU
		GCModeller(Release_X64)|x64 = GCModeller(Release_X64)|x64
		GCModeller(Release_X64)|x86 = GCModeller(Release_X64)|x86
		installer_x64|Any CPU = installer_x64|Any CPU
		installer_x64|x64 = installer_x64|x64
		installer_x64|x86 = installer_x64|x86
		mysqli_X64_release|Any CPU = mysqli_X64_release|Any CPU
		mysqli_X64_release|x64 = mysqli_X64_release|x64
		mysqli_X64_release|x86 = mysqli_X64_release|x86
		Publish|Any CPU = Publish|Any CPU
		Publish|x64 = Publish|x64
		Publish|x86 = Publish|x86
		Release|Any CPU = Release|Any CPU
		Release|x64 = Release|x64
		Release|x86 = Release|x86
		Release2|Any CPU = Release2|Any CPU
		Release2|x64 = Release2|x64
		Release2|x86 = Release2|x86
		sciBASIC.NET-test-release|Any CPU = sciBASIC.NET-test-release|Any CPU
		sciBASIC.NET-test-release|x64 = sciBASIC.NET-test-release|x64
		sciBASIC.NET-test-release|x86 = sciBASIC.NET-test-release|x86
	EndGlobalSection
	GlobalSection(ProjectConfigurationPlatforms) = postSolution
		{77683884-EDF0-4C48-9D7C-B4343A561FD7}.Biodeep|Any CPU.ActiveCfg = Release|Any CPU
		{77683884-EDF0-4C48-9D7C-B4343A561FD7}.Biodeep|Any CPU.Build.0 = Release|Any CPU
		{77683884-EDF0-4C48-9D7C-B4343A561FD7}.Biodeep|x64.ActiveCfg = Release|Any CPU
		{77683884-EDF0-4C48-9D7C-B4343A561FD7}.Biodeep|x64.Build.0 = Release|Any CPU
		{77683884-EDF0-4C48-9D7C-B4343A561FD7}.Biodeep|x86.ActiveCfg = Release|Any CPU
		{77683884-EDF0-4C48-9D7C-B4343A561FD7}.Biodeep|x86.Build.0 = Release|Any CPU
		{77683884-EDF0-4C48-9D7C-B4343A561FD7}.Debug|Any CPU.ActiveCfg = Debug|Any CPU
		{77683884-EDF0-4C48-9D7C-B4343A561FD7}.Debug|Any CPU.Build.0 = Debug|Any CPU
		{77683884-EDF0-4C48-9D7C-B4343A561FD7}.Debug|x64.ActiveCfg = Debug|x64
		{77683884-EDF0-4C48-9D7C-B4343A561FD7}.Debug|x64.Build.0 = Debug|x64
		{77683884-EDF0-4C48-9D7C-B4343A561FD7}.Debug|x86.ActiveCfg = Debug|Any CPU
		{77683884-EDF0-4C48-9D7C-B4343A561FD7}.Debug|x86.Build.0 = Debug|Any CPU
		{77683884-EDF0-4C48-9D7C-B4343A561FD7}.DEMO|Any CPU.ActiveCfg = Debug|Any CPU
		{77683884-EDF0-4C48-9D7C-B4343A561FD7}.DEMO|Any CPU.Build.0 = Debug|Any CPU
		{77683884-EDF0-4C48-9D7C-B4343A561FD7}.DEMO|x64.ActiveCfg = Debug|Any CPU
		{77683884-EDF0-4C48-9D7C-B4343A561FD7}.DEMO|x64.Build.0 = Debug|Any CPU
		{77683884-EDF0-4C48-9D7C-B4343A561FD7}.DEMO|x86.ActiveCfg = Debug|Any CPU
		{77683884-EDF0-4C48-9D7C-B4343A561FD7}.DEMO|x86.Build.0 = Debug|Any CPU
		{77683884-EDF0-4C48-9D7C-B4343A561FD7}.docs|Any CPU.ActiveCfg = Debug|Any CPU
		{77683884-EDF0-4C48-9D7C-B4343A561FD7}.docs|Any CPU.Build.0 = Debug|Any CPU
		{77683884-EDF0-4C48-9D7C-B4343A561FD7}.docs|x64.ActiveCfg = Debug|Any CPU
		{77683884-EDF0-4C48-9D7C-B4343A561FD7}.docs|x64.Build.0 = Debug|Any CPU
		{77683884-EDF0-4C48-9D7C-B4343A561FD7}.docs|x86.ActiveCfg = Debug|Any CPU
		{77683884-EDF0-4C48-9D7C-B4343A561FD7}.docs|x86.Build.0 = Debug|Any CPU
		{77683884-EDF0-4C48-9D7C-B4343A561FD7}.GCModeller(Release_X64)|Any CPU.ActiveCfg = Release|Any CPU
		{77683884-EDF0-4C48-9D7C-B4343A561FD7}.GCModeller(Release_X64)|Any CPU.Build.0 = Release|Any CPU
		{77683884-EDF0-4C48-9D7C-B4343A561FD7}.GCModeller(Release_X64)|x64.ActiveCfg = Release|Any CPU
		{77683884-EDF0-4C48-9D7C-B4343A561FD7}.GCModeller(Release_X64)|x64.Build.0 = Release|Any CPU
		{77683884-EDF0-4C48-9D7C-B4343A561FD7}.GCModeller(Release_X64)|x86.ActiveCfg = Release|Any CPU
		{77683884-EDF0-4C48-9D7C-B4343A561FD7}.GCModeller(Release_X64)|x86.Build.0 = Release|Any CPU
		{77683884-EDF0-4C48-9D7C-B4343A561FD7}.installer_x64|Any CPU.ActiveCfg = Release|Any CPU
		{77683884-EDF0-4C48-9D7C-B4343A561FD7}.installer_x64|Any CPU.Build.0 = Release|Any CPU
		{77683884-EDF0-4C48-9D7C-B4343A561FD7}.installer_x64|x64.ActiveCfg = Release|Any CPU
		{77683884-EDF0-4C48-9D7C-B4343A561FD7}.installer_x64|x64.Build.0 = Release|Any CPU
		{77683884-EDF0-4C48-9D7C-B4343A561FD7}.installer_x64|x86.ActiveCfg = Release|Any CPU
		{77683884-EDF0-4C48-9D7C-B4343A561FD7}.installer_x64|x86.Build.0 = Release|Any CPU
		{77683884-EDF0-4C48-9D7C-B4343A561FD7}.mysqli_X64_release|Any CPU.ActiveCfg = Release|Any CPU
		{77683884-EDF0-4C48-9D7C-B4343A561FD7}.mysqli_X64_release|Any CPU.Build.0 = Release|Any CPU
		{77683884-EDF0-4C48-9D7C-B4343A561FD7}.mysqli_X64_release|x64.ActiveCfg = Release|Any CPU
		{77683884-EDF0-4C48-9D7C-B4343A561FD7}.mysqli_X64_release|x64.Build.0 = Release|Any CPU
		{77683884-EDF0-4C48-9D7C-B4343A561FD7}.mysqli_X64_release|x86.ActiveCfg = Release|Any CPU
		{77683884-EDF0-4C48-9D7C-B4343A561FD7}.mysqli_X64_release|x86.Build.0 = Release|Any CPU
		{77683884-EDF0-4C48-9D7C-B4343A561FD7}.Publish|Any CPU.ActiveCfg = Release|Any CPU
		{77683884-EDF0-4C48-9D7C-B4343A561FD7}.Publish|Any CPU.Build.0 = Release|Any CPU
		{77683884-EDF0-4C48-9D7C-B4343A561FD7}.Publish|x64.ActiveCfg = Release|Any CPU
		{77683884-EDF0-4C48-9D7C-B4343A561FD7}.Publish|x64.Build.0 = Release|Any CPU
		{77683884-EDF0-4C48-9D7C-B4343A561FD7}.Publish|x86.ActiveCfg = Release|Any CPU
		{77683884-EDF0-4C48-9D7C-B4343A561FD7}.Publish|x86.Build.0 = Release|Any CPU
		{77683884-EDF0-4C48-9D7C-B4343A561FD7}.Release|Any CPU.ActiveCfg = Release|Any CPU
		{77683884-EDF0-4C48-9D7C-B4343A561FD7}.Release|Any CPU.Build.0 = Release|Any CPU
		{77683884-EDF0-4C48-9D7C-B4343A561FD7}.Release|x64.ActiveCfg = Release|Any CPU
		{77683884-EDF0-4C48-9D7C-B4343A561FD7}.Release|x64.Build.0 = Release|Any CPU
		{77683884-EDF0-4C48-9D7C-B4343A561FD7}.Release|x86.ActiveCfg = Release|Any CPU
		{77683884-EDF0-4C48-9D7C-B4343A561FD7}.Release|x86.Build.0 = Release|Any CPU
		{77683884-EDF0-4C48-9D7C-B4343A561FD7}.Release2|Any CPU.ActiveCfg = Release|Any CPU
		{77683884-EDF0-4C48-9D7C-B4343A561FD7}.Release2|Any CPU.Build.0 = Release|Any CPU
		{77683884-EDF0-4C48-9D7C-B4343A561FD7}.Release2|x64.ActiveCfg = Release|Any CPU
		{77683884-EDF0-4C48-9D7C-B4343A561FD7}.Release2|x64.Build.0 = Release|Any CPU
		{77683884-EDF0-4C48-9D7C-B4343A561FD7}.Release2|x86.ActiveCfg = Release|Any CPU
		{77683884-EDF0-4C48-9D7C-B4343A561FD7}.Release2|x86.Build.0 = Release|Any CPU
		{77683884-EDF0-4C48-9D7C-B4343A561FD7}.sciBASIC.NET-test-release|Any CPU.ActiveCfg = Release|Any CPU
		{77683884-EDF0-4C48-9D7C-B4343A561FD7}.sciBASIC.NET-test-release|Any CPU.Build.0 = Release|Any CPU
		{77683884-EDF0-4C48-9D7C-B4343A561FD7}.sciBASIC.NET-test-release|x64.ActiveCfg = Release|Any CPU
		{77683884-EDF0-4C48-9D7C-B4343A561FD7}.sciBASIC.NET-test-release|x64.Build.0 = Release|Any CPU
		{77683884-EDF0-4C48-9D7C-B4343A561FD7}.sciBASIC.NET-test-release|x86.ActiveCfg = Release|Any CPU
		{77683884-EDF0-4C48-9D7C-B4343A561FD7}.sciBASIC.NET-test-release|x86.Build.0 = Release|Any CPU
		{FECCE1FD-E1D4-49E3-A668-60BB5E7AED99}.Biodeep|Any CPU.ActiveCfg = Biodeep|Any CPU
		{FECCE1FD-E1D4-49E3-A668-60BB5E7AED99}.Biodeep|Any CPU.Build.0 = Biodeep|Any CPU
		{FECCE1FD-E1D4-49E3-A668-60BB5E7AED99}.Biodeep|x64.ActiveCfg = Biodeep|x64
		{FECCE1FD-E1D4-49E3-A668-60BB5E7AED99}.Biodeep|x64.Build.0 = Biodeep|x64
		{FECCE1FD-E1D4-49E3-A668-60BB5E7AED99}.Biodeep|x86.ActiveCfg = Biodeep|x86
		{FECCE1FD-E1D4-49E3-A668-60BB5E7AED99}.Biodeep|x86.Build.0 = Biodeep|x86
		{FECCE1FD-E1D4-49E3-A668-60BB5E7AED99}.Debug|Any CPU.ActiveCfg = Debug|Any CPU
		{FECCE1FD-E1D4-49E3-A668-60BB5E7AED99}.Debug|Any CPU.Build.0 = Debug|Any CPU
		{FECCE1FD-E1D4-49E3-A668-60BB5E7AED99}.Debug|x64.ActiveCfg = Debug|x64
		{FECCE1FD-E1D4-49E3-A668-60BB5E7AED99}.Debug|x64.Build.0 = Debug|x64
		{FECCE1FD-E1D4-49E3-A668-60BB5E7AED99}.Debug|x86.ActiveCfg = Debug|x86
		{FECCE1FD-E1D4-49E3-A668-60BB5E7AED99}.Debug|x86.Build.0 = Debug|x86
		{FECCE1FD-E1D4-49E3-A668-60BB5E7AED99}.DEMO|Any CPU.ActiveCfg = DEMO|Any CPU
		{FECCE1FD-E1D4-49E3-A668-60BB5E7AED99}.DEMO|Any CPU.Build.0 = DEMO|Any CPU
		{FECCE1FD-E1D4-49E3-A668-60BB5E7AED99}.DEMO|x64.ActiveCfg = DEMO|x64
		{FECCE1FD-E1D4-49E3-A668-60BB5E7AED99}.DEMO|x64.Build.0 = DEMO|x64
		{FECCE1FD-E1D4-49E3-A668-60BB5E7AED99}.DEMO|x86.ActiveCfg = DEMO|x86
		{FECCE1FD-E1D4-49E3-A668-60BB5E7AED99}.DEMO|x86.Build.0 = DEMO|x86
		{FECCE1FD-E1D4-49E3-A668-60BB5E7AED99}.docs|Any CPU.ActiveCfg = docs|Any CPU
		{FECCE1FD-E1D4-49E3-A668-60BB5E7AED99}.docs|Any CPU.Build.0 = docs|Any CPU
		{FECCE1FD-E1D4-49E3-A668-60BB5E7AED99}.docs|x64.ActiveCfg = docs|x64
		{FECCE1FD-E1D4-49E3-A668-60BB5E7AED99}.docs|x64.Build.0 = docs|x64
		{FECCE1FD-E1D4-49E3-A668-60BB5E7AED99}.docs|x86.ActiveCfg = docs|x86
		{FECCE1FD-E1D4-49E3-A668-60BB5E7AED99}.docs|x86.Build.0 = docs|x86
		{FECCE1FD-E1D4-49E3-A668-60BB5E7AED99}.GCModeller(Release_X64)|Any CPU.ActiveCfg = GCModeller(Release_X64)|Any CPU
		{FECCE1FD-E1D4-49E3-A668-60BB5E7AED99}.GCModeller(Release_X64)|Any CPU.Build.0 = GCModeller(Release_X64)|Any CPU
		{FECCE1FD-E1D4-49E3-A668-60BB5E7AED99}.GCModeller(Release_X64)|x64.ActiveCfg = GCModeller(Release_X64)|x64
		{FECCE1FD-E1D4-49E3-A668-60BB5E7AED99}.GCModeller(Release_X64)|x64.Build.0 = GCModeller(Release_X64)|x64
		{FECCE1FD-E1D4-49E3-A668-60BB5E7AED99}.GCModeller(Release_X64)|x86.ActiveCfg = GCModeller(Release_X64)|x86
		{FECCE1FD-E1D4-49E3-A668-60BB5E7AED99}.GCModeller(Release_X64)|x86.Build.0 = GCModeller(Release_X64)|x86
		{FECCE1FD-E1D4-49E3-A668-60BB5E7AED99}.installer_x64|Any CPU.ActiveCfg = installer_x64|Any CPU
		{FECCE1FD-E1D4-49E3-A668-60BB5E7AED99}.installer_x64|Any CPU.Build.0 = installer_x64|Any CPU
		{FECCE1FD-E1D4-49E3-A668-60BB5E7AED99}.installer_x64|x64.ActiveCfg = installer_x64|x64
		{FECCE1FD-E1D4-49E3-A668-60BB5E7AED99}.installer_x64|x64.Build.0 = installer_x64|x64
		{FECCE1FD-E1D4-49E3-A668-60BB5E7AED99}.installer_x64|x86.ActiveCfg = installer_x64|x86
		{FECCE1FD-E1D4-49E3-A668-60BB5E7AED99}.installer_x64|x86.Build.0 = installer_x64|x86
		{FECCE1FD-E1D4-49E3-A668-60BB5E7AED99}.mysqli_X64_release|Any CPU.ActiveCfg = mysqli_X64_release|Any CPU
		{FECCE1FD-E1D4-49E3-A668-60BB5E7AED99}.mysqli_X64_release|Any CPU.Build.0 = mysqli_X64_release|Any CPU
		{FECCE1FD-E1D4-49E3-A668-60BB5E7AED99}.mysqli_X64_release|x64.ActiveCfg = mysqli_X64_release|x64
		{FECCE1FD-E1D4-49E3-A668-60BB5E7AED99}.mysqli_X64_release|x64.Build.0 = mysqli_X64_release|x64
		{FECCE1FD-E1D4-49E3-A668-60BB5E7AED99}.mysqli_X64_release|x86.ActiveCfg = mysqli_X64_release|x86
		{FECCE1FD-E1D4-49E3-A668-60BB5E7AED99}.mysqli_X64_release|x86.Build.0 = mysqli_X64_release|x86
		{FECCE1FD-E1D4-49E3-A668-60BB5E7AED99}.Publish|Any CPU.ActiveCfg = Publish|Any CPU
		{FECCE1FD-E1D4-49E3-A668-60BB5E7AED99}.Publish|Any CPU.Build.0 = Publish|Any CPU
		{FECCE1FD-E1D4-49E3-A668-60BB5E7AED99}.Publish|x64.ActiveCfg = Publish|x64
		{FECCE1FD-E1D4-49E3-A668-60BB5E7AED99}.Publish|x64.Build.0 = Publish|x64
		{FECCE1FD-E1D4-49E3-A668-60BB5E7AED99}.Publish|x86.ActiveCfg = Publish|x86
		{FECCE1FD-E1D4-49E3-A668-60BB5E7AED99}.Publish|x86.Build.0 = Publish|x86
		{FECCE1FD-E1D4-49E3-A668-60BB5E7AED99}.Release|Any CPU.ActiveCfg = Release|Any CPU
		{FECCE1FD-E1D4-49E3-A668-60BB5E7AED99}.Release|Any CPU.Build.0 = Release|Any CPU
		{FECCE1FD-E1D4-49E3-A668-60BB5E7AED99}.Release|x64.ActiveCfg = Release|x64
		{FECCE1FD-E1D4-49E3-A668-60BB5E7AED99}.Release|x64.Build.0 = Release|x64
		{FECCE1FD-E1D4-49E3-A668-60BB5E7AED99}.Release|x86.ActiveCfg = Release|x86
		{FECCE1FD-E1D4-49E3-A668-60BB5E7AED99}.Release|x86.Build.0 = Release|x86
		{FECCE1FD-E1D4-49E3-A668-60BB5E7AED99}.Release2|Any CPU.ActiveCfg = Release|Any CPU
		{FECCE1FD-E1D4-49E3-A668-60BB5E7AED99}.Release2|Any CPU.Build.0 = Release|Any CPU
		{FECCE1FD-E1D4-49E3-A668-60BB5E7AED99}.Release2|x64.ActiveCfg = Release|x64
		{FECCE1FD-E1D4-49E3-A668-60BB5E7AED99}.Release2|x64.Build.0 = Release|x64
		{FECCE1FD-E1D4-49E3-A668-60BB5E7AED99}.Release2|x86.ActiveCfg = Release|x86
		{FECCE1FD-E1D4-49E3-A668-60BB5E7AED99}.Release2|x86.Build.0 = Release|x86
		{FECCE1FD-E1D4-49E3-A668-60BB5E7AED99}.sciBASIC.NET-test-release|Any CPU.ActiveCfg = sciBASIC.NET-test-release|Any CPU
		{FECCE1FD-E1D4-49E3-A668-60BB5E7AED99}.sciBASIC.NET-test-release|Any CPU.Build.0 = sciBASIC.NET-test-release|Any CPU
		{FECCE1FD-E1D4-49E3-A668-60BB5E7AED99}.sciBASIC.NET-test-release|x64.ActiveCfg = sciBASIC.NET-test-release|x64
		{FECCE1FD-E1D4-49E3-A668-60BB5E7AED99}.sciBASIC.NET-test-release|x64.Build.0 = sciBASIC.NET-test-release|x64
		{FECCE1FD-E1D4-49E3-A668-60BB5E7AED99}.sciBASIC.NET-test-release|x86.ActiveCfg = sciBASIC.NET-test-release|x86
		{FECCE1FD-E1D4-49E3-A668-60BB5E7AED99}.sciBASIC.NET-test-release|x86.Build.0 = sciBASIC.NET-test-release|x86
		{7283C179-F852-4EAD-8D8F-B82EF2CBD7DB}.Biodeep|Any CPU.ActiveCfg = Biodeep|Any CPU
		{7283C179-F852-4EAD-8D8F-B82EF2CBD7DB}.Biodeep|Any CPU.Build.0 = Biodeep|Any CPU
		{7283C179-F852-4EAD-8D8F-B82EF2CBD7DB}.Biodeep|x64.ActiveCfg = Biodeep|x64
		{7283C179-F852-4EAD-8D8F-B82EF2CBD7DB}.Biodeep|x64.Build.0 = Biodeep|x64
		{7283C179-F852-4EAD-8D8F-B82EF2CBD7DB}.Biodeep|x86.ActiveCfg = Biodeep|x86
		{7283C179-F852-4EAD-8D8F-B82EF2CBD7DB}.Biodeep|x86.Build.0 = Biodeep|x86
		{7283C179-F852-4EAD-8D8F-B82EF2CBD7DB}.Debug|Any CPU.ActiveCfg = Debug|Any CPU
		{7283C179-F852-4EAD-8D8F-B82EF2CBD7DB}.Debug|Any CPU.Build.0 = Debug|Any CPU
		{7283C179-F852-4EAD-8D8F-B82EF2CBD7DB}.Debug|x64.ActiveCfg = Debug|x64
		{7283C179-F852-4EAD-8D8F-B82EF2CBD7DB}.Debug|x64.Build.0 = Debug|x64
		{7283C179-F852-4EAD-8D8F-B82EF2CBD7DB}.Debug|x86.ActiveCfg = Debug|x86
		{7283C179-F852-4EAD-8D8F-B82EF2CBD7DB}.Debug|x86.Build.0 = Debug|x86
		{7283C179-F852-4EAD-8D8F-B82EF2CBD7DB}.DEMO|Any CPU.ActiveCfg = Debug|Any CPU
		{7283C179-F852-4EAD-8D8F-B82EF2CBD7DB}.DEMO|Any CPU.Build.0 = Debug|Any CPU
		{7283C179-F852-4EAD-8D8F-B82EF2CBD7DB}.DEMO|x64.ActiveCfg = Debug|x64
		{7283C179-F852-4EAD-8D8F-B82EF2CBD7DB}.DEMO|x64.Build.0 = Debug|x64
		{7283C179-F852-4EAD-8D8F-B82EF2CBD7DB}.DEMO|x86.ActiveCfg = Debug|x86
		{7283C179-F852-4EAD-8D8F-B82EF2CBD7DB}.DEMO|x86.Build.0 = Debug|x86
		{7283C179-F852-4EAD-8D8F-B82EF2CBD7DB}.docs|Any CPU.ActiveCfg = docs|Any CPU
		{7283C179-F852-4EAD-8D8F-B82EF2CBD7DB}.docs|Any CPU.Build.0 = docs|Any CPU
		{7283C179-F852-4EAD-8D8F-B82EF2CBD7DB}.docs|x64.ActiveCfg = docs|x64
		{7283C179-F852-4EAD-8D8F-B82EF2CBD7DB}.docs|x64.Build.0 = docs|x64
		{7283C179-F852-4EAD-8D8F-B82EF2CBD7DB}.docs|x86.ActiveCfg = docs|x86
		{7283C179-F852-4EAD-8D8F-B82EF2CBD7DB}.docs|x86.Build.0 = docs|x86
		{7283C179-F852-4EAD-8D8F-B82EF2CBD7DB}.GCModeller(Release_X64)|Any CPU.ActiveCfg = GCModeller(Release_X64)|Any CPU
		{7283C179-F852-4EAD-8D8F-B82EF2CBD7DB}.GCModeller(Release_X64)|Any CPU.Build.0 = GCModeller(Release_X64)|Any CPU
		{7283C179-F852-4EAD-8D8F-B82EF2CBD7DB}.GCModeller(Release_X64)|x64.ActiveCfg = GCModeller(Release_X64)|x64
		{7283C179-F852-4EAD-8D8F-B82EF2CBD7DB}.GCModeller(Release_X64)|x64.Build.0 = GCModeller(Release_X64)|x64
		{7283C179-F852-4EAD-8D8F-B82EF2CBD7DB}.GCModeller(Release_X64)|x86.ActiveCfg = GCModeller(Release_X64)|x86
		{7283C179-F852-4EAD-8D8F-B82EF2CBD7DB}.GCModeller(Release_X64)|x86.Build.0 = GCModeller(Release_X64)|x86
		{7283C179-F852-4EAD-8D8F-B82EF2CBD7DB}.installer_x64|Any CPU.ActiveCfg = installer_x64|Any CPU
		{7283C179-F852-4EAD-8D8F-B82EF2CBD7DB}.installer_x64|Any CPU.Build.0 = installer_x64|Any CPU
		{7283C179-F852-4EAD-8D8F-B82EF2CBD7DB}.installer_x64|x64.ActiveCfg = installer_x64|x64
		{7283C179-F852-4EAD-8D8F-B82EF2CBD7DB}.installer_x64|x64.Build.0 = installer_x64|x64
		{7283C179-F852-4EAD-8D8F-B82EF2CBD7DB}.installer_x64|x86.ActiveCfg = installer_x64|x86
		{7283C179-F852-4EAD-8D8F-B82EF2CBD7DB}.installer_x64|x86.Build.0 = installer_x64|x86
		{7283C179-F852-4EAD-8D8F-B82EF2CBD7DB}.mysqli_X64_release|Any CPU.ActiveCfg = installer_x64|Any CPU
		{7283C179-F852-4EAD-8D8F-B82EF2CBD7DB}.mysqli_X64_release|Any CPU.Build.0 = installer_x64|Any CPU
		{7283C179-F852-4EAD-8D8F-B82EF2CBD7DB}.mysqli_X64_release|x64.ActiveCfg = installer_x64|x64
		{7283C179-F852-4EAD-8D8F-B82EF2CBD7DB}.mysqli_X64_release|x64.Build.0 = installer_x64|x64
		{7283C179-F852-4EAD-8D8F-B82EF2CBD7DB}.mysqli_X64_release|x86.ActiveCfg = installer_x64|x86
		{7283C179-F852-4EAD-8D8F-B82EF2CBD7DB}.mysqli_X64_release|x86.Build.0 = installer_x64|x86
		{7283C179-F852-4EAD-8D8F-B82EF2CBD7DB}.Publish|Any CPU.ActiveCfg = Publish|Any CPU
		{7283C179-F852-4EAD-8D8F-B82EF2CBD7DB}.Publish|Any CPU.Build.0 = Publish|Any CPU
		{7283C179-F852-4EAD-8D8F-B82EF2CBD7DB}.Publish|x64.ActiveCfg = Publish|x64
		{7283C179-F852-4EAD-8D8F-B82EF2CBD7DB}.Publish|x64.Build.0 = Publish|x64
		{7283C179-F852-4EAD-8D8F-B82EF2CBD7DB}.Publish|x86.ActiveCfg = Publish|x86
		{7283C179-F852-4EAD-8D8F-B82EF2CBD7DB}.Publish|x86.Build.0 = Publish|x86
		{7283C179-F852-4EAD-8D8F-B82EF2CBD7DB}.Release|Any CPU.ActiveCfg = Release|Any CPU
		{7283C179-F852-4EAD-8D8F-B82EF2CBD7DB}.Release|Any CPU.Build.0 = Release|Any CPU
		{7283C179-F852-4EAD-8D8F-B82EF2CBD7DB}.Release|x64.ActiveCfg = Release|x64
		{7283C179-F852-4EAD-8D8F-B82EF2CBD7DB}.Release|x64.Build.0 = Release|x64
		{7283C179-F852-4EAD-8D8F-B82EF2CBD7DB}.Release|x86.ActiveCfg = Release|x86
		{7283C179-F852-4EAD-8D8F-B82EF2CBD7DB}.Release|x86.Build.0 = Release|x86
		{7283C179-F852-4EAD-8D8F-B82EF2CBD7DB}.Release2|Any CPU.ActiveCfg = Release|Any CPU
		{7283C179-F852-4EAD-8D8F-B82EF2CBD7DB}.Release2|Any CPU.Build.0 = Release|Any CPU
		{7283C179-F852-4EAD-8D8F-B82EF2CBD7DB}.Release2|x64.ActiveCfg = Release|x64
		{7283C179-F852-4EAD-8D8F-B82EF2CBD7DB}.Release2|x64.Build.0 = Release|x64
		{7283C179-F852-4EAD-8D8F-B82EF2CBD7DB}.Release2|x86.ActiveCfg = Release|x86
		{7283C179-F852-4EAD-8D8F-B82EF2CBD7DB}.Release2|x86.Build.0 = Release|x86
		{7283C179-F852-4EAD-8D8F-B82EF2CBD7DB}.sciBASIC.NET-test-release|Any CPU.ActiveCfg = installer_x64|Any CPU
		{7283C179-F852-4EAD-8D8F-B82EF2CBD7DB}.sciBASIC.NET-test-release|Any CPU.Build.0 = installer_x64|Any CPU
		{7283C179-F852-4EAD-8D8F-B82EF2CBD7DB}.sciBASIC.NET-test-release|x64.ActiveCfg = installer_x64|x64
		{7283C179-F852-4EAD-8D8F-B82EF2CBD7DB}.sciBASIC.NET-test-release|x64.Build.0 = installer_x64|x64
		{7283C179-F852-4EAD-8D8F-B82EF2CBD7DB}.sciBASIC.NET-test-release|x86.ActiveCfg = installer_x64|x86
		{7283C179-F852-4EAD-8D8F-B82EF2CBD7DB}.sciBASIC.NET-test-release|x86.Build.0 = installer_x64|x86
		{203BC68F-A0CD-443A-AB62-4AF4110F752F}.Biodeep|Any CPU.ActiveCfg = Biodeep|Any CPU
		{203BC68F-A0CD-443A-AB62-4AF4110F752F}.Biodeep|Any CPU.Build.0 = Biodeep|Any CPU
		{203BC68F-A0CD-443A-AB62-4AF4110F752F}.Biodeep|x64.ActiveCfg = Biodeep|x64
		{203BC68F-A0CD-443A-AB62-4AF4110F752F}.Biodeep|x64.Build.0 = Biodeep|x64
		{203BC68F-A0CD-443A-AB62-4AF4110F752F}.Biodeep|x86.ActiveCfg = Biodeep|x86
		{203BC68F-A0CD-443A-AB62-4AF4110F752F}.Biodeep|x86.Build.0 = Biodeep|x86
		{203BC68F-A0CD-443A-AB62-4AF4110F752F}.Debug|Any CPU.ActiveCfg = Debug|Any CPU
		{203BC68F-A0CD-443A-AB62-4AF4110F752F}.Debug|Any CPU.Build.0 = Debug|Any CPU
		{203BC68F-A0CD-443A-AB62-4AF4110F752F}.Debug|x64.ActiveCfg = Debug|x64
		{203BC68F-A0CD-443A-AB62-4AF4110F752F}.Debug|x64.Build.0 = Debug|x64
		{203BC68F-A0CD-443A-AB62-4AF4110F752F}.Debug|x86.ActiveCfg = Debug|x86
		{203BC68F-A0CD-443A-AB62-4AF4110F752F}.Debug|x86.Build.0 = Debug|x86
		{203BC68F-A0CD-443A-AB62-4AF4110F752F}.DEMO|Any CPU.ActiveCfg = Debug|Any CPU
		{203BC68F-A0CD-443A-AB62-4AF4110F752F}.DEMO|Any CPU.Build.0 = Debug|Any CPU
		{203BC68F-A0CD-443A-AB62-4AF4110F752F}.DEMO|x64.ActiveCfg = Debug|x64
		{203BC68F-A0CD-443A-AB62-4AF4110F752F}.DEMO|x64.Build.0 = Debug|x64
		{203BC68F-A0CD-443A-AB62-4AF4110F752F}.DEMO|x86.ActiveCfg = Debug|x86
		{203BC68F-A0CD-443A-AB62-4AF4110F752F}.DEMO|x86.Build.0 = Debug|x86
		{203BC68F-A0CD-443A-AB62-4AF4110F752F}.docs|Any CPU.ActiveCfg = Debug|Any CPU
		{203BC68F-A0CD-443A-AB62-4AF4110F752F}.docs|Any CPU.Build.0 = Debug|Any CPU
		{203BC68F-A0CD-443A-AB62-4AF4110F752F}.docs|x64.ActiveCfg = Debug|x64
		{203BC68F-A0CD-443A-AB62-4AF4110F752F}.docs|x64.Build.0 = Debug|x64
		{203BC68F-A0CD-443A-AB62-4AF4110F752F}.docs|x86.ActiveCfg = Debug|x86
		{203BC68F-A0CD-443A-AB62-4AF4110F752F}.docs|x86.Build.0 = Debug|x86
		{203BC68F-A0CD-443A-AB62-4AF4110F752F}.GCModeller(Release_X64)|Any CPU.ActiveCfg = GCModeller(Release_X64)|Any CPU
		{203BC68F-A0CD-443A-AB62-4AF4110F752F}.GCModeller(Release_X64)|Any CPU.Build.0 = GCModeller(Release_X64)|Any CPU
		{203BC68F-A0CD-443A-AB62-4AF4110F752F}.GCModeller(Release_X64)|x64.ActiveCfg = GCModeller(Release_X64)|x64
		{203BC68F-A0CD-443A-AB62-4AF4110F752F}.GCModeller(Release_X64)|x64.Build.0 = GCModeller(Release_X64)|x64
		{203BC68F-A0CD-443A-AB62-4AF4110F752F}.GCModeller(Release_X64)|x86.ActiveCfg = GCModeller(Release_X64)|x86
		{203BC68F-A0CD-443A-AB62-4AF4110F752F}.GCModeller(Release_X64)|x86.Build.0 = GCModeller(Release_X64)|x86
		{203BC68F-A0CD-443A-AB62-4AF4110F752F}.installer_x64|Any CPU.ActiveCfg = installer_x64|Any CPU
		{203BC68F-A0CD-443A-AB62-4AF4110F752F}.installer_x64|Any CPU.Build.0 = installer_x64|Any CPU
		{203BC68F-A0CD-443A-AB62-4AF4110F752F}.installer_x64|x64.ActiveCfg = installer_x64|x64
		{203BC68F-A0CD-443A-AB62-4AF4110F752F}.installer_x64|x64.Build.0 = installer_x64|x64
		{203BC68F-A0CD-443A-AB62-4AF4110F752F}.installer_x64|x86.ActiveCfg = installer_x64|x86
		{203BC68F-A0CD-443A-AB62-4AF4110F752F}.installer_x64|x86.Build.0 = installer_x64|x86
		{203BC68F-A0CD-443A-AB62-4AF4110F752F}.mysqli_X64_release|Any CPU.ActiveCfg = Biodeep|Any CPU
		{203BC68F-A0CD-443A-AB62-4AF4110F752F}.mysqli_X64_release|Any CPU.Build.0 = Biodeep|Any CPU
		{203BC68F-A0CD-443A-AB62-4AF4110F752F}.mysqli_X64_release|x64.ActiveCfg = Biodeep|x64
		{203BC68F-A0CD-443A-AB62-4AF4110F752F}.mysqli_X64_release|x64.Build.0 = Biodeep|x64
		{203BC68F-A0CD-443A-AB62-4AF4110F752F}.mysqli_X64_release|x86.ActiveCfg = Biodeep|x86
		{203BC68F-A0CD-443A-AB62-4AF4110F752F}.mysqli_X64_release|x86.Build.0 = Biodeep|x86
		{203BC68F-A0CD-443A-AB62-4AF4110F752F}.Publish|Any CPU.ActiveCfg = Biodeep|Any CPU
		{203BC68F-A0CD-443A-AB62-4AF4110F752F}.Publish|Any CPU.Build.0 = Biodeep|Any CPU
		{203BC68F-A0CD-443A-AB62-4AF4110F752F}.Publish|x64.ActiveCfg = Biodeep|x64
		{203BC68F-A0CD-443A-AB62-4AF4110F752F}.Publish|x64.Build.0 = Biodeep|x64
		{203BC68F-A0CD-443A-AB62-4AF4110F752F}.Publish|x86.ActiveCfg = Biodeep|x86
		{203BC68F-A0CD-443A-AB62-4AF4110F752F}.Publish|x86.Build.0 = Biodeep|x86
		{203BC68F-A0CD-443A-AB62-4AF4110F752F}.Release|Any CPU.ActiveCfg = Release|Any CPU
		{203BC68F-A0CD-443A-AB62-4AF4110F752F}.Release|Any CPU.Build.0 = Release|Any CPU
		{203BC68F-A0CD-443A-AB62-4AF4110F752F}.Release|x64.ActiveCfg = Release|x64
		{203BC68F-A0CD-443A-AB62-4AF4110F752F}.Release|x64.Build.0 = Release|x64
		{203BC68F-A0CD-443A-AB62-4AF4110F752F}.Release|x86.ActiveCfg = Release|x86
		{203BC68F-A0CD-443A-AB62-4AF4110F752F}.Release|x86.Build.0 = Release|x86
		{203BC68F-A0CD-443A-AB62-4AF4110F752F}.Release2|Any CPU.ActiveCfg = Release|Any CPU
		{203BC68F-A0CD-443A-AB62-4AF4110F752F}.Release2|Any CPU.Build.0 = Release|Any CPU
		{203BC68F-A0CD-443A-AB62-4AF4110F752F}.Release2|x64.ActiveCfg = Release|x64
		{203BC68F-A0CD-443A-AB62-4AF4110F752F}.Release2|x64.Build.0 = Release|x64
		{203BC68F-A0CD-443A-AB62-4AF4110F752F}.Release2|x86.ActiveCfg = Release|x86
		{203BC68F-A0CD-443A-AB62-4AF4110F752F}.Release2|x86.Build.0 = Release|x86
		{203BC68F-A0CD-443A-AB62-4AF4110F752F}.sciBASIC.NET-test-release|Any CPU.ActiveCfg = Biodeep|Any CPU
		{203BC68F-A0CD-443A-AB62-4AF4110F752F}.sciBASIC.NET-test-release|Any CPU.Build.0 = Biodeep|Any CPU
		{203BC68F-A0CD-443A-AB62-4AF4110F752F}.sciBASIC.NET-test-release|x64.ActiveCfg = Biodeep|x64
		{203BC68F-A0CD-443A-AB62-4AF4110F752F}.sciBASIC.NET-test-release|x64.Build.0 = Biodeep|x64
		{203BC68F-A0CD-443A-AB62-4AF4110F752F}.sciBASIC.NET-test-release|x86.ActiveCfg = Biodeep|x86
		{203BC68F-A0CD-443A-AB62-4AF4110F752F}.sciBASIC.NET-test-release|x86.Build.0 = Biodeep|x86
		{076315EE-B598-40DC-9280-C71CDF9B6A48}.Biodeep|Any CPU.ActiveCfg = Biodeep|Any CPU
		{076315EE-B598-40DC-9280-C71CDF9B6A48}.Biodeep|Any CPU.Build.0 = Biodeep|Any CPU
		{076315EE-B598-40DC-9280-C71CDF9B6A48}.Biodeep|x64.ActiveCfg = Biodeep|x64
		{076315EE-B598-40DC-9280-C71CDF9B6A48}.Biodeep|x64.Build.0 = Biodeep|x64
		{076315EE-B598-40DC-9280-C71CDF9B6A48}.Biodeep|x86.ActiveCfg = Biodeep|x86
		{076315EE-B598-40DC-9280-C71CDF9B6A48}.Biodeep|x86.Build.0 = Biodeep|x86
		{076315EE-B598-40DC-9280-C71CDF9B6A48}.Debug|Any CPU.ActiveCfg = Debug|Any CPU
		{076315EE-B598-40DC-9280-C71CDF9B6A48}.Debug|Any CPU.Build.0 = Debug|Any CPU
		{076315EE-B598-40DC-9280-C71CDF9B6A48}.Debug|x64.ActiveCfg = Debug|x64
		{076315EE-B598-40DC-9280-C71CDF9B6A48}.Debug|x64.Build.0 = Debug|x64
		{076315EE-B598-40DC-9280-C71CDF9B6A48}.Debug|x86.ActiveCfg = Debug|x86
		{076315EE-B598-40DC-9280-C71CDF9B6A48}.Debug|x86.Build.0 = Debug|x86
		{076315EE-B598-40DC-9280-C71CDF9B6A48}.DEMO|Any CPU.ActiveCfg = Debug|Any CPU
		{076315EE-B598-40DC-9280-C71CDF9B6A48}.DEMO|Any CPU.Build.0 = Debug|Any CPU
		{076315EE-B598-40DC-9280-C71CDF9B6A48}.DEMO|x64.ActiveCfg = Debug|x64
		{076315EE-B598-40DC-9280-C71CDF9B6A48}.DEMO|x64.Build.0 = Debug|x64
		{076315EE-B598-40DC-9280-C71CDF9B6A48}.DEMO|x86.ActiveCfg = Debug|x86
		{076315EE-B598-40DC-9280-C71CDF9B6A48}.DEMO|x86.Build.0 = Debug|x86
		{076315EE-B598-40DC-9280-C71CDF9B6A48}.docs|Any CPU.ActiveCfg = docs|Any CPU
		{076315EE-B598-40DC-9280-C71CDF9B6A48}.docs|Any CPU.Build.0 = docs|Any CPU
		{076315EE-B598-40DC-9280-C71CDF9B6A48}.docs|x64.ActiveCfg = docs|x64
		{076315EE-B598-40DC-9280-C71CDF9B6A48}.docs|x64.Build.0 = docs|x64
		{076315EE-B598-40DC-9280-C71CDF9B6A48}.docs|x86.ActiveCfg = docs|x86
		{076315EE-B598-40DC-9280-C71CDF9B6A48}.docs|x86.Build.0 = docs|x86
		{076315EE-B598-40DC-9280-C71CDF9B6A48}.GCModeller(Release_X64)|Any CPU.ActiveCfg = GCModeller(Release_X64)|Any CPU
		{076315EE-B598-40DC-9280-C71CDF9B6A48}.GCModeller(Release_X64)|Any CPU.Build.0 = GCModeller(Release_X64)|Any CPU
		{076315EE-B598-40DC-9280-C71CDF9B6A48}.GCModeller(Release_X64)|x64.ActiveCfg = GCModeller(Release_X64)|x64
		{076315EE-B598-40DC-9280-C71CDF9B6A48}.GCModeller(Release_X64)|x64.Build.0 = GCModeller(Release_X64)|x64
		{076315EE-B598-40DC-9280-C71CDF9B6A48}.GCModeller(Release_X64)|x86.ActiveCfg = GCModeller(Release_X64)|x86
		{076315EE-B598-40DC-9280-C71CDF9B6A48}.GCModeller(Release_X64)|x86.Build.0 = GCModeller(Release_X64)|x86
		{076315EE-B598-40DC-9280-C71CDF9B6A48}.installer_x64|Any CPU.ActiveCfg = installer_x64|Any CPU
		{076315EE-B598-40DC-9280-C71CDF9B6A48}.installer_x64|Any CPU.Build.0 = installer_x64|Any CPU
		{076315EE-B598-40DC-9280-C71CDF9B6A48}.installer_x64|x64.ActiveCfg = installer_x64|x64
		{076315EE-B598-40DC-9280-C71CDF9B6A48}.installer_x64|x64.Build.0 = installer_x64|x64
		{076315EE-B598-40DC-9280-C71CDF9B6A48}.installer_x64|x86.ActiveCfg = installer_x64|x86
		{076315EE-B598-40DC-9280-C71CDF9B6A48}.installer_x64|x86.Build.0 = installer_x64|x86
		{076315EE-B598-40DC-9280-C71CDF9B6A48}.mysqli_X64_release|Any CPU.ActiveCfg = installer_x64|Any CPU
		{076315EE-B598-40DC-9280-C71CDF9B6A48}.mysqli_X64_release|Any CPU.Build.0 = installer_x64|Any CPU
		{076315EE-B598-40DC-9280-C71CDF9B6A48}.mysqli_X64_release|x64.ActiveCfg = installer_x64|x64
		{076315EE-B598-40DC-9280-C71CDF9B6A48}.mysqli_X64_release|x64.Build.0 = installer_x64|x64
		{076315EE-B598-40DC-9280-C71CDF9B6A48}.mysqli_X64_release|x86.ActiveCfg = installer_x64|x86
		{076315EE-B598-40DC-9280-C71CDF9B6A48}.mysqli_X64_release|x86.Build.0 = installer_x64|x86
		{076315EE-B598-40DC-9280-C71CDF9B6A48}.Publish|Any CPU.ActiveCfg = Publish|Any CPU
		{076315EE-B598-40DC-9280-C71CDF9B6A48}.Publish|Any CPU.Build.0 = Publish|Any CPU
		{076315EE-B598-40DC-9280-C71CDF9B6A48}.Publish|x64.ActiveCfg = Publish|x64
		{076315EE-B598-40DC-9280-C71CDF9B6A48}.Publish|x64.Build.0 = Publish|x64
		{076315EE-B598-40DC-9280-C71CDF9B6A48}.Publish|x86.ActiveCfg = Publish|x86
		{076315EE-B598-40DC-9280-C71CDF9B6A48}.Publish|x86.Build.0 = Publish|x86
		{076315EE-B598-40DC-9280-C71CDF9B6A48}.Release|Any CPU.ActiveCfg = Release|Any CPU
		{076315EE-B598-40DC-9280-C71CDF9B6A48}.Release|Any CPU.Build.0 = Release|Any CPU
		{076315EE-B598-40DC-9280-C71CDF9B6A48}.Release|x64.ActiveCfg = Release|x64
		{076315EE-B598-40DC-9280-C71CDF9B6A48}.Release|x64.Build.0 = Release|x64
		{076315EE-B598-40DC-9280-C71CDF9B6A48}.Release|x86.ActiveCfg = Release|x86
		{076315EE-B598-40DC-9280-C71CDF9B6A48}.Release|x86.Build.0 = Release|x86
		{076315EE-B598-40DC-9280-C71CDF9B6A48}.Release2|Any CPU.ActiveCfg = Release|Any CPU
		{076315EE-B598-40DC-9280-C71CDF9B6A48}.Release2|Any CPU.Build.0 = Release|Any CPU
		{076315EE-B598-40DC-9280-C71CDF9B6A48}.Release2|x64.ActiveCfg = Release|x64
		{076315EE-B598-40DC-9280-C71CDF9B6A48}.Release2|x64.Build.0 = Release|x64
		{076315EE-B598-40DC-9280-C71CDF9B6A48}.Release2|x86.ActiveCfg = Release|x86
		{076315EE-B598-40DC-9280-C71CDF9B6A48}.Release2|x86.Build.0 = Release|x86
		{076315EE-B598-40DC-9280-C71CDF9B6A48}.sciBASIC.NET-test-release|Any CPU.ActiveCfg = installer_x64|Any CPU
		{076315EE-B598-40DC-9280-C71CDF9B6A48}.sciBASIC.NET-test-release|Any CPU.Build.0 = installer_x64|Any CPU
		{076315EE-B598-40DC-9280-C71CDF9B6A48}.sciBASIC.NET-test-release|x64.ActiveCfg = installer_x64|x64
		{076315EE-B598-40DC-9280-C71CDF9B6A48}.sciBASIC.NET-test-release|x64.Build.0 = installer_x64|x64
		{076315EE-B598-40DC-9280-C71CDF9B6A48}.sciBASIC.NET-test-release|x86.ActiveCfg = installer_x64|x86
		{076315EE-B598-40DC-9280-C71CDF9B6A48}.sciBASIC.NET-test-release|x86.Build.0 = installer_x64|x86
		{E3367B88-5D0C-495A-8273-331656D4B5AA}.Biodeep|Any CPU.ActiveCfg = Biodeep|Any CPU
		{E3367B88-5D0C-495A-8273-331656D4B5AA}.Biodeep|Any CPU.Build.0 = Biodeep|Any CPU
		{E3367B88-5D0C-495A-8273-331656D4B5AA}.Biodeep|x64.ActiveCfg = Biodeep|x64
		{E3367B88-5D0C-495A-8273-331656D4B5AA}.Biodeep|x64.Build.0 = Biodeep|x64
		{E3367B88-5D0C-495A-8273-331656D4B5AA}.Biodeep|x86.ActiveCfg = Biodeep|x86
		{E3367B88-5D0C-495A-8273-331656D4B5AA}.Biodeep|x86.Build.0 = Biodeep|x86
		{E3367B88-5D0C-495A-8273-331656D4B5AA}.Debug|Any CPU.ActiveCfg = Debug|Any CPU
		{E3367B88-5D0C-495A-8273-331656D4B5AA}.Debug|Any CPU.Build.0 = Debug|Any CPU
		{E3367B88-5D0C-495A-8273-331656D4B5AA}.Debug|x64.ActiveCfg = Debug|x64
		{E3367B88-5D0C-495A-8273-331656D4B5AA}.Debug|x64.Build.0 = Debug|x64
		{E3367B88-5D0C-495A-8273-331656D4B5AA}.Debug|x86.ActiveCfg = Debug|x86
		{E3367B88-5D0C-495A-8273-331656D4B5AA}.Debug|x86.Build.0 = Debug|x86
		{E3367B88-5D0C-495A-8273-331656D4B5AA}.DEMO|Any CPU.ActiveCfg = Debug|Any CPU
		{E3367B88-5D0C-495A-8273-331656D4B5AA}.DEMO|Any CPU.Build.0 = Debug|Any CPU
		{E3367B88-5D0C-495A-8273-331656D4B5AA}.DEMO|x64.ActiveCfg = Debug|x64
		{E3367B88-5D0C-495A-8273-331656D4B5AA}.DEMO|x64.Build.0 = Debug|x64
		{E3367B88-5D0C-495A-8273-331656D4B5AA}.DEMO|x86.ActiveCfg = Debug|x86
		{E3367B88-5D0C-495A-8273-331656D4B5AA}.DEMO|x86.Build.0 = Debug|x86
		{E3367B88-5D0C-495A-8273-331656D4B5AA}.docs|Any CPU.ActiveCfg = docs|Any CPU
		{E3367B88-5D0C-495A-8273-331656D4B5AA}.docs|Any CPU.Build.0 = docs|Any CPU
		{E3367B88-5D0C-495A-8273-331656D4B5AA}.docs|x64.ActiveCfg = docs|x64
		{E3367B88-5D0C-495A-8273-331656D4B5AA}.docs|x64.Build.0 = docs|x64
		{E3367B88-5D0C-495A-8273-331656D4B5AA}.docs|x86.ActiveCfg = docs|x86
		{E3367B88-5D0C-495A-8273-331656D4B5AA}.docs|x86.Build.0 = docs|x86
		{E3367B88-5D0C-495A-8273-331656D4B5AA}.GCModeller(Release_X64)|Any CPU.ActiveCfg = GCModeller(Release_X64)|Any CPU
		{E3367B88-5D0C-495A-8273-331656D4B5AA}.GCModeller(Release_X64)|Any CPU.Build.0 = GCModeller(Release_X64)|Any CPU
		{E3367B88-5D0C-495A-8273-331656D4B5AA}.GCModeller(Release_X64)|x64.ActiveCfg = GCModeller(Release_X64)|x64
		{E3367B88-5D0C-495A-8273-331656D4B5AA}.GCModeller(Release_X64)|x64.Build.0 = GCModeller(Release_X64)|x64
		{E3367B88-5D0C-495A-8273-331656D4B5AA}.GCModeller(Release_X64)|x86.ActiveCfg = GCModeller(Release_X64)|x86
		{E3367B88-5D0C-495A-8273-331656D4B5AA}.GCModeller(Release_X64)|x86.Build.0 = GCModeller(Release_X64)|x86
		{E3367B88-5D0C-495A-8273-331656D4B5AA}.installer_x64|Any CPU.ActiveCfg = installer_x64|Any CPU
		{E3367B88-5D0C-495A-8273-331656D4B5AA}.installer_x64|Any CPU.Build.0 = installer_x64|Any CPU
		{E3367B88-5D0C-495A-8273-331656D4B5AA}.installer_x64|x64.ActiveCfg = installer_x64|x64
		{E3367B88-5D0C-495A-8273-331656D4B5AA}.installer_x64|x64.Build.0 = installer_x64|x64
		{E3367B88-5D0C-495A-8273-331656D4B5AA}.installer_x64|x86.ActiveCfg = installer_x64|x86
		{E3367B88-5D0C-495A-8273-331656D4B5AA}.installer_x64|x86.Build.0 = installer_x64|x86
		{E3367B88-5D0C-495A-8273-331656D4B5AA}.mysqli_X64_release|Any CPU.ActiveCfg = installer_x64|Any CPU
		{E3367B88-5D0C-495A-8273-331656D4B5AA}.mysqli_X64_release|Any CPU.Build.0 = installer_x64|Any CPU
		{E3367B88-5D0C-495A-8273-331656D4B5AA}.mysqli_X64_release|x64.ActiveCfg = installer_x64|x64
		{E3367B88-5D0C-495A-8273-331656D4B5AA}.mysqli_X64_release|x64.Build.0 = installer_x64|x64
		{E3367B88-5D0C-495A-8273-331656D4B5AA}.mysqli_X64_release|x86.ActiveCfg = installer_x64|x86
		{E3367B88-5D0C-495A-8273-331656D4B5AA}.mysqli_X64_release|x86.Build.0 = installer_x64|x86
		{E3367B88-5D0C-495A-8273-331656D4B5AA}.Publish|Any CPU.ActiveCfg = Publish|Any CPU
		{E3367B88-5D0C-495A-8273-331656D4B5AA}.Publish|Any CPU.Build.0 = Publish|Any CPU
		{E3367B88-5D0C-495A-8273-331656D4B5AA}.Publish|x64.ActiveCfg = Publish|x64
		{E3367B88-5D0C-495A-8273-331656D4B5AA}.Publish|x64.Build.0 = Publish|x64
		{E3367B88-5D0C-495A-8273-331656D4B5AA}.Publish|x86.ActiveCfg = Publish|x86
		{E3367B88-5D0C-495A-8273-331656D4B5AA}.Publish|x86.Build.0 = Publish|x86
		{E3367B88-5D0C-495A-8273-331656D4B5AA}.Release|Any CPU.ActiveCfg = Release|Any CPU
		{E3367B88-5D0C-495A-8273-331656D4B5AA}.Release|Any CPU.Build.0 = Release|Any CPU
		{E3367B88-5D0C-495A-8273-331656D4B5AA}.Release|x64.ActiveCfg = Release|x64
		{E3367B88-5D0C-495A-8273-331656D4B5AA}.Release|x64.Build.0 = Release|x64
		{E3367B88-5D0C-495A-8273-331656D4B5AA}.Release|x86.ActiveCfg = Release|x86
		{E3367B88-5D0C-495A-8273-331656D4B5AA}.Release|x86.Build.0 = Release|x86
		{E3367B88-5D0C-495A-8273-331656D4B5AA}.Release2|Any CPU.ActiveCfg = Release|Any CPU
		{E3367B88-5D0C-495A-8273-331656D4B5AA}.Release2|Any CPU.Build.0 = Release|Any CPU
		{E3367B88-5D0C-495A-8273-331656D4B5AA}.Release2|x64.ActiveCfg = Release|x64
		{E3367B88-5D0C-495A-8273-331656D4B5AA}.Release2|x64.Build.0 = Release|x64
		{E3367B88-5D0C-495A-8273-331656D4B5AA}.Release2|x86.ActiveCfg = Release|x86
		{E3367B88-5D0C-495A-8273-331656D4B5AA}.Release2|x86.Build.0 = Release|x86
		{E3367B88-5D0C-495A-8273-331656D4B5AA}.sciBASIC.NET-test-release|Any CPU.ActiveCfg = installer_x64|Any CPU
		{E3367B88-5D0C-495A-8273-331656D4B5AA}.sciBASIC.NET-test-release|Any CPU.Build.0 = installer_x64|Any CPU
		{E3367B88-5D0C-495A-8273-331656D4B5AA}.sciBASIC.NET-test-release|x64.ActiveCfg = installer_x64|x64
		{E3367B88-5D0C-495A-8273-331656D4B5AA}.sciBASIC.NET-test-release|x64.Build.0 = installer_x64|x64
		{E3367B88-5D0C-495A-8273-331656D4B5AA}.sciBASIC.NET-test-release|x86.ActiveCfg = installer_x64|x86
		{E3367B88-5D0C-495A-8273-331656D4B5AA}.sciBASIC.NET-test-release|x86.Build.0 = installer_x64|x86
		{1BAFA2BC-68B2-4EE0-9235-C60FAE3377A0}.Biodeep|Any CPU.ActiveCfg = Release|Any CPU
		{1BAFA2BC-68B2-4EE0-9235-C60FAE3377A0}.Biodeep|Any CPU.Build.0 = Release|Any CPU
		{1BAFA2BC-68B2-4EE0-9235-C60FAE3377A0}.Biodeep|x64.ActiveCfg = Release|Any CPU
		{1BAFA2BC-68B2-4EE0-9235-C60FAE3377A0}.Biodeep|x64.Build.0 = Release|Any CPU
		{1BAFA2BC-68B2-4EE0-9235-C60FAE3377A0}.Biodeep|x86.ActiveCfg = Release|Any CPU
		{1BAFA2BC-68B2-4EE0-9235-C60FAE3377A0}.Biodeep|x86.Build.0 = Release|Any CPU
		{1BAFA2BC-68B2-4EE0-9235-C60FAE3377A0}.Debug|Any CPU.ActiveCfg = Debug|Any CPU
		{1BAFA2BC-68B2-4EE0-9235-C60FAE3377A0}.Debug|Any CPU.Build.0 = Debug|Any CPU
		{1BAFA2BC-68B2-4EE0-9235-C60FAE3377A0}.Debug|x64.ActiveCfg = Debug|x64
		{1BAFA2BC-68B2-4EE0-9235-C60FAE3377A0}.Debug|x64.Build.0 = Debug|x64
		{1BAFA2BC-68B2-4EE0-9235-C60FAE3377A0}.Debug|x86.ActiveCfg = Debug|Any CPU
		{1BAFA2BC-68B2-4EE0-9235-C60FAE3377A0}.Debug|x86.Build.0 = Debug|Any CPU
		{1BAFA2BC-68B2-4EE0-9235-C60FAE3377A0}.DEMO|Any CPU.ActiveCfg = Debug|Any CPU
		{1BAFA2BC-68B2-4EE0-9235-C60FAE3377A0}.DEMO|Any CPU.Build.0 = Debug|Any CPU
		{1BAFA2BC-68B2-4EE0-9235-C60FAE3377A0}.DEMO|x64.ActiveCfg = Debug|Any CPU
		{1BAFA2BC-68B2-4EE0-9235-C60FAE3377A0}.DEMO|x64.Build.0 = Debug|Any CPU
		{1BAFA2BC-68B2-4EE0-9235-C60FAE3377A0}.DEMO|x86.ActiveCfg = Debug|Any CPU
		{1BAFA2BC-68B2-4EE0-9235-C60FAE3377A0}.DEMO|x86.Build.0 = Debug|Any CPU
		{1BAFA2BC-68B2-4EE0-9235-C60FAE3377A0}.docs|Any CPU.ActiveCfg = Debug|Any CPU
		{1BAFA2BC-68B2-4EE0-9235-C60FAE3377A0}.docs|Any CPU.Build.0 = Debug|Any CPU
		{1BAFA2BC-68B2-4EE0-9235-C60FAE3377A0}.docs|x64.ActiveCfg = Debug|Any CPU
		{1BAFA2BC-68B2-4EE0-9235-C60FAE3377A0}.docs|x64.Build.0 = Debug|Any CPU
		{1BAFA2BC-68B2-4EE0-9235-C60FAE3377A0}.docs|x86.ActiveCfg = Debug|Any CPU
		{1BAFA2BC-68B2-4EE0-9235-C60FAE3377A0}.docs|x86.Build.0 = Debug|Any CPU
		{1BAFA2BC-68B2-4EE0-9235-C60FAE3377A0}.GCModeller(Release_X64)|Any CPU.ActiveCfg = Release|Any CPU
		{1BAFA2BC-68B2-4EE0-9235-C60FAE3377A0}.GCModeller(Release_X64)|Any CPU.Build.0 = Release|Any CPU
		{1BAFA2BC-68B2-4EE0-9235-C60FAE3377A0}.GCModeller(Release_X64)|x64.ActiveCfg = Release|Any CPU
		{1BAFA2BC-68B2-4EE0-9235-C60FAE3377A0}.GCModeller(Release_X64)|x64.Build.0 = Release|Any CPU
		{1BAFA2BC-68B2-4EE0-9235-C60FAE3377A0}.GCModeller(Release_X64)|x86.ActiveCfg = Release|Any CPU
		{1BAFA2BC-68B2-4EE0-9235-C60FAE3377A0}.GCModeller(Release_X64)|x86.Build.0 = Release|Any CPU
		{1BAFA2BC-68B2-4EE0-9235-C60FAE3377A0}.installer_x64|Any CPU.ActiveCfg = Release|Any CPU
		{1BAFA2BC-68B2-4EE0-9235-C60FAE3377A0}.installer_x64|Any CPU.Build.0 = Release|Any CPU
		{1BAFA2BC-68B2-4EE0-9235-C60FAE3377A0}.installer_x64|x64.ActiveCfg = Release|Any CPU
		{1BAFA2BC-68B2-4EE0-9235-C60FAE3377A0}.installer_x64|x64.Build.0 = Release|Any CPU
		{1BAFA2BC-68B2-4EE0-9235-C60FAE3377A0}.installer_x64|x86.ActiveCfg = Release|Any CPU
		{1BAFA2BC-68B2-4EE0-9235-C60FAE3377A0}.installer_x64|x86.Build.0 = Release|Any CPU
		{1BAFA2BC-68B2-4EE0-9235-C60FAE3377A0}.mysqli_X64_release|Any CPU.ActiveCfg = Release|Any CPU
		{1BAFA2BC-68B2-4EE0-9235-C60FAE3377A0}.mysqli_X64_release|Any CPU.Build.0 = Release|Any CPU
		{1BAFA2BC-68B2-4EE0-9235-C60FAE3377A0}.mysqli_X64_release|x64.ActiveCfg = Release|Any CPU
		{1BAFA2BC-68B2-4EE0-9235-C60FAE3377A0}.mysqli_X64_release|x64.Build.0 = Release|Any CPU
		{1BAFA2BC-68B2-4EE0-9235-C60FAE3377A0}.mysqli_X64_release|x86.ActiveCfg = Release|Any CPU
		{1BAFA2BC-68B2-4EE0-9235-C60FAE3377A0}.mysqli_X64_release|x86.Build.0 = Release|Any CPU
		{1BAFA2BC-68B2-4EE0-9235-C60FAE3377A0}.Publish|Any CPU.ActiveCfg = Release|Any CPU
		{1BAFA2BC-68B2-4EE0-9235-C60FAE3377A0}.Publish|Any CPU.Build.0 = Release|Any CPU
		{1BAFA2BC-68B2-4EE0-9235-C60FAE3377A0}.Publish|x64.ActiveCfg = Release|Any CPU
		{1BAFA2BC-68B2-4EE0-9235-C60FAE3377A0}.Publish|x64.Build.0 = Release|Any CPU
		{1BAFA2BC-68B2-4EE0-9235-C60FAE3377A0}.Publish|x86.ActiveCfg = Release|Any CPU
		{1BAFA2BC-68B2-4EE0-9235-C60FAE3377A0}.Publish|x86.Build.0 = Release|Any CPU
		{1BAFA2BC-68B2-4EE0-9235-C60FAE3377A0}.Release|Any CPU.ActiveCfg = Release|Any CPU
		{1BAFA2BC-68B2-4EE0-9235-C60FAE3377A0}.Release|Any CPU.Build.0 = Release|Any CPU
		{1BAFA2BC-68B2-4EE0-9235-C60FAE3377A0}.Release|x64.ActiveCfg = Release|Any CPU
		{1BAFA2BC-68B2-4EE0-9235-C60FAE3377A0}.Release|x64.Build.0 = Release|Any CPU
		{1BAFA2BC-68B2-4EE0-9235-C60FAE3377A0}.Release|x86.ActiveCfg = Release|Any CPU
		{1BAFA2BC-68B2-4EE0-9235-C60FAE3377A0}.Release|x86.Build.0 = Release|Any CPU
		{1BAFA2BC-68B2-4EE0-9235-C60FAE3377A0}.Release2|Any CPU.ActiveCfg = Release|Any CPU
		{1BAFA2BC-68B2-4EE0-9235-C60FAE3377A0}.Release2|Any CPU.Build.0 = Release|Any CPU
		{1BAFA2BC-68B2-4EE0-9235-C60FAE3377A0}.Release2|x64.ActiveCfg = Release|Any CPU
		{1BAFA2BC-68B2-4EE0-9235-C60FAE3377A0}.Release2|x64.Build.0 = Release|Any CPU
		{1BAFA2BC-68B2-4EE0-9235-C60FAE3377A0}.Release2|x86.ActiveCfg = Release|Any CPU
		{1BAFA2BC-68B2-4EE0-9235-C60FAE3377A0}.Release2|x86.Build.0 = Release|Any CPU
		{1BAFA2BC-68B2-4EE0-9235-C60FAE3377A0}.sciBASIC.NET-test-release|Any CPU.ActiveCfg = Release|Any CPU
		{1BAFA2BC-68B2-4EE0-9235-C60FAE3377A0}.sciBASIC.NET-test-release|Any CPU.Build.0 = Release|Any CPU
		{1BAFA2BC-68B2-4EE0-9235-C60FAE3377A0}.sciBASIC.NET-test-release|x64.ActiveCfg = Release|Any CPU
		{1BAFA2BC-68B2-4EE0-9235-C60FAE3377A0}.sciBASIC.NET-test-release|x64.Build.0 = Release|Any CPU
		{1BAFA2BC-68B2-4EE0-9235-C60FAE3377A0}.sciBASIC.NET-test-release|x86.ActiveCfg = Release|Any CPU
		{1BAFA2BC-68B2-4EE0-9235-C60FAE3377A0}.sciBASIC.NET-test-release|x86.Build.0 = Release|Any CPU
		{C60416D4-B3E2-45E5-BFE0-90D5021647F9}.Biodeep|Any CPU.ActiveCfg = Release|Any CPU
		{C60416D4-B3E2-45E5-BFE0-90D5021647F9}.Biodeep|Any CPU.Build.0 = Release|Any CPU
		{C60416D4-B3E2-45E5-BFE0-90D5021647F9}.Biodeep|x64.ActiveCfg = Release|Any CPU
		{C60416D4-B3E2-45E5-BFE0-90D5021647F9}.Biodeep|x64.Build.0 = Release|Any CPU
		{C60416D4-B3E2-45E5-BFE0-90D5021647F9}.Biodeep|x86.ActiveCfg = Release|Any CPU
		{C60416D4-B3E2-45E5-BFE0-90D5021647F9}.Biodeep|x86.Build.0 = Release|Any CPU
		{C60416D4-B3E2-45E5-BFE0-90D5021647F9}.Debug|Any CPU.ActiveCfg = Debug|Any CPU
		{C60416D4-B3E2-45E5-BFE0-90D5021647F9}.Debug|Any CPU.Build.0 = Debug|Any CPU
		{C60416D4-B3E2-45E5-BFE0-90D5021647F9}.Debug|x64.ActiveCfg = Debug|x64
		{C60416D4-B3E2-45E5-BFE0-90D5021647F9}.Debug|x64.Build.0 = Debug|x64
		{C60416D4-B3E2-45E5-BFE0-90D5021647F9}.Debug|x86.ActiveCfg = Debug|Any CPU
		{C60416D4-B3E2-45E5-BFE0-90D5021647F9}.Debug|x86.Build.0 = Debug|Any CPU
		{C60416D4-B3E2-45E5-BFE0-90D5021647F9}.DEMO|Any CPU.ActiveCfg = Debug|Any CPU
		{C60416D4-B3E2-45E5-BFE0-90D5021647F9}.DEMO|Any CPU.Build.0 = Debug|Any CPU
		{C60416D4-B3E2-45E5-BFE0-90D5021647F9}.DEMO|x64.ActiveCfg = Debug|Any CPU
		{C60416D4-B3E2-45E5-BFE0-90D5021647F9}.DEMO|x64.Build.0 = Debug|Any CPU
		{C60416D4-B3E2-45E5-BFE0-90D5021647F9}.DEMO|x86.ActiveCfg = Debug|Any CPU
		{C60416D4-B3E2-45E5-BFE0-90D5021647F9}.DEMO|x86.Build.0 = Debug|Any CPU
		{C60416D4-B3E2-45E5-BFE0-90D5021647F9}.docs|Any CPU.ActiveCfg = Debug|Any CPU
		{C60416D4-B3E2-45E5-BFE0-90D5021647F9}.docs|Any CPU.Build.0 = Debug|Any CPU
		{C60416D4-B3E2-45E5-BFE0-90D5021647F9}.docs|x64.ActiveCfg = Debug|Any CPU
		{C60416D4-B3E2-45E5-BFE0-90D5021647F9}.docs|x64.Build.0 = Debug|Any CPU
		{C60416D4-B3E2-45E5-BFE0-90D5021647F9}.docs|x86.ActiveCfg = Debug|Any CPU
		{C60416D4-B3E2-45E5-BFE0-90D5021647F9}.docs|x86.Build.0 = Debug|Any CPU
		{C60416D4-B3E2-45E5-BFE0-90D5021647F9}.GCModeller(Release_X64)|Any CPU.ActiveCfg = Release|Any CPU
		{C60416D4-B3E2-45E5-BFE0-90D5021647F9}.GCModeller(Release_X64)|Any CPU.Build.0 = Release|Any CPU
		{C60416D4-B3E2-45E5-BFE0-90D5021647F9}.GCModeller(Release_X64)|x64.ActiveCfg = Release|Any CPU
		{C60416D4-B3E2-45E5-BFE0-90D5021647F9}.GCModeller(Release_X64)|x64.Build.0 = Release|Any CPU
		{C60416D4-B3E2-45E5-BFE0-90D5021647F9}.GCModeller(Release_X64)|x86.ActiveCfg = Release|Any CPU
		{C60416D4-B3E2-45E5-BFE0-90D5021647F9}.GCModeller(Release_X64)|x86.Build.0 = Release|Any CPU
		{C60416D4-B3E2-45E5-BFE0-90D5021647F9}.installer_x64|Any CPU.ActiveCfg = Release|Any CPU
		{C60416D4-B3E2-45E5-BFE0-90D5021647F9}.installer_x64|Any CPU.Build.0 = Release|Any CPU
		{C60416D4-B3E2-45E5-BFE0-90D5021647F9}.installer_x64|x64.ActiveCfg = Release|Any CPU
		{C60416D4-B3E2-45E5-BFE0-90D5021647F9}.installer_x64|x64.Build.0 = Release|Any CPU
		{C60416D4-B3E2-45E5-BFE0-90D5021647F9}.installer_x64|x86.ActiveCfg = Release|Any CPU
		{C60416D4-B3E2-45E5-BFE0-90D5021647F9}.installer_x64|x86.Build.0 = Release|Any CPU
		{C60416D4-B3E2-45E5-BFE0-90D5021647F9}.mysqli_X64_release|Any CPU.ActiveCfg = Release|Any CPU
		{C60416D4-B3E2-45E5-BFE0-90D5021647F9}.mysqli_X64_release|Any CPU.Build.0 = Release|Any CPU
		{C60416D4-B3E2-45E5-BFE0-90D5021647F9}.mysqli_X64_release|x64.ActiveCfg = Release|Any CPU
		{C60416D4-B3E2-45E5-BFE0-90D5021647F9}.mysqli_X64_release|x64.Build.0 = Release|Any CPU
		{C60416D4-B3E2-45E5-BFE0-90D5021647F9}.mysqli_X64_release|x86.ActiveCfg = Release|Any CPU
		{C60416D4-B3E2-45E5-BFE0-90D5021647F9}.mysqli_X64_release|x86.Build.0 = Release|Any CPU
		{C60416D4-B3E2-45E5-BFE0-90D5021647F9}.Publish|Any CPU.ActiveCfg = Release|Any CPU
		{C60416D4-B3E2-45E5-BFE0-90D5021647F9}.Publish|Any CPU.Build.0 = Release|Any CPU
		{C60416D4-B3E2-45E5-BFE0-90D5021647F9}.Publish|x64.ActiveCfg = Release|Any CPU
		{C60416D4-B3E2-45E5-BFE0-90D5021647F9}.Publish|x64.Build.0 = Release|Any CPU
		{C60416D4-B3E2-45E5-BFE0-90D5021647F9}.Publish|x86.ActiveCfg = Release|Any CPU
		{C60416D4-B3E2-45E5-BFE0-90D5021647F9}.Publish|x86.Build.0 = Release|Any CPU
		{C60416D4-B3E2-45E5-BFE0-90D5021647F9}.Release|Any CPU.ActiveCfg = Release|Any CPU
		{C60416D4-B3E2-45E5-BFE0-90D5021647F9}.Release|Any CPU.Build.0 = Release|Any CPU
		{C60416D4-B3E2-45E5-BFE0-90D5021647F9}.Release|x64.ActiveCfg = Release|Any CPU
		{C60416D4-B3E2-45E5-BFE0-90D5021647F9}.Release|x64.Build.0 = Release|Any CPU
		{C60416D4-B3E2-45E5-BFE0-90D5021647F9}.Release|x86.ActiveCfg = Release|Any CPU
		{C60416D4-B3E2-45E5-BFE0-90D5021647F9}.Release|x86.Build.0 = Release|Any CPU
		{C60416D4-B3E2-45E5-BFE0-90D5021647F9}.Release2|Any CPU.ActiveCfg = Release|Any CPU
		{C60416D4-B3E2-45E5-BFE0-90D5021647F9}.Release2|Any CPU.Build.0 = Release|Any CPU
		{C60416D4-B3E2-45E5-BFE0-90D5021647F9}.Release2|x64.ActiveCfg = Release|Any CPU
		{C60416D4-B3E2-45E5-BFE0-90D5021647F9}.Release2|x64.Build.0 = Release|Any CPU
		{C60416D4-B3E2-45E5-BFE0-90D5021647F9}.Release2|x86.ActiveCfg = Release|Any CPU
		{C60416D4-B3E2-45E5-BFE0-90D5021647F9}.Release2|x86.Build.0 = Release|Any CPU
		{C60416D4-B3E2-45E5-BFE0-90D5021647F9}.sciBASIC.NET-test-release|Any CPU.ActiveCfg = Release|Any CPU
		{C60416D4-B3E2-45E5-BFE0-90D5021647F9}.sciBASIC.NET-test-release|Any CPU.Build.0 = Release|Any CPU
		{C60416D4-B3E2-45E5-BFE0-90D5021647F9}.sciBASIC.NET-test-release|x64.ActiveCfg = Release|Any CPU
		{C60416D4-B3E2-45E5-BFE0-90D5021647F9}.sciBASIC.NET-test-release|x64.Build.0 = Release|Any CPU
		{C60416D4-B3E2-45E5-BFE0-90D5021647F9}.sciBASIC.NET-test-release|x86.ActiveCfg = Release|Any CPU
		{C60416D4-B3E2-45E5-BFE0-90D5021647F9}.sciBASIC.NET-test-release|x86.Build.0 = Release|Any CPU
		{14E0B048-3A0D-4FD6-AA79-9B815D6F1B30}.Biodeep|Any CPU.ActiveCfg = Biodeep|Any CPU
		{14E0B048-3A0D-4FD6-AA79-9B815D6F1B30}.Biodeep|Any CPU.Build.0 = Biodeep|Any CPU
		{14E0B048-3A0D-4FD6-AA79-9B815D6F1B30}.Biodeep|x64.ActiveCfg = Biodeep|x64
		{14E0B048-3A0D-4FD6-AA79-9B815D6F1B30}.Biodeep|x64.Build.0 = Biodeep|x64
		{14E0B048-3A0D-4FD6-AA79-9B815D6F1B30}.Biodeep|x86.ActiveCfg = Biodeep|x86
		{14E0B048-3A0D-4FD6-AA79-9B815D6F1B30}.Biodeep|x86.Build.0 = Biodeep|x86
		{14E0B048-3A0D-4FD6-AA79-9B815D6F1B30}.Debug|Any CPU.ActiveCfg = Debug|Any CPU
		{14E0B048-3A0D-4FD6-AA79-9B815D6F1B30}.Debug|Any CPU.Build.0 = Debug|Any CPU
		{14E0B048-3A0D-4FD6-AA79-9B815D6F1B30}.Debug|x64.ActiveCfg = Debug|x64
		{14E0B048-3A0D-4FD6-AA79-9B815D6F1B30}.Debug|x64.Build.0 = Debug|x64
		{14E0B048-3A0D-4FD6-AA79-9B815D6F1B30}.Debug|x86.ActiveCfg = Debug|x86
		{14E0B048-3A0D-4FD6-AA79-9B815D6F1B30}.Debug|x86.Build.0 = Debug|x86
		{14E0B048-3A0D-4FD6-AA79-9B815D6F1B30}.DEMO|Any CPU.ActiveCfg = Debug|Any CPU
		{14E0B048-3A0D-4FD6-AA79-9B815D6F1B30}.DEMO|Any CPU.Build.0 = Debug|Any CPU
		{14E0B048-3A0D-4FD6-AA79-9B815D6F1B30}.DEMO|x64.ActiveCfg = Debug|x64
		{14E0B048-3A0D-4FD6-AA79-9B815D6F1B30}.DEMO|x64.Build.0 = Debug|x64
		{14E0B048-3A0D-4FD6-AA79-9B815D6F1B30}.DEMO|x86.ActiveCfg = Debug|x86
		{14E0B048-3A0D-4FD6-AA79-9B815D6F1B30}.DEMO|x86.Build.0 = Debug|x86
		{14E0B048-3A0D-4FD6-AA79-9B815D6F1B30}.docs|Any CPU.ActiveCfg = docs|Any CPU
		{14E0B048-3A0D-4FD6-AA79-9B815D6F1B30}.docs|Any CPU.Build.0 = docs|Any CPU
		{14E0B048-3A0D-4FD6-AA79-9B815D6F1B30}.docs|x64.ActiveCfg = docs|x64
		{14E0B048-3A0D-4FD6-AA79-9B815D6F1B30}.docs|x64.Build.0 = docs|x64
		{14E0B048-3A0D-4FD6-AA79-9B815D6F1B30}.docs|x86.ActiveCfg = docs|x86
		{14E0B048-3A0D-4FD6-AA79-9B815D6F1B30}.docs|x86.Build.0 = docs|x86
		{14E0B048-3A0D-4FD6-AA79-9B815D6F1B30}.GCModeller(Release_X64)|Any CPU.ActiveCfg = GCModeller(Release_X64)|Any CPU
		{14E0B048-3A0D-4FD6-AA79-9B815D6F1B30}.GCModeller(Release_X64)|Any CPU.Build.0 = GCModeller(Release_X64)|Any CPU
		{14E0B048-3A0D-4FD6-AA79-9B815D6F1B30}.GCModeller(Release_X64)|x64.ActiveCfg = GCModeller(Release_X64)|x64
		{14E0B048-3A0D-4FD6-AA79-9B815D6F1B30}.GCModeller(Release_X64)|x64.Build.0 = GCModeller(Release_X64)|x64
		{14E0B048-3A0D-4FD6-AA79-9B815D6F1B30}.GCModeller(Release_X64)|x86.ActiveCfg = GCModeller(Release_X64)|x86
		{14E0B048-3A0D-4FD6-AA79-9B815D6F1B30}.GCModeller(Release_X64)|x86.Build.0 = GCModeller(Release_X64)|x86
		{14E0B048-3A0D-4FD6-AA79-9B815D6F1B30}.installer_x64|Any CPU.ActiveCfg = installer_x64|Any CPU
		{14E0B048-3A0D-4FD6-AA79-9B815D6F1B30}.installer_x64|Any CPU.Build.0 = installer_x64|Any CPU
		{14E0B048-3A0D-4FD6-AA79-9B815D6F1B30}.installer_x64|x64.ActiveCfg = installer_x64|x64
		{14E0B048-3A0D-4FD6-AA79-9B815D6F1B30}.installer_x64|x64.Build.0 = installer_x64|x64
		{14E0B048-3A0D-4FD6-AA79-9B815D6F1B30}.installer_x64|x86.ActiveCfg = installer_x64|x86
		{14E0B048-3A0D-4FD6-AA79-9B815D6F1B30}.installer_x64|x86.Build.0 = installer_x64|x86
		{14E0B048-3A0D-4FD6-AA79-9B815D6F1B30}.mysqli_X64_release|Any CPU.ActiveCfg = installer_x64|Any CPU
		{14E0B048-3A0D-4FD6-AA79-9B815D6F1B30}.mysqli_X64_release|Any CPU.Build.0 = installer_x64|Any CPU
		{14E0B048-3A0D-4FD6-AA79-9B815D6F1B30}.mysqli_X64_release|x64.ActiveCfg = installer_x64|x64
		{14E0B048-3A0D-4FD6-AA79-9B815D6F1B30}.mysqli_X64_release|x64.Build.0 = installer_x64|x64
		{14E0B048-3A0D-4FD6-AA79-9B815D6F1B30}.mysqli_X64_release|x86.ActiveCfg = installer_x64|x86
		{14E0B048-3A0D-4FD6-AA79-9B815D6F1B30}.mysqli_X64_release|x86.Build.0 = installer_x64|x86
		{14E0B048-3A0D-4FD6-AA79-9B815D6F1B30}.Publish|Any CPU.ActiveCfg = Publish|Any CPU
		{14E0B048-3A0D-4FD6-AA79-9B815D6F1B30}.Publish|Any CPU.Build.0 = Publish|Any CPU
		{14E0B048-3A0D-4FD6-AA79-9B815D6F1B30}.Publish|x64.ActiveCfg = Publish|x64
		{14E0B048-3A0D-4FD6-AA79-9B815D6F1B30}.Publish|x64.Build.0 = Publish|x64
		{14E0B048-3A0D-4FD6-AA79-9B815D6F1B30}.Publish|x86.ActiveCfg = Publish|x86
		{14E0B048-3A0D-4FD6-AA79-9B815D6F1B30}.Publish|x86.Build.0 = Publish|x86
		{14E0B048-3A0D-4FD6-AA79-9B815D6F1B30}.Release|Any CPU.ActiveCfg = Release|Any CPU
		{14E0B048-3A0D-4FD6-AA79-9B815D6F1B30}.Release|Any CPU.Build.0 = Release|Any CPU
		{14E0B048-3A0D-4FD6-AA79-9B815D6F1B30}.Release|x64.ActiveCfg = Release|x64
		{14E0B048-3A0D-4FD6-AA79-9B815D6F1B30}.Release|x64.Build.0 = Release|x64
		{14E0B048-3A0D-4FD6-AA79-9B815D6F1B30}.Release|x86.ActiveCfg = Release|x86
		{14E0B048-3A0D-4FD6-AA79-9B815D6F1B30}.Release|x86.Build.0 = Release|x86
		{14E0B048-3A0D-4FD6-AA79-9B815D6F1B30}.Release2|Any CPU.ActiveCfg = Release2|Any CPU
		{14E0B048-3A0D-4FD6-AA79-9B815D6F1B30}.Release2|Any CPU.Build.0 = Release2|Any CPU
		{14E0B048-3A0D-4FD6-AA79-9B815D6F1B30}.Release2|x64.ActiveCfg = Release2|x64
		{14E0B048-3A0D-4FD6-AA79-9B815D6F1B30}.Release2|x64.Build.0 = Release2|x64
		{14E0B048-3A0D-4FD6-AA79-9B815D6F1B30}.Release2|x86.ActiveCfg = Release2|x86
		{14E0B048-3A0D-4FD6-AA79-9B815D6F1B30}.Release2|x86.Build.0 = Release2|x86
		{14E0B048-3A0D-4FD6-AA79-9B815D6F1B30}.sciBASIC.NET-test-release|Any CPU.ActiveCfg = installer_x64|Any CPU
		{14E0B048-3A0D-4FD6-AA79-9B815D6F1B30}.sciBASIC.NET-test-release|Any CPU.Build.0 = installer_x64|Any CPU
		{14E0B048-3A0D-4FD6-AA79-9B815D6F1B30}.sciBASIC.NET-test-release|x64.ActiveCfg = installer_x64|x64
		{14E0B048-3A0D-4FD6-AA79-9B815D6F1B30}.sciBASIC.NET-test-release|x64.Build.0 = installer_x64|x64
		{14E0B048-3A0D-4FD6-AA79-9B815D6F1B30}.sciBASIC.NET-test-release|x86.ActiveCfg = installer_x64|x86
		{14E0B048-3A0D-4FD6-AA79-9B815D6F1B30}.sciBASIC.NET-test-release|x86.Build.0 = installer_x64|x86
		{656710E7-4A50-4832-8A94-B0C78E9F9855}.Biodeep|Any CPU.ActiveCfg = Release|Any CPU
		{656710E7-4A50-4832-8A94-B0C78E9F9855}.Biodeep|Any CPU.Build.0 = Release|Any CPU
		{656710E7-4A50-4832-8A94-B0C78E9F9855}.Biodeep|x64.ActiveCfg = Release|Any CPU
		{656710E7-4A50-4832-8A94-B0C78E9F9855}.Biodeep|x64.Build.0 = Release|Any CPU
		{656710E7-4A50-4832-8A94-B0C78E9F9855}.Biodeep|x86.ActiveCfg = Release|Any CPU
		{656710E7-4A50-4832-8A94-B0C78E9F9855}.Biodeep|x86.Build.0 = Release|Any CPU
		{656710E7-4A50-4832-8A94-B0C78E9F9855}.Debug|Any CPU.ActiveCfg = Debug|Any CPU
		{656710E7-4A50-4832-8A94-B0C78E9F9855}.Debug|Any CPU.Build.0 = Debug|Any CPU
		{656710E7-4A50-4832-8A94-B0C78E9F9855}.Debug|x64.ActiveCfg = Debug|x64
		{656710E7-4A50-4832-8A94-B0C78E9F9855}.Debug|x64.Build.0 = Debug|x64
		{656710E7-4A50-4832-8A94-B0C78E9F9855}.Debug|x86.ActiveCfg = Debug|Any CPU
		{656710E7-4A50-4832-8A94-B0C78E9F9855}.Debug|x86.Build.0 = Debug|Any CPU
		{656710E7-4A50-4832-8A94-B0C78E9F9855}.DEMO|Any CPU.ActiveCfg = Debug|Any CPU
		{656710E7-4A50-4832-8A94-B0C78E9F9855}.DEMO|Any CPU.Build.0 = Debug|Any CPU
		{656710E7-4A50-4832-8A94-B0C78E9F9855}.DEMO|x64.ActiveCfg = Debug|Any CPU
		{656710E7-4A50-4832-8A94-B0C78E9F9855}.DEMO|x64.Build.0 = Debug|Any CPU
		{656710E7-4A50-4832-8A94-B0C78E9F9855}.DEMO|x86.ActiveCfg = Debug|Any CPU
		{656710E7-4A50-4832-8A94-B0C78E9F9855}.DEMO|x86.Build.0 = Debug|Any CPU
		{656710E7-4A50-4832-8A94-B0C78E9F9855}.docs|Any CPU.ActiveCfg = Debug|Any CPU
		{656710E7-4A50-4832-8A94-B0C78E9F9855}.docs|Any CPU.Build.0 = Debug|Any CPU
		{656710E7-4A50-4832-8A94-B0C78E9F9855}.docs|x64.ActiveCfg = Debug|Any CPU
		{656710E7-4A50-4832-8A94-B0C78E9F9855}.docs|x64.Build.0 = Debug|Any CPU
		{656710E7-4A50-4832-8A94-B0C78E9F9855}.docs|x86.ActiveCfg = Debug|Any CPU
		{656710E7-4A50-4832-8A94-B0C78E9F9855}.docs|x86.Build.0 = Debug|Any CPU
		{656710E7-4A50-4832-8A94-B0C78E9F9855}.GCModeller(Release_X64)|Any CPU.ActiveCfg = Release|Any CPU
		{656710E7-4A50-4832-8A94-B0C78E9F9855}.GCModeller(Release_X64)|Any CPU.Build.0 = Release|Any CPU
		{656710E7-4A50-4832-8A94-B0C78E9F9855}.GCModeller(Release_X64)|x64.ActiveCfg = Release|Any CPU
		{656710E7-4A50-4832-8A94-B0C78E9F9855}.GCModeller(Release_X64)|x64.Build.0 = Release|Any CPU
		{656710E7-4A50-4832-8A94-B0C78E9F9855}.GCModeller(Release_X64)|x86.ActiveCfg = Release|Any CPU
		{656710E7-4A50-4832-8A94-B0C78E9F9855}.GCModeller(Release_X64)|x86.Build.0 = Release|Any CPU
		{656710E7-4A50-4832-8A94-B0C78E9F9855}.installer_x64|Any CPU.ActiveCfg = Release|Any CPU
		{656710E7-4A50-4832-8A94-B0C78E9F9855}.installer_x64|Any CPU.Build.0 = Release|Any CPU
		{656710E7-4A50-4832-8A94-B0C78E9F9855}.installer_x64|x64.ActiveCfg = Release|Any CPU
		{656710E7-4A50-4832-8A94-B0C78E9F9855}.installer_x64|x64.Build.0 = Release|Any CPU
		{656710E7-4A50-4832-8A94-B0C78E9F9855}.installer_x64|x86.ActiveCfg = Release|Any CPU
		{656710E7-4A50-4832-8A94-B0C78E9F9855}.installer_x64|x86.Build.0 = Release|Any CPU
		{656710E7-4A50-4832-8A94-B0C78E9F9855}.mysqli_X64_release|Any CPU.ActiveCfg = Release|Any CPU
		{656710E7-4A50-4832-8A94-B0C78E9F9855}.mysqli_X64_release|Any CPU.Build.0 = Release|Any CPU
		{656710E7-4A50-4832-8A94-B0C78E9F9855}.mysqli_X64_release|x64.ActiveCfg = Release|Any CPU
		{656710E7-4A50-4832-8A94-B0C78E9F9855}.mysqli_X64_release|x64.Build.0 = Release|Any CPU
		{656710E7-4A50-4832-8A94-B0C78E9F9855}.mysqli_X64_release|x86.ActiveCfg = Release|Any CPU
		{656710E7-4A50-4832-8A94-B0C78E9F9855}.mysqli_X64_release|x86.Build.0 = Release|Any CPU
		{656710E7-4A50-4832-8A94-B0C78E9F9855}.Publish|Any CPU.ActiveCfg = Release|Any CPU
		{656710E7-4A50-4832-8A94-B0C78E9F9855}.Publish|Any CPU.Build.0 = Release|Any CPU
		{656710E7-4A50-4832-8A94-B0C78E9F9855}.Publish|x64.ActiveCfg = Release|Any CPU
		{656710E7-4A50-4832-8A94-B0C78E9F9855}.Publish|x64.Build.0 = Release|Any CPU
		{656710E7-4A50-4832-8A94-B0C78E9F9855}.Publish|x86.ActiveCfg = Release|Any CPU
		{656710E7-4A50-4832-8A94-B0C78E9F9855}.Publish|x86.Build.0 = Release|Any CPU
		{656710E7-4A50-4832-8A94-B0C78E9F9855}.Release|Any CPU.ActiveCfg = Release|Any CPU
		{656710E7-4A50-4832-8A94-B0C78E9F9855}.Release|Any CPU.Build.0 = Release|Any CPU
		{656710E7-4A50-4832-8A94-B0C78E9F9855}.Release|x64.ActiveCfg = Release|Any CPU
		{656710E7-4A50-4832-8A94-B0C78E9F9855}.Release|x64.Build.0 = Release|Any CPU
		{656710E7-4A50-4832-8A94-B0C78E9F9855}.Release|x86.ActiveCfg = Release|Any CPU
		{656710E7-4A50-4832-8A94-B0C78E9F9855}.Release|x86.Build.0 = Release|Any CPU
		{656710E7-4A50-4832-8A94-B0C78E9F9855}.Release2|Any CPU.ActiveCfg = Release|Any CPU
		{656710E7-4A50-4832-8A94-B0C78E9F9855}.Release2|Any CPU.Build.0 = Release|Any CPU
		{656710E7-4A50-4832-8A94-B0C78E9F9855}.Release2|x64.ActiveCfg = Release|Any CPU
		{656710E7-4A50-4832-8A94-B0C78E9F9855}.Release2|x64.Build.0 = Release|Any CPU
		{656710E7-4A50-4832-8A94-B0C78E9F9855}.Release2|x86.ActiveCfg = Release|Any CPU
		{656710E7-4A50-4832-8A94-B0C78E9F9855}.Release2|x86.Build.0 = Release|Any CPU
		{656710E7-4A50-4832-8A94-B0C78E9F9855}.sciBASIC.NET-test-release|Any CPU.ActiveCfg = Release|Any CPU
		{656710E7-4A50-4832-8A94-B0C78E9F9855}.sciBASIC.NET-test-release|Any CPU.Build.0 = Release|Any CPU
		{656710E7-4A50-4832-8A94-B0C78E9F9855}.sciBASIC.NET-test-release|x64.ActiveCfg = Release|Any CPU
		{656710E7-4A50-4832-8A94-B0C78E9F9855}.sciBASIC.NET-test-release|x64.Build.0 = Release|Any CPU
		{656710E7-4A50-4832-8A94-B0C78E9F9855}.sciBASIC.NET-test-release|x86.ActiveCfg = Release|Any CPU
		{656710E7-4A50-4832-8A94-B0C78E9F9855}.sciBASIC.NET-test-release|x86.Build.0 = Release|Any CPU
	EndGlobalSection
	GlobalSection(SolutionProperties) = preSolution
		HideSolutionNode = FALSE
	EndGlobalSection
	GlobalSection(NestedProjects) = preSolution
		{FECCE1FD-E1D4-49E3-A668-60BB5E7AED99} = {070E6669-5418-459E-94AD-AD1B61900B60}
		{7283C179-F852-4EAD-8D8F-B82EF2CBD7DB} = {070E6669-5418-459E-94AD-AD1B61900B60}
		{203BC68F-A0CD-443A-AB62-4AF4110F752F} = {AD324D7D-4095-41AA-9B77-9CA2DBD52F8B}
		{076315EE-B598-40DC-9280-C71CDF9B6A48} = {AD324D7D-4095-41AA-9B77-9CA2DBD52F8B}
		{E3367B88-5D0C-495A-8273-331656D4B5AA} = {D15174FF-365D-4CC3-A6D3-8ED0361CA215}
		{1BAFA2BC-68B2-4EE0-9235-C60FAE3377A0} = {DE15B5F9-9720-4090-9FFA-71D9BBD6A692}
		{C60416D4-B3E2-45E5-BFE0-90D5021647F9} = {DE15B5F9-9720-4090-9FFA-71D9BBD6A692}
		{D15174FF-365D-4CC3-A6D3-8ED0361CA215} = {070E6669-5418-459E-94AD-AD1B61900B60}
		{AD324D7D-4095-41AA-9B77-9CA2DBD52F8B} = {070E6669-5418-459E-94AD-AD1B61900B60}
		{14E0B048-3A0D-4FD6-AA79-9B815D6F1B30} = {D15174FF-365D-4CC3-A6D3-8ED0361CA215}
	EndGlobalSection
	GlobalSection(ExtensibilityGlobals) = postSolution
		SolutionGuid = {D29307FB-66F6-43CF-ABB9-F1EA723DF790}
	EndGlobalSection
EndGlobal
